// !$*UTF8*$!
{
	archiveVersion = 1;
	classes = {
	};
	objectVersion = 56;
	objects = {

/* Begin PBXBuildFile section */
		F3C765E02B071AB3002DDAFC /* AppDelegate.swift in Sources */ = {isa = PBXBuildFile; fileRef = F3C765DF2B071AB3002DDAFC /* AppDelegate.swift */; };
		F3C765E22B071AB3002DDAFC /* SceneDelegate.swift in Sources */ = {isa = PBXBuildFile; fileRef = F3C765E12B071AB3002DDAFC /* SceneDelegate.swift */; };
		F3C765E42B071AB3002DDAFC /* ViewController.swift in Sources */ = {isa = PBXBuildFile; fileRef = F3C765E32B071AB3002DDAFC /* ViewController.swift */; };
		F3C765E72B071AB3002DDAFC /* Main.storyboard in Resources */ = {isa = PBXBuildFile; fileRef = F3C765E52B071AB3002DDAFC /* Main.storyboard */; };
		F3C765EA2B071AB3002DDAFC /* TestsExample.xcdatamodeld in Sources */ = {isa = PBXBuildFile; fileRef = F3C765E82B071AB3002DDAFC /* TestsExample.xcdatamodeld */; };
		F3C765EC2B071AB4002DDAFC /* Assets.xcassets in Resources */ = {isa = PBXBuildFile; fileRef = F3C765EB2B071AB4002DDAFC /* Assets.xcassets */; };
		F3C765EF2B071AB4002DDAFC /* LaunchScreen.storyboard in Resources */ = {isa = PBXBuildFile; fileRef = F3C765ED2B071AB4002DDAFC /* LaunchScreen.storyboard */; };
		F3C765FA2B071AB5002DDAFC /* TestsExampleTests.swift in Sources */ = {isa = PBXBuildFile; fileRef = F3C765F92B071AB5002DDAFC /* TestsExampleTests.swift */; };
		F3C766042B071AB5002DDAFC /* TestsExampleUITests.swift in Sources */ = {isa = PBXBuildFile; fileRef = F3C766032B071AB5002DDAFC /* TestsExampleUITests.swift */; };
		F3C766062B071AB5002DDAFC /* TestsExampleUITestsLaunchTests.swift in Sources */ = {isa = PBXBuildFile; fileRef = F3C766052B071AB5002DDAFC /* TestsExampleUITestsLaunchTests.swift */; };
/* End PBXBuildFile section */

/* Begin PBXContainerItemProxy section */
		F3C765F62B071AB5002DDAFC /* PBXContainerItemProxy */ = {
			isa = PBXContainerItemProxy;
			containerPortal = F3C765D42B071AB3002DDAFC /* Project object */;
			proxyType = 1;
			remoteGlobalIDString = F3C765DB2B071AB3002DDAFC;
			remoteInfo = TestsExample;
		};
		F3C766002B071AB5002DDAFC /* PBXContainerItemProxy */ = {
			isa = PBXContainerItemProxy;
			containerPortal = F3C765D42B071AB3002DDAFC /* Project object */;
			proxyType = 1;
			remoteGlobalIDString = F3C765DB2B071AB3002DDAFC;
			remoteInfo = TestsExample;
		};
/* End PBXContainerItemProxy section */

/* Begin PBXFileReference section */
		F3C765DC2B071AB3002DDAFC /* TestsExample.app */ = {isa = PBXFileReference; explicitFileType = wrapper.application; includeInIndex = 0; path = TestsExample.app; sourceTree = BUILT_PRODUCTS_DIR; };
		F3C765DF2B071AB3002DDAFC /* AppDelegate.swift */ = {isa = PBXFileReference; lastKnownFileType = sourcecode.swift; path = AppDelegate.swift; sourceTree = "<group>"; };
		F3C765E12B071AB3002DDAFC /* SceneDelegate.swift */ = {isa = PBXFileReference; lastKnownFileType = sourcecode.swift; path = SceneDelegate.swift; sourceTree = "<group>"; };
		F3C765E32B071AB3002DDAFC /* ViewController.swift */ = {isa = PBXFileReference; lastKnownFileType = sourcecode.swift; path = ViewController.swift; sourceTree = "<group>"; };
		F3C765E62B071AB3002DDAFC /* Base */ = {isa = PBXFileReference; lastKnownFileType = file.storyboard; name = Base; path = Base.lproj/Main.storyboard; sourceTree = "<group>"; };
		F3C765E92B071AB3002DDAFC /* TestsExample.xcdatamodel */ = {isa = PBXFileReference; lastKnownFileType = wrapper.xcdatamodel; path = TestsExample.xcdatamodel; sourceTree = "<group>"; };
		F3C765EB2B071AB4002DDAFC /* Assets.xcassets */ = {isa = PBXFileReference; lastKnownFileType = folder.assetcatalog; path = Assets.xcassets; sourceTree = "<group>"; };
		F3C765EE2B071AB4002DDAFC /* Base */ = {isa = PBXFileReference; lastKnownFileType = file.storyboard; name = Base; path = Base.lproj/LaunchScreen.storyboard; sourceTree = "<group>"; };
		F3C765F02B071AB4002DDAFC /* Info.plist */ = {isa = PBXFileReference; lastKnownFileType = text.plist.xml; path = Info.plist; sourceTree = "<group>"; };
		F3C765F52B071AB5002DDAFC /* TestsExampleTests.xctest */ = {isa = PBXFileReference; explicitFileType = wrapper.cfbundle; includeInIndex = 0; path = TestsExampleTests.xctest; sourceTree = BUILT_PRODUCTS_DIR; };
		F3C765F92B071AB5002DDAFC /* TestsExampleTests.swift */ = {isa = PBXFileReference; lastKnownFileType = sourcecode.swift; path = TestsExampleTests.swift; sourceTree = "<group>"; };
		F3C765FF2B071AB5002DDAFC /* TestsExampleUITests.xctest */ = {isa = PBXFileReference; explicitFileType = wrapper.cfbundle; includeInIndex = 0; path = TestsExampleUITests.xctest; sourceTree = BUILT_PRODUCTS_DIR; };
		F3C766032B071AB5002DDAFC /* TestsExampleUITests.swift */ = {isa = PBXFileReference; lastKnownFileType = sourcecode.swift; path = TestsExampleUITests.swift; sourceTree = "<group>"; };
		F3C766052B071AB5002DDAFC /* TestsExampleUITestsLaunchTests.swift */ = {isa = PBXFileReference; lastKnownFileType = sourcecode.swift; path = TestsExampleUITestsLaunchTests.swift; sourceTree = "<group>"; };
/* End PBXFileReference section */

/* Begin PBXFrameworksBuildPhase section */
		F3C765D92B071AB3002DDAFC /* Frameworks */ = {
			isa = PBXFrameworksBuildPhase;
			buildActionMask = 2147483647;
			files = (
			);
			runOnlyForDeploymentPostprocessing = 0;
		};
		F3C765F22B071AB5002DDAFC /* Frameworks */ = {
			isa = PBXFrameworksBuildPhase;
			buildActionMask = 2147483647;
			files = (
			);
			runOnlyForDeploymentPostprocessing = 0;
		};
		F3C765FC2B071AB5002DDAFC /* Frameworks */ = {
			isa = PBXFrameworksBuildPhase;
			buildActionMask = 2147483647;
			files = (
			);
			runOnlyForDeploymentPostprocessing = 0;
		};
/* End PBXFrameworksBuildPhase section */

/* Begin PBXGroup section */
		F3C765D32B071AB3002DDAFC = {
			isa = PBXGroup;
			children = (
				F3C765DE2B071AB3002DDAFC /* TestsExample */,
				F3C765F82B071AB5002DDAFC /* TestsExampleTests */,
				F3C766022B071AB5002DDAFC /* TestsExampleUITests */,
				F3C765DD2B071AB3002DDAFC /* Products */,
			);
			sourceTree = "<group>";
		};
		F3C765DD2B071AB3002DDAFC /* Products */ = {
			isa = PBXGroup;
			children = (
				F3C765DC2B071AB3002DDAFC /* TestsExample.app */,
				F3C765F52B071AB5002DDAFC /* TestsExampleTests.xctest */,
				F3C765FF2B071AB5002DDAFC /* TestsExampleUITests.xctest */,
			);
			name = Products;
			sourceTree = "<group>";
		};
		F3C765DE2B071AB3002DDAFC /* TestsExample */ = {
			isa = PBXGroup;
			children = (
				F3C765DF2B071AB3002DDAFC /* AppDelegate.swift */,
				F3C765E12B071AB3002DDAFC /* SceneDelegate.swift */,
				F3C765E32B071AB3002DDAFC /* ViewController.swift */,
				F3C765E52B071AB3002DDAFC /* Main.storyboard */,
				F3C765EB2B071AB4002DDAFC /* Assets.xcassets */,
				F3C765ED2B071AB4002DDAFC /* LaunchScreen.storyboard */,
				F3C765F02B071AB4002DDAFC /* Info.plist */,
				F3C765E82B071AB3002DDAFC /* TestsExample.xcdatamodeld */,
			);
			path = TestsExample;
			sourceTree = "<group>";
		};
		F3C765F82B071AB5002DDAFC /* TestsExampleTests */ = {
			isa = PBXGroup;
			children = (
				F3C765F92B071AB5002DDAFC /* TestsExampleTests.swift */,
			);
			path = TestsExampleTests;
			sourceTree = "<group>";
		};
		F3C766022B071AB5002DDAFC /* TestsExampleUITests */ = {
			isa = PBXGroup;
			children = (
				F3C766032B071AB5002DDAFC /* TestsExampleUITests.swift */,
				F3C766052B071AB5002DDAFC /* TestsExampleUITestsLaunchTests.swift */,
			);
			path = TestsExampleUITests;
			sourceTree = "<group>";
		};
/* End PBXGroup section */

/* Begin PBXNativeTarget section */
		F3C765DB2B071AB3002DDAFC /* TestsExample */ = {
			isa = PBXNativeTarget;
			buildConfigurationList = F3C766092B071AB5002DDAFC /* Build configuration list for PBXNativeTarget "TestsExample" */;
			buildPhases = (
				F3C765D82B071AB3002DDAFC /* Sources */,
				F3C765D92B071AB3002DDAFC /* Frameworks */,
				F3C765DA2B071AB3002DDAFC /* Resources */,
			);
			buildRules = (
			);
			dependencies = (
			);
			name = TestsExample;
			productName = TestsExample;
			productReference = F3C765DC2B071AB3002DDAFC /* TestsExample.app */;
			productType = "com.apple.product-type.application";
		};
		F3C765F42B071AB5002DDAFC /* TestsExampleTests */ = {
			isa = PBXNativeTarget;
			buildConfigurationList = F3C7660C2B071AB5002DDAFC /* Build configuration list for PBXNativeTarget "TestsExampleTests" */;
			buildPhases = (
				F3C765F12B071AB5002DDAFC /* Sources */,
				F3C765F22B071AB5002DDAFC /* Frameworks */,
				F3C765F32B071AB5002DDAFC /* Resources */,
			);
			buildRules = (
			);
			dependencies = (
				F3C765F72B071AB5002DDAFC /* PBXTargetDependency */,
			);
			name = TestsExampleTests;
			productName = TestsExampleTests;
			productReference = F3C765F52B071AB5002DDAFC /* TestsExampleTests.xctest */;
			productType = "com.apple.product-type.bundle.unit-test";
		};
		F3C765FE2B071AB5002DDAFC /* TestsExampleUITests */ = {
			isa = PBXNativeTarget;
			buildConfigurationList = F3C7660F2B071AB5002DDAFC /* Build configuration list for PBXNativeTarget "TestsExampleUITests" */;
			buildPhases = (
				F3C765FB2B071AB5002DDAFC /* Sources */,
				F3C765FC2B071AB5002DDAFC /* Frameworks */,
				F3C765FD2B071AB5002DDAFC /* Resources */,
			);
			buildRules = (
			);
			dependencies = (
				F3C766012B071AB5002DDAFC /* PBXTargetDependency */,
			);
			name = TestsExampleUITests;
			productName = TestsExampleUITests;
			productReference = F3C765FF2B071AB5002DDAFC /* TestsExampleUITests.xctest */;
			productType = "com.apple.product-type.bundle.ui-testing";
		};
/* End PBXNativeTarget section */

/* Begin PBXProject section */
		F3C765D42B071AB3002DDAFC /* Project object */ = {
			isa = PBXProject;
			attributes = {
				BuildIndependentTargetsInParallel = 1;
				LastSwiftUpdateCheck = 1430;
				LastUpgradeCheck = 1430;
				TargetAttributes = {
					F3C765DB2B071AB3002DDAFC = {
						CreatedOnToolsVersion = 14.3.1;
					};
					F3C765F42B071AB5002DDAFC = {
						CreatedOnToolsVersion = 14.3.1;
						TestTargetID = F3C765DB2B071AB3002DDAFC;
					};
					F3C765FE2B071AB5002DDAFC = {
						CreatedOnToolsVersion = 14.3.1;
						TestTargetID = F3C765DB2B071AB3002DDAFC;
					};
				};
			};
			buildConfigurationList = F3C765D72B071AB3002DDAFC /* Build configuration list for PBXProject "TestsExample" */;
			compatibilityVersion = "Xcode 14.0";
			developmentRegion = en;
			hasScannedForEncodings = 0;
			knownRegions = (
				en,
				Base,
			);
			mainGroup = F3C765D32B071AB3002DDAFC;
			productRefGroup = F3C765DD2B071AB3002DDAFC /* Products */;
			projectDirPath = "";
			projectRoot = "";
			targets = (
				F3C765DB2B071AB3002DDAFC /* TestsExample */,
				F3C765F42B071AB5002DDAFC /* TestsExampleTests */,
				F3C765FE2B071AB5002DDAFC /* TestsExampleUITests */,
			);
		};
/* End PBXProject section */

/* Begin PBXResourcesBuildPhase section */
		F3C765DA2B071AB3002DDAFC /* Resources */ = {
			isa = PBXResourcesBuildPhase;
			buildActionMask = 2147483647;
			files = (
				F3C765EF2B071AB4002DDAFC /* LaunchScreen.storyboard in Resources */,
				F3C765EC2B071AB4002DDAFC /* Assets.xcassets in Resources */,
				F3C765E72B071AB3002DDAFC /* Main.storyboard in Resources */,
			);
			runOnlyForDeploymentPostprocessing = 0;
		};
		F3C765F32B071AB5002DDAFC /* Resources */ = {
			isa = PBXResourcesBuildPhase;
			buildActionMask = 2147483647;
			files = (
			);
			runOnlyForDeploymentPostprocessing = 0;
		};
		F3C765FD2B071AB5002DDAFC /* Resources */ = {
			isa = PBXResourcesBuildPhase;
			buildActionMask = 2147483647;
			files = (
			);
			runOnlyForDeploymentPostprocessing = 0;
		};
/* End PBXResourcesBuildPhase section */

/* Begin PBXSourcesBuildPhase section */
		F3C765D82B071AB3002DDAFC /* Sources */ = {
			isa = PBXSourcesBuildPhase;
			buildActionMask = 2147483647;
			files = (
				F3C765EA2B071AB3002DDAFC /* TestsExample.xcdatamodeld in Sources */,
				F3C765E42B071AB3002DDAFC /* ViewController.swift in Sources */,
				F3C765E02B071AB3002DDAFC /* AppDelegate.swift in Sources */,
				F3C765E22B071AB3002DDAFC /* SceneDelegate.swift in Sources */,
			);
			runOnlyForDeploymentPostprocessing = 0;
		};
		F3C765F12B071AB5002DDAFC /* Sources */ = {
			isa = PBXSourcesBuildPhase;
			buildActionMask = 2147483647;
			files = (
				F3C765FA2B071AB5002DDAFC /* TestsExampleTests.swift in Sources */,
			);
			runOnlyForDeploymentPostprocessing = 0;
		};
		F3C765FB2B071AB5002DDAFC /* Sources */ = {
			isa = PBXSourcesBuildPhase;
			buildActionMask = 2147483647;
			files = (
				F3C766042B071AB5002DDAFC /* TestsExampleUITests.swift in Sources */,
				F3C766062B071AB5002DDAFC /* TestsExampleUITestsLaunchTests.swift in Sources */,
			);
			runOnlyForDeploymentPostprocessing = 0;
		};
/* End PBXSourcesBuildPhase section */

/* Begin PBXTargetDependency section */
		F3C765F72B071AB5002DDAFC /* PBXTargetDependency */ = {
			isa = PBXTargetDependency;
			target = F3C765DB2B071AB3002DDAFC /* TestsExample */;
			targetProxy = F3C765F62B071AB5002DDAFC /* PBXContainerItemProxy */;
		};
		F3C766012B071AB5002DDAFC /* PBXTargetDependency */ = {
			isa = PBXTargetDependency;
			target = F3C765DB2B071AB3002DDAFC /* TestsExample */;
			targetProxy = F3C766002B071AB5002DDAFC /* PBXContainerItemProxy */;
		};
/* End PBXTargetDependency section */

/* Begin PBXVariantGroup section */
		F3C765E52B071AB3002DDAFC /* Main.storyboard */ = {
			isa = PBXVariantGroup;
			children = (
				F3C765E62B071AB3002DDAFC /* Base */,
			);
			name = Main.storyboard;
			sourceTree = "<group>";
		};
		F3C765ED2B071AB4002DDAFC /* LaunchScreen.storyboard */ = {
			isa = PBXVariantGroup;
			children = (
				F3C765EE2B071AB4002DDAFC /* Base */,
			);
			name = LaunchScreen.storyboard;
			sourceTree = "<group>";
		};
/* End PBXVariantGroup section */

/* Begin XCBuildConfiguration section */
		F3C766072B071AB5002DDAFC /* Debug */ = {
			isa = XCBuildConfiguration;
			buildSettings = {
				ALWAYS_SEARCH_USER_PATHS = NO;
				CLANG_ANALYZER_NONNULL = YES;
				CLANG_ANALYZER_NUMBER_OBJECT_CONVERSION = YES_AGGRESSIVE;
				CLANG_CXX_LANGUAGE_STANDARD = "gnu++20";
				CLANG_ENABLE_MODULES = YES;
				CLANG_ENABLE_OBJC_ARC = YES;
				CLANG_ENABLE_OBJC_WEAK = YES;
				CLANG_WARN_BLOCK_CAPTURE_AUTORELEASING = YES;
				CLANG_WARN_BOOL_CONVERSION = YES;
				CLANG_WARN_COMMA = YES;
				CLANG_WARN_CONSTANT_CONVERSION = YES;
				CLANG_WARN_DEPRECATED_OBJC_IMPLEMENTATIONS = YES;
				CLANG_WARN_DIRECT_OBJC_ISA_USAGE = YES_ERROR;
				CLANG_WARN_DOCUMENTATION_COMMENTS = YES;
				CLANG_WARN_EMPTY_BODY = YES;
				CLANG_WARN_ENUM_CONVERSION = YES;
				CLANG_WARN_INFINITE_RECURSION = YES;
				CLANG_WARN_INT_CONVERSION = YES;
				CLANG_WARN_NON_LITERAL_NULL_CONVERSION = YES;
				CLANG_WARN_OBJC_IMPLICIT_RETAIN_SELF = YES;
				CLANG_WARN_OBJC_LITERAL_CONVERSION = YES;
				CLANG_WARN_OBJC_ROOT_CLASS = YES_ERROR;
				CLANG_WARN_QUOTED_INCLUDE_IN_FRAMEWORK_HEADER = YES;
				CLANG_WARN_RANGE_LOOP_ANALYSIS = YES;
				CLANG_WARN_STRICT_PROTOTYPES = YES;
				CLANG_WARN_SUSPICIOUS_MOVE = YES;
				CLANG_WARN_UNGUARDED_AVAILABILITY = YES_AGGRESSIVE;
				CLANG_WARN_UNREACHABLE_CODE = YES;
				CLANG_WARN__DUPLICATE_METHOD_MATCH = YES;
				COPY_PHASE_STRIP = NO;
				DEBUG_INFORMATION_FORMAT = dwarf;
				ENABLE_STRICT_OBJC_MSGSEND = YES;
				ENABLE_TESTABILITY = YES;
				GCC_C_LANGUAGE_STANDARD = gnu11;
				GCC_DYNAMIC_NO_PIC = NO;
				GCC_NO_COMMON_BLOCKS = YES;
				GCC_OPTIMIZATION_LEVEL = 0;
				GCC_PREPROCESSOR_DEFINITIONS = (
					"DEBUG=1",
					"$(inherited)",
				);
				GCC_WARN_64_TO_32_BIT_CONVERSION = YES;
				GCC_WARN_ABOUT_RETURN_TYPE = YES_ERROR;
				GCC_WARN_UNDECLARED_SELECTOR = YES;
				GCC_WARN_UNINITIALIZED_AUTOS = YES_AGGRESSIVE;
				GCC_WARN_UNUSED_FUNCTION = YES;
				GCC_WARN_UNUSED_VARIABLE = YES;
				IPHONEOS_DEPLOYMENT_TARGET = 16.4;
				MTL_ENABLE_DEBUG_INFO = INCLUDE_SOURCE;
				MTL_FAST_MATH = YES;
				ONLY_ACTIVE_ARCH = YES;
				SDKROOT = iphoneos;
				SWIFT_ACTIVE_COMPILATION_CONDITIONS = DEBUG;
				SWIFT_OPTIMIZATION_LEVEL = "-Onone";
			};
			name = Debug;
		};
		F3C766082B071AB5002DDAFC /* Release */ = {
			isa = XCBuildConfiguration;
			buildSettings = {
				ALWAYS_SEARCH_USER_PATHS = NO;
				CLANG_ANALYZER_NONNULL = YES;
				CLANG_ANALYZER_NUMBER_OBJECT_CONVERSION = YES_AGGRESSIVE;
				CLANG_CXX_LANGUAGE_STANDARD = "gnu++20";
				CLANG_ENABLE_MODULES = YES;
				CLANG_ENABLE_OBJC_ARC = YES;
				CLANG_ENABLE_OBJC_WEAK = YES;
				CLANG_WARN_BLOCK_CAPTURE_AUTORELEASING = YES;
				CLANG_WARN_BOOL_CONVERSION = YES;
				CLANG_WARN_COMMA = YES;
				CLANG_WARN_CONSTANT_CONVERSION = YES;
				CLANG_WARN_DEPRECATED_OBJC_IMPLEMENTATIONS = YES;
				CLANG_WARN_DIRECT_OBJC_ISA_USAGE = YES_ERROR;
				CLANG_WARN_DOCUMENTATION_COMMENTS = YES;
				CLANG_WARN_EMPTY_BODY = YES;
				CLANG_WARN_ENUM_CONVERSION = YES;
				CLANG_WARN_INFINITE_RECURSION = YES;
				CLANG_WARN_INT_CONVERSION = YES;
				CLANG_WARN_NON_LITERAL_NULL_CONVERSION = YES;
				CLANG_WARN_OBJC_IMPLICIT_RETAIN_SELF = YES;
				CLANG_WARN_OBJC_LITERAL_CONVERSION = YES;
				CLANG_WARN_OBJC_ROOT_CLASS = YES_ERROR;
				CLANG_WARN_QUOTED_INCLUDE_IN_FRAMEWORK_HEADER = YES;
				CLANG_WARN_RANGE_LOOP_ANALYSIS = YES;
				CLANG_WARN_STRICT_PROTOTYPES = YES;
				CLANG_WARN_SUSPICIOUS_MOVE = YES;
				CLANG_WARN_UNGUARDED_AVAILABILITY = YES_AGGRESSIVE;
				CLANG_WARN_UNREACHABLE_CODE = YES;
				CLANG_WARN__DUPLICATE_METHOD_MATCH = YES;
				COPY_PHASE_STRIP = NO;
				DEBUG_INFORMATION_FORMAT = "dwarf-with-dsym";
				ENABLE_NS_ASSERTIONS = NO;
				ENABLE_STRICT_OBJC_MSGSEND = YES;
				GCC_C_LANGUAGE_STANDARD = gnu11;
				GCC_NO_COMMON_BLOCKS = YES;
				GCC_WARN_64_TO_32_BIT_CONVERSION = YES;
				GCC_WARN_ABOUT_RETURN_TYPE = YES_ERROR;
				GCC_WARN_UNDECLARED_SELECTOR = YES;
				GCC_WARN_UNINITIALIZED_AUTOS = YES_AGGRESSIVE;
				GCC_WARN_UNUSED_FUNCTION = YES;
				GCC_WARN_UNUSED_VARIABLE = YES;
				IPHONEOS_DEPLOYMENT_TARGET = 16.4;
				MTL_ENABLE_DEBUG_INFO = NO;
				MTL_FAST_MATH = YES;
				SDKROOT = iphoneos;
				SWIFT_COMPILATION_MODE = wholemodule;
				SWIFT_OPTIMIZATION_LEVEL = "-O";
				VALIDATE_PRODUCT = YES;
			};
			name = Release;
		};
		F3C7660A2B071AB5002DDAFC /* Debug */ = {
			isa = XCBuildConfiguration;
			buildSettings = {
				ASSETCATALOG_COMPILER_APPICON_NAME = AppIcon;
				ASSETCATALOG_COMPILER_GLOBAL_ACCENT_COLOR_NAME = AccentColor;
				CODE_SIGN_STYLE = Automatic;
				CURRENT_PROJECT_VERSION = 1;
				DEVELOPMENT_TEAM = TQ4Y5Q73BC;
				GENERATE_INFOPLIST_FILE = YES;
				INFOPLIST_FILE = TestsExample/Info.plist;
				INFOPLIST_KEY_UIApplicationSupportsIndirectInputEvents = YES;
				INFOPLIST_KEY_UILaunchStoryboardName = LaunchScreen;
				INFOPLIST_KEY_UIMainStoryboardFile = Main;
				INFOPLIST_KEY_UISupportedInterfaceOrientations_iPad = "UIInterfaceOrientationPortrait UIInterfaceOrientationPortraitUpsideDown UIInterfaceOrientationLandscapeLeft UIInterfaceOrientationLandscapeRight";
				INFOPLIST_KEY_UISupportedInterfaceOrientations_iPhone = "UIInterfaceOrientationPortrait UIInterfaceOrientationLandscapeLeft UIInterfaceOrientationLandscapeRight";
				LD_RUNPATH_SEARCH_PATHS = (
					"$(inherited)",
					"@executable_path/Frameworks",
				);
				MARKETING_VERSION = 1.0;
				PRODUCT_BUNDLE_IDENTIFIER = hrool20.pe.TestsExample;
				PRODUCT_NAME = "$(TARGET_NAME)";
				SWIFT_EMIT_LOC_STRINGS = YES;
				SWIFT_VERSION = 5.0;
				TARGETED_DEVICE_FAMILY = "1,2";
			};
			name = Debug;
		};
		F3C7660B2B071AB5002DDAFC /* Release */ = {
			isa = XCBuildConfiguration;
			buildSettings = {
				ASSETCATALOG_COMPILER_APPICON_NAME = AppIcon;
				ASSETCATALOG_COMPILER_GLOBAL_ACCENT_COLOR_NAME = AccentColor;
				CODE_SIGN_STYLE = Automatic;
				CURRENT_PROJECT_VERSION = 1;
				DEVELOPMENT_TEAM = TQ4Y5Q73BC;
				GENERATE_INFOPLIST_FILE = YES;
				INFOPLIST_FILE = TestsExample/Info.plist;
				INFOPLIST_KEY_UIApplicationSupportsIndirectInputEvents = YES;
				INFOPLIST_KEY_UILaunchStoryboardName = LaunchScreen;
				INFOPLIST_KEY_UIMainStoryboardFile = Main;
				INFOPLIST_KEY_UISupportedInterfaceOrientations_iPad = "UIInterfaceOrientationPortrait UIInterfaceOrientationPortraitUpsideDown UIInterfaceOrientationLandscapeLeft UIInterfaceOrientationLandscapeRight";
				INFOPLIST_KEY_UISupportedInterfaceOrientations_iPhone = "UIInterfaceOrientationPortrait UIInterfaceOrientationLandscapeLeft UIInterfaceOrientationLandscapeRight";
				LD_RUNPATH_SEARCH_PATHS = (
					"$(inherited)",
					"@executable_path/Frameworks",
				);
				MARKETING_VERSION = 1.0;
				PRODUCT_BUNDLE_IDENTIFIER = hrool20.pe.TestsExample;
				PRODUCT_NAME = "$(TARGET_NAME)";
				SWIFT_EMIT_LOC_STRINGS = YES;
				SWIFT_VERSION = 5.0;
				TARGETED_DEVICE_FAMILY = "1,2";
			};
			name = Release;
		};
		F3C7660D2B071AB5002DDAFC /* Debug */ = {
			isa = XCBuildConfiguration;
			buildSettings = {
				ALWAYS_EMBED_SWIFT_STANDARD_LIBRARIES = YES;
				BUNDLE_LOADER = "$(TEST_HOST)";
				CODE_SIGN_STYLE = Automatic;
				CURRENT_PROJECT_VERSION = 1;
				DEVELOPMENT_TEAM = TQ4Y5Q73BC;
				GENERATE_INFOPLIST_FILE = YES;
				IPHONEOS_DEPLOYMENT_TARGET = 16.4;
				MARKETING_VERSION = 1.0;
				PRODUCT_BUNDLE_IDENTIFIER = hrool20.pe.TestsExampleTests;
				PRODUCT_NAME = "$(TARGET_NAME)";
				SWIFT_EMIT_LOC_STRINGS = NO;
				SWIFT_VERSION = 5.0;
				TARGETED_DEVICE_FAMILY = "1,2";
				TEST_HOST = "$(BUILT_PRODUCTS_DIR)/TestsExample.app/$(BUNDLE_EXECUTABLE_FOLDER_PATH)/TestsExample";
			};
			name = Debug;
		};
		F3C7660E2B071AB5002DDAFC /* Release */ = {
			isa = XCBuildConfiguration;
			buildSettings = {
				ALWAYS_EMBED_SWIFT_STANDARD_LIBRARIES = YES;
				BUNDLE_LOADER = "$(TEST_HOST)";
				CODE_SIGN_STYLE = Automatic;
				CURRENT_PROJECT_VERSION = 1;
				DEVELOPMENT_TEAM = TQ4Y5Q73BC;
				GENERATE_INFOPLIST_FILE = YES;
				IPHONEOS_DEPLOYMENT_TARGET = 16.4;
				MARKETING_VERSION = 1.0;
				PRODUCT_BUNDLE_IDENTIFIER = hrool20.pe.TestsExampleTests;
				PRODUCT_NAME = "$(TARGET_NAME)";
				SWIFT_EMIT_LOC_STRINGS = NO;
				SWIFT_VERSION = 5.0;
				TARGETED_DEVICE_FAMILY = "1,2";
				TEST_HOST = "$(BUILT_PRODUCTS_DIR)/TestsExample.app/$(BUNDLE_EXECUTABLE_FOLDER_PATH)/TestsExample";
			};
			name = Release;
		};
		F3C766102B071AB5002DDAFC /* Debug */ = {
			isa = XCBuildConfiguration;
			buildSettings = {
				ALWAYS_EMBED_SWIFT_STANDARD_LIBRARIES = YES;
				CODE_SIGN_STYLE = Automatic;
				CURRENT_PROJECT_VERSION = 1;
				DEVELOPMENT_TEAM = TQ4Y5Q73BC;
				GENERATE_INFOPLIST_FILE = YES;
				MARKETING_VERSION = 1.0;
				PRODUCT_BUNDLE_IDENTIFIER = hrool20.pe.TestsExampleUITests;
				PRODUCT_NAME = "$(TARGET_NAME)";
				SWIFT_EMIT_LOC_STRINGS = NO;
				SWIFT_VERSION = 5.0;
				TARGETED_DEVICE_FAMILY = "1,2";
				TEST_TARGET_NAME = TestsExample;
			};
			name = Debug;
		};
		F3C766112B071AB5002DDAFC /* Release */ = {
			isa = XCBuildConfiguration;
			buildSettings = {
				ALWAYS_EMBED_SWIFT_STANDARD_LIBRARIES = YES;
				CODE_SIGN_STYLE = Automatic;
				CURRENT_PROJECT_VERSION = 1;
				DEVELOPMENT_TEAM = TQ4Y5Q73BC;
				GENERATE_INFOPLIST_FILE = YES;
				MARKETING_VERSION = 1.0;
				PRODUCT_BUNDLE_IDENTIFIER = hrool20.pe.TestsExampleUITests;
				PRODUCT_NAME = "$(TARGET_NAME)";
				SWIFT_EMIT_LOC_STRINGS = NO;
				SWIFT_VERSION = 5.0;
				TARGETED_DEVICE_FAMILY = "1,2";
				TEST_TARGET_NAME = TestsExample;
			};
			name = Release;
		};
/* End XCBuildConfiguration section */

/* Begin XCConfigurationList section */
		F3C765D72B071AB3002DDAFC /* Build configuration list for PBXProject "TestsExample" */ = {
			isa = XCConfigurationList;
			buildConfigurations = (
				F3C766072B071AB5002DDAFC /* Debug */,
				F3C766082B071AB5002DDAFC /* Release */,
			);
			defaultConfigurationIsVisible = 0;
			defaultConfigurationName = Release;
		};
		F3C766092B071AB5002DDAFC /* Build configuration list for PBXNativeTarget "TestsExample" */ = {
			isa = XCConfigurationList;
			buildConfigurations = (
				F3C7660A2B071AB5002DDAFC /* Debug */,
				F3C7660B2B071AB5002DDAFC /* Release */,
			);
			defaultConfigurationIsVisible = 0;
			defaultConfigurationName = Release;
		};
		F3C7660C2B071AB5002DDAFC /* Build configuration list for PBXNativeTarget "TestsExampleTests" */ = {
			isa = XCConfigurationList;
			buildConfigurations = (
				F3C7660D2B071AB5002DDAFC /* Debug */,
				F3C7660E2B071AB5002DDAFC /* Release */,
			);
			defaultConfigurationIsVisible = 0;
			defaultConfigurationName = Release;
		};
		F3C7660F2B071AB5002DDAFC /* Build configuration list for PBXNativeTarget "TestsExampleUITests" */ = {
			isa = XCConfigurationList;
			buildConfigurations = (
				F3C766102B071AB5002DDAFC /* Debug */,
				F3C766112B071AB5002DDAFC /* Release */,
			);
			defaultConfigurationIsVisible = 0;
			defaultConfigurationName = Release;
		};
/* End XCConfigurationList section */

/* Begin XCVersionGroup section */
		F3C765E82B071AB3002DDAFC /* TestsExample.xcdatamodeld */ = {
			isa = XCVersionGroup;
			children = (
				F3C765E92B071AB3002DDAFC /* TestsExample.xcdatamodel */,
			);
			currentVersion = F3C765E92B071AB3002DDAFC /* TestsExample.xcdatamodel */;
			path = TestsExample.xcdatamodeld;
			sourceTree = "<group>";
			versionGroupType = wrapper.xcdatamodel;
		};
/* End XCVersionGroup section */
	};
	rootObject = F3C765D42B071AB3002DDAFC /* Project object */;
}
