// !$*UTF8*$!
{
	archiveVersion = 1;
	classes = {
	};
	objectVersion = 56;
	objects = {

/* Begin PBXBuildFile section */
		F37C73192B07D32200FC13B1 /* CoreModule.swift in Sources */ = {isa = PBXBuildFile; fileRef = F37C73182B07D32200FC13B1 /* CoreModule.swift */; };
		F37C731B2B07D35900FC13B1 /* BaseModule.swift in Sources */ = {isa = PBXBuildFile; fileRef = F37C731A2B07D35900FC13B1 /* BaseModule.swift */; };
		F37C731E2B07D4A700FC13B1 /* CoreModule+Presentation.swift in Sources */ = {isa = PBXBuildFile; fileRef = F37C731D2B07D4A700FC13B1 /* CoreModule+Presentation.swift */; };
		F37C73222B07D6E000FC13B1 /* ClosureUseCase.swift in Sources */ = {isa = PBXBuildFile; fileRef = F37C73212B07D6E000FC13B1 /* ClosureUseCase.swift */; };
		F37C73242B07D74B00FC13B1 /* Reusable.swift in Sources */ = {isa = PBXBuildFile; fileRef = F37C73232B07D74B00FC13B1 /* Reusable.swift */; };
		F37C73262B07D77E00FC13B1 /* CaseResult.swift in Sources */ = {isa = PBXBuildFile; fileRef = F37C73252B07D77E00FC13B1 /* CaseResult.swift */; };
		F37C73282B07D80700FC13B1 /* AnyClosureUseCase.swift in Sources */ = {isa = PBXBuildFile; fileRef = F37C73272B07D80700FC13B1 /* AnyClosureUseCase.swift */; };
		F37C732A2B07D8B600FC13B1 /* UseCase.swift in Sources */ = {isa = PBXBuildFile; fileRef = F37C73292B07D8B600FC13B1 /* UseCase.swift */; };
		F37C732C2B07D8D400FC13B1 /* AnyUseCase.swift in Sources */ = {isa = PBXBuildFile; fileRef = F37C732B2B07D8D400FC13B1 /* AnyUseCase.swift */; };
		F37C732F2B07D96C00FC13B1 /* CoreModule+Domain.swift in Sources */ = {isa = PBXBuildFile; fileRef = F37C732E2B07D96C00FC13B1 /* CoreModule+Domain.swift */; };
		F37C73332B09237F00FC13B1 /* CoreModule+Data.swift in Sources */ = {isa = PBXBuildFile; fileRef = F37C73322B09237F00FC13B1 /* CoreModule+Data.swift */; };
		F37C73362B092CC500FC13B1 /* LocalStorage.swift in Sources */ = {isa = PBXBuildFile; fileRef = F37C73352B092CC500FC13B1 /* LocalStorage.swift */; };
		F37C73382B092D3E00FC13B1 /* KeychainLocalStorage.swift in Sources */ = {isa = PBXBuildFile; fileRef = F37C73372B092D3E00FC13B1 /* KeychainLocalStorage.swift */; };
		F37C733A2B0932F500FC13B1 /* UserDefaultsLocalStorage.swift in Sources */ = {isa = PBXBuildFile; fileRef = F37C73392B0932F500FC13B1 /* UserDefaultsLocalStorage.swift */; };
		F37C733D2B09379700FC13B1 /* CodableHelper.swift in Sources */ = {isa = PBXBuildFile; fileRef = F37C733C2B09379700FC13B1 /* CodableHelper.swift */; };
		F37C733F2B09694500FC13B1 /* MemoryLocalStorage.swift in Sources */ = {isa = PBXBuildFile; fileRef = F37C733E2B09694500FC13B1 /* MemoryLocalStorage.swift */; };
		F3C765E02B071AB3002DDAFC /* AppDelegate.swift in Sources */ = {isa = PBXBuildFile; fileRef = F3C765DF2B071AB3002DDAFC /* AppDelegate.swift */; };
		F3C765E22B071AB3002DDAFC /* SceneDelegate.swift in Sources */ = {isa = PBXBuildFile; fileRef = F3C765E12B071AB3002DDAFC /* SceneDelegate.swift */; };
		F3C765EA2B071AB3002DDAFC /* TestsExample.xcdatamodeld in Sources */ = {isa = PBXBuildFile; fileRef = F3C765E82B071AB3002DDAFC /* TestsExample.xcdatamodeld */; };
		F3C765EC2B071AB4002DDAFC /* Assets.xcassets in Resources */ = {isa = PBXBuildFile; fileRef = F3C765EB2B071AB4002DDAFC /* Assets.xcassets */; };
		F3C765EF2B071AB4002DDAFC /* LaunchScreen.storyboard in Resources */ = {isa = PBXBuildFile; fileRef = F3C765ED2B071AB4002DDAFC /* LaunchScreen.storyboard */; };
		F3C765FA2B071AB5002DDAFC /* TestsExampleTests.swift in Sources */ = {isa = PBXBuildFile; fileRef = F3C765F92B071AB5002DDAFC /* TestsExampleTests.swift */; };
		F3C766042B071AB5002DDAFC /* TestsExampleUITests.swift in Sources */ = {isa = PBXBuildFile; fileRef = F3C766032B071AB5002DDAFC /* TestsExampleUITests.swift */; };
		F3C766062B071AB5002DDAFC /* TestsExampleUITestsLaunchTests.swift in Sources */ = {isa = PBXBuildFile; fileRef = F3C766052B071AB5002DDAFC /* TestsExampleUITestsLaunchTests.swift */; };
		F3C766172B072456002DDAFC /* String+Extension.swift in Sources */ = {isa = PBXBuildFile; fileRef = F3C766162B072456002DDAFC /* String+Extension.swift */; };
		F3C7661C2B07251B002DDAFC /* SplashViewController.swift in Sources */ = {isa = PBXBuildFile; fileRef = F3C7661B2B07251B002DDAFC /* SplashViewController.swift */; };
		F3C7662D2B073106002DDAFC /* SDWebImage in Frameworks */ = {isa = PBXBuildFile; productRef = F3C7662C2B073106002DDAFC /* SDWebImage */; };
		F3C766302B073118002DDAFC /* Swinject in Frameworks */ = {isa = PBXBuildFile; productRef = F3C7662F2B073118002DDAFC /* Swinject */; };
		F3C766322B073156002DDAFC /* UIImageView+Extension.swift in Sources */ = {isa = PBXBuildFile; fileRef = F3C766312B073156002DDAFC /* UIImageView+Extension.swift */; };
		F3C766362B073458002DDAFC /* BaseViewController.swift in Sources */ = {isa = PBXBuildFile; fileRef = F3C766352B073458002DDAFC /* BaseViewController.swift */; };
		F3C766392B073472002DDAFC /* BaseViewModel.swift in Sources */ = {isa = PBXBuildFile; fileRef = F3C766382B073472002DDAFC /* BaseViewModel.swift */; };
		F3C7663C2B07350E002DDAFC /* RxBlocking in Frameworks */ = {isa = PBXBuildFile; productRef = F3C7663B2B07350E002DDAFC /* RxBlocking */; };
		F3C7663E2B07350E002DDAFC /* RxCocoa in Frameworks */ = {isa = PBXBuildFile; productRef = F3C7663D2B07350E002DDAFC /* RxCocoa */; };
		F3C766402B07350E002DDAFC /* RxRelay in Frameworks */ = {isa = PBXBuildFile; productRef = F3C7663F2B07350E002DDAFC /* RxRelay */; };
		F3C766422B07350E002DDAFC /* RxSwift in Frameworks */ = {isa = PBXBuildFile; productRef = F3C766412B07350E002DDAFC /* RxSwift */; };
		F3C766492B073984002DDAFC /* PublishObservable.swift in Sources */ = {isa = PBXBuildFile; fileRef = F3C766482B073984002DDAFC /* PublishObservable.swift */; };
		F3C7664B2B073A78002DDAFC /* BehaviorObservable.swift in Sources */ = {isa = PBXBuildFile; fileRef = F3C7664A2B073A78002DDAFC /* BehaviorObservable.swift */; };
		F3C7664E2B073D7B002DDAFC /* NotificationCenterWrapper.swift in Sources */ = {isa = PBXBuildFile; fileRef = F3C7664D2B073D7B002DDAFC /* NotificationCenterWrapper.swift */; };
		F3C766502B073DB9002DDAFC /* NotificationCenterWrapperImpl.swift in Sources */ = {isa = PBXBuildFile; fileRef = F3C7664F2B073DB9002DDAFC /* NotificationCenterWrapperImpl.swift */; };
		F3C766522B073F99002DDAFC /* Coordinator.swift in Sources */ = {isa = PBXBuildFile; fileRef = F3C766512B073F99002DDAFC /* Coordinator.swift */; };
		F3C766552B074061002DDAFC /* PresentArgs.swift in Sources */ = {isa = PBXBuildFile; fileRef = F3C766542B074061002DDAFC /* PresentArgs.swift */; };
		F3C766572B0740BE002DDAFC /* CoordinatorArgs.swift in Sources */ = {isa = PBXBuildFile; fileRef = F3C766562B0740BE002DDAFC /* CoordinatorArgs.swift */; };
		F3C766592B07413B002DDAFC /* CoordinatorType.swift in Sources */ = {isa = PBXBuildFile; fileRef = F3C766582B07413B002DDAFC /* CoordinatorType.swift */; };
		F3C7665C2B0795BF002DDAFC /* MainControllerProvider.swift in Sources */ = {isa = PBXBuildFile; fileRef = F3C7665B2B0795BF002DDAFC /* MainControllerProvider.swift */; };
		F3C7665E2B079731002DDAFC /* Injection.swift in Sources */ = {isa = PBXBuildFile; fileRef = F3C7665D2B079731002DDAFC /* Injection.swift */; };
		F3C766612B079D13002DDAFC /* SplashModule.swift in Sources */ = {isa = PBXBuildFile; fileRef = F3C766602B079D13002DDAFC /* SplashModule.swift */; };
		F3C766642B07C92C002DDAFC /* SplashViewModel.swift in Sources */ = {isa = PBXBuildFile; fileRef = F3C766632B07C92C002DDAFC /* SplashViewModel.swift */; };
		F3C766682B07CA28002DDAFC /* Resolver+Extension.swift in Sources */ = {isa = PBXBuildFile; fileRef = F3C766672B07CA28002DDAFC /* Resolver+Extension.swift */; };
/* End PBXBuildFile section */

/* Begin PBXContainerItemProxy section */
		F3C765F62B071AB5002DDAFC /* PBXContainerItemProxy */ = {
			isa = PBXContainerItemProxy;
			containerPortal = F3C765D42B071AB3002DDAFC /* Project object */;
			proxyType = 1;
			remoteGlobalIDString = F3C765DB2B071AB3002DDAFC;
			remoteInfo = TestsExample;
		};
		F3C766002B071AB5002DDAFC /* PBXContainerItemProxy */ = {
			isa = PBXContainerItemProxy;
			containerPortal = F3C765D42B071AB3002DDAFC /* Project object */;
			proxyType = 1;
			remoteGlobalIDString = F3C765DB2B071AB3002DDAFC;
			remoteInfo = TestsExample;
		};
/* End PBXContainerItemProxy section */

/* Begin PBXFileReference section */
		F37C73182B07D32200FC13B1 /* CoreModule.swift */ = {isa = PBXFileReference; lastKnownFileType = sourcecode.swift; path = CoreModule.swift; sourceTree = "<group>"; };
		F37C731A2B07D35900FC13B1 /* BaseModule.swift */ = {isa = PBXFileReference; lastKnownFileType = sourcecode.swift; path = BaseModule.swift; sourceTree = "<group>"; };
		F37C731D2B07D4A700FC13B1 /* CoreModule+Presentation.swift */ = {isa = PBXFileReference; lastKnownFileType = sourcecode.swift; path = "CoreModule+Presentation.swift"; sourceTree = "<group>"; };
		F37C73212B07D6E000FC13B1 /* ClosureUseCase.swift */ = {isa = PBXFileReference; lastKnownFileType = sourcecode.swift; path = ClosureUseCase.swift; sourceTree = "<group>"; };
		F37C73232B07D74B00FC13B1 /* Reusable.swift */ = {isa = PBXFileReference; lastKnownFileType = sourcecode.swift; path = Reusable.swift; sourceTree = "<group>"; };
		F37C73252B07D77E00FC13B1 /* CaseResult.swift */ = {isa = PBXFileReference; lastKnownFileType = sourcecode.swift; path = CaseResult.swift; sourceTree = "<group>"; };
		F37C73272B07D80700FC13B1 /* AnyClosureUseCase.swift */ = {isa = PBXFileReference; lastKnownFileType = sourcecode.swift; path = AnyClosureUseCase.swift; sourceTree = "<group>"; };
		F37C73292B07D8B600FC13B1 /* UseCase.swift */ = {isa = PBXFileReference; lastKnownFileType = sourcecode.swift; path = UseCase.swift; sourceTree = "<group>"; };
		F37C732B2B07D8D400FC13B1 /* AnyUseCase.swift */ = {isa = PBXFileReference; lastKnownFileType = sourcecode.swift; path = AnyUseCase.swift; sourceTree = "<group>"; };
		F37C732E2B07D96C00FC13B1 /* CoreModule+Domain.swift */ = {isa = PBXFileReference; lastKnownFileType = sourcecode.swift; path = "CoreModule+Domain.swift"; sourceTree = "<group>"; };
		F37C73322B09237F00FC13B1 /* CoreModule+Data.swift */ = {isa = PBXFileReference; lastKnownFileType = sourcecode.swift; path = "CoreModule+Data.swift"; sourceTree = "<group>"; };
		F37C73352B092CC500FC13B1 /* LocalStorage.swift */ = {isa = PBXFileReference; lastKnownFileType = sourcecode.swift; path = LocalStorage.swift; sourceTree = "<group>"; };
		F37C73372B092D3E00FC13B1 /* KeychainLocalStorage.swift */ = {isa = PBXFileReference; lastKnownFileType = sourcecode.swift; path = KeychainLocalStorage.swift; sourceTree = "<group>"; };
		F37C73392B0932F500FC13B1 /* UserDefaultsLocalStorage.swift */ = {isa = PBXFileReference; lastKnownFileType = sourcecode.swift; path = UserDefaultsLocalStorage.swift; sourceTree = "<group>"; };
		F37C733C2B09379700FC13B1 /* CodableHelper.swift */ = {isa = PBXFileReference; lastKnownFileType = sourcecode.swift; path = CodableHelper.swift; sourceTree = "<group>"; };
		F37C733E2B09694500FC13B1 /* MemoryLocalStorage.swift */ = {isa = PBXFileReference; lastKnownFileType = sourcecode.swift; path = MemoryLocalStorage.swift; sourceTree = "<group>"; };
		F3C765DC2B071AB3002DDAFC /* TestsExample.app */ = {isa = PBXFileReference; explicitFileType = wrapper.application; includeInIndex = 0; path = TestsExample.app; sourceTree = BUILT_PRODUCTS_DIR; };
		F3C765DF2B071AB3002DDAFC /* AppDelegate.swift */ = {isa = PBXFileReference; lastKnownFileType = sourcecode.swift; path = AppDelegate.swift; sourceTree = "<group>"; };
		F3C765E12B071AB3002DDAFC /* SceneDelegate.swift */ = {isa = PBXFileReference; lastKnownFileType = sourcecode.swift; path = SceneDelegate.swift; sourceTree = "<group>"; };
		F3C765E92B071AB3002DDAFC /* TestsExample.xcdatamodel */ = {isa = PBXFileReference; lastKnownFileType = wrapper.xcdatamodel; path = TestsExample.xcdatamodel; sourceTree = "<group>"; };
		F3C765EB2B071AB4002DDAFC /* Assets.xcassets */ = {isa = PBXFileReference; lastKnownFileType = folder.assetcatalog; path = Assets.xcassets; sourceTree = "<group>"; };
		F3C765EE2B071AB4002DDAFC /* Base */ = {isa = PBXFileReference; lastKnownFileType = file.storyboard; name = Base; path = Base.lproj/LaunchScreen.storyboard; sourceTree = "<group>"; };
		F3C765F02B071AB4002DDAFC /* Info.plist */ = {isa = PBXFileReference; lastKnownFileType = text.plist.xml; path = Info.plist; sourceTree = "<group>"; };
		F3C765F52B071AB5002DDAFC /* TestsExampleTests.xctest */ = {isa = PBXFileReference; explicitFileType = wrapper.cfbundle; includeInIndex = 0; path = TestsExampleTests.xctest; sourceTree = BUILT_PRODUCTS_DIR; };
		F3C765F92B071AB5002DDAFC /* TestsExampleTests.swift */ = {isa = PBXFileReference; lastKnownFileType = sourcecode.swift; path = TestsExampleTests.swift; sourceTree = "<group>"; };
		F3C765FF2B071AB5002DDAFC /* TestsExampleUITests.xctest */ = {isa = PBXFileReference; explicitFileType = wrapper.cfbundle; includeInIndex = 0; path = TestsExampleUITests.xctest; sourceTree = BUILT_PRODUCTS_DIR; };
		F3C766032B071AB5002DDAFC /* TestsExampleUITests.swift */ = {isa = PBXFileReference; lastKnownFileType = sourcecode.swift; path = TestsExampleUITests.swift; sourceTree = "<group>"; };
		F3C766052B071AB5002DDAFC /* TestsExampleUITestsLaunchTests.swift */ = {isa = PBXFileReference; lastKnownFileType = sourcecode.swift; path = TestsExampleUITestsLaunchTests.swift; sourceTree = "<group>"; };
		F3C766162B072456002DDAFC /* String+Extension.swift */ = {isa = PBXFileReference; lastKnownFileType = sourcecode.swift; path = "String+Extension.swift"; sourceTree = "<group>"; };
		F3C7661B2B07251B002DDAFC /* SplashViewController.swift */ = {isa = PBXFileReference; lastKnownFileType = sourcecode.swift; path = SplashViewController.swift; sourceTree = "<group>"; };
		F3C766312B073156002DDAFC /* UIImageView+Extension.swift */ = {isa = PBXFileReference; lastKnownFileType = sourcecode.swift; path = "UIImageView+Extension.swift"; sourceTree = "<group>"; };
		F3C766352B073458002DDAFC /* BaseViewController.swift */ = {isa = PBXFileReference; lastKnownFileType = sourcecode.swift; path = BaseViewController.swift; sourceTree = "<group>"; };
		F3C766382B073472002DDAFC /* BaseViewModel.swift */ = {isa = PBXFileReference; lastKnownFileType = sourcecode.swift; path = BaseViewModel.swift; sourceTree = "<group>"; };
		F3C766482B073984002DDAFC /* PublishObservable.swift */ = {isa = PBXFileReference; lastKnownFileType = sourcecode.swift; path = PublishObservable.swift; sourceTree = "<group>"; };
		F3C7664A2B073A78002DDAFC /* BehaviorObservable.swift */ = {isa = PBXFileReference; lastKnownFileType = sourcecode.swift; path = BehaviorObservable.swift; sourceTree = "<group>"; };
		F3C7664D2B073D7B002DDAFC /* NotificationCenterWrapper.swift */ = {isa = PBXFileReference; lastKnownFileType = sourcecode.swift; path = NotificationCenterWrapper.swift; sourceTree = "<group>"; };
		F3C7664F2B073DB9002DDAFC /* NotificationCenterWrapperImpl.swift */ = {isa = PBXFileReference; lastKnownFileType = sourcecode.swift; path = NotificationCenterWrapperImpl.swift; sourceTree = "<group>"; };
		F3C766512B073F99002DDAFC /* Coordinator.swift */ = {isa = PBXFileReference; lastKnownFileType = sourcecode.swift; path = Coordinator.swift; sourceTree = "<group>"; };
		F3C766542B074061002DDAFC /* PresentArgs.swift */ = {isa = PBXFileReference; lastKnownFileType = sourcecode.swift; path = PresentArgs.swift; sourceTree = "<group>"; };
		F3C766562B0740BE002DDAFC /* CoordinatorArgs.swift */ = {isa = PBXFileReference; lastKnownFileType = sourcecode.swift; path = CoordinatorArgs.swift; sourceTree = "<group>"; };
		F3C766582B07413B002DDAFC /* CoordinatorType.swift */ = {isa = PBXFileReference; lastKnownFileType = sourcecode.swift; path = CoordinatorType.swift; sourceTree = "<group>"; };
		F3C7665B2B0795BF002DDAFC /* MainControllerProvider.swift */ = {isa = PBXFileReference; lastKnownFileType = sourcecode.swift; path = MainControllerProvider.swift; sourceTree = "<group>"; };
		F3C7665D2B079731002DDAFC /* Injection.swift */ = {isa = PBXFileReference; lastKnownFileType = sourcecode.swift; path = Injection.swift; sourceTree = "<group>"; };
		F3C766602B079D13002DDAFC /* SplashModule.swift */ = {isa = PBXFileReference; lastKnownFileType = sourcecode.swift; path = SplashModule.swift; sourceTree = "<group>"; };
		F3C766632B07C92C002DDAFC /* SplashViewModel.swift */ = {isa = PBXFileReference; lastKnownFileType = sourcecode.swift; path = SplashViewModel.swift; sourceTree = "<group>"; };
		F3C766672B07CA28002DDAFC /* Resolver+Extension.swift */ = {isa = PBXFileReference; lastKnownFileType = sourcecode.swift; path = "Resolver+Extension.swift"; sourceTree = "<group>"; };
/* End PBXFileReference section */

/* Begin PBXFrameworksBuildPhase section */
		F3C765D92B071AB3002DDAFC /* Frameworks */ = {
			isa = PBXFrameworksBuildPhase;
			buildActionMask = 2147483647;
			files = (
				F3C766422B07350E002DDAFC /* RxSwift in Frameworks */,
				F3C766402B07350E002DDAFC /* RxRelay in Frameworks */,
				F3C7662D2B073106002DDAFC /* SDWebImage in Frameworks */,
				F3C7663C2B07350E002DDAFC /* RxBlocking in Frameworks */,
				F3C7663E2B07350E002DDAFC /* RxCocoa in Frameworks */,
				F3C766302B073118002DDAFC /* Swinject in Frameworks */,
			);
			runOnlyForDeploymentPostprocessing = 0;
		};
		F3C765F22B071AB5002DDAFC /* Frameworks */ = {
			isa = PBXFrameworksBuildPhase;
			buildActionMask = 2147483647;
			files = (
			);
			runOnlyForDeploymentPostprocessing = 0;
		};
		F3C765FC2B071AB5002DDAFC /* Frameworks */ = {
			isa = PBXFrameworksBuildPhase;
			buildActionMask = 2147483647;
			files = (
			);
			runOnlyForDeploymentPostprocessing = 0;
		};
/* End PBXFrameworksBuildPhase section */

/* Begin PBXGroup section */
		F37C731C2B07D47F00FC13B1 /* DI */ = {
			isa = PBXGroup;
			children = (
				F37C731D2B07D4A700FC13B1 /* CoreModule+Presentation.swift */,
			);
			path = DI;
			sourceTree = "<group>";
		};
		F37C731F2B07D64900FC13B1 /* Domain */ = {
			isa = PBXGroup;
			children = (
				F37C732D2B07D96300FC13B1 /* DI */,
				F37C73202B07D6D900FC13B1 /* UseCase */,
			);
			path = Domain;
			sourceTree = "<group>";
		};
		F37C73202B07D6D900FC13B1 /* UseCase */ = {
			isa = PBXGroup;
			children = (
				F37C73272B07D80700FC13B1 /* AnyClosureUseCase.swift */,
				F37C732B2B07D8D400FC13B1 /* AnyUseCase.swift */,
				F37C73212B07D6E000FC13B1 /* ClosureUseCase.swift */,
				F37C73292B07D8B600FC13B1 /* UseCase.swift */,
			);
			path = UseCase;
			sourceTree = "<group>";
		};
		F37C732D2B07D96300FC13B1 /* DI */ = {
			isa = PBXGroup;
			children = (
				F37C732E2B07D96C00FC13B1 /* CoreModule+Domain.swift */,
			);
			path = DI;
			sourceTree = "<group>";
		};
		F37C73302B07EF5500FC13B1 /* Data */ = {
			isa = PBXGroup;
			children = (
				F37C73312B09236900FC13B1 /* DI */,
				F37C733B2B09376A00FC13B1 /* Entity */,
				F37C73342B09248D00FC13B1 /* LocalStorage */,
			);
			path = Data;
			sourceTree = "<group>";
		};
		F37C73312B09236900FC13B1 /* DI */ = {
			isa = PBXGroup;
			children = (
				F37C73322B09237F00FC13B1 /* CoreModule+Data.swift */,
			);
			path = DI;
			sourceTree = "<group>";
		};
		F37C73342B09248D00FC13B1 /* LocalStorage */ = {
			isa = PBXGroup;
			children = (
				F37C73372B092D3E00FC13B1 /* KeychainLocalStorage.swift */,
				F37C73352B092CC500FC13B1 /* LocalStorage.swift */,
				F37C733E2B09694500FC13B1 /* MemoryLocalStorage.swift */,
				F37C73392B0932F500FC13B1 /* UserDefaultsLocalStorage.swift */,
			);
			path = LocalStorage;
			sourceTree = "<group>";
		};
		F37C733B2B09376A00FC13B1 /* Entity */ = {
			isa = PBXGroup;
			children = (
				F37C733C2B09379700FC13B1 /* CodableHelper.swift */,
			);
			path = Entity;
			sourceTree = "<group>";
		};
		F3C765D32B071AB3002DDAFC = {
			isa = PBXGroup;
			children = (
				F3C765DE2B071AB3002DDAFC /* TestsExample */,
				F3C765F82B071AB5002DDAFC /* TestsExampleTests */,
				F3C766022B071AB5002DDAFC /* TestsExampleUITests */,
				F3C765DD2B071AB3002DDAFC /* Products */,
			);
			sourceTree = "<group>";
		};
		F3C765DD2B071AB3002DDAFC /* Products */ = {
			isa = PBXGroup;
			children = (
				F3C765DC2B071AB3002DDAFC /* TestsExample.app */,
				F3C765F52B071AB5002DDAFC /* TestsExampleTests.xctest */,
				F3C765FF2B071AB5002DDAFC /* TestsExampleUITests.xctest */,
			);
			name = Products;
			sourceTree = "<group>";
		};
		F3C765DE2B071AB3002DDAFC /* TestsExample */ = {
			isa = PBXGroup;
			children = (
				F3C766122B072258002DDAFC /* AppModules */,
				F3C766132B072275002DDAFC /* Resources */,
				F3C765DF2B071AB3002DDAFC /* AppDelegate.swift */,
				F3C765E12B071AB3002DDAFC /* SceneDelegate.swift */,
			);
			path = TestsExample;
			sourceTree = "<group>";
		};
		F3C765F82B071AB5002DDAFC /* TestsExampleTests */ = {
			isa = PBXGroup;
			children = (
				F3C765F92B071AB5002DDAFC /* TestsExampleTests.swift */,
			);
			path = TestsExampleTests;
			sourceTree = "<group>";
		};
		F3C766022B071AB5002DDAFC /* TestsExampleUITests */ = {
			isa = PBXGroup;
			children = (
				F3C766032B071AB5002DDAFC /* TestsExampleUITests.swift */,
				F3C766052B071AB5002DDAFC /* TestsExampleUITestsLaunchTests.swift */,
			);
			path = TestsExampleUITests;
			sourceTree = "<group>";
		};
		F3C766122B072258002DDAFC /* AppModules */ = {
			isa = PBXGroup;
			children = (
				F3C766142B07236C002DDAFC /* Core */,
				F3C766182B0724FB002DDAFC /* Splash */,
			);
			path = AppModules;
			sourceTree = "<group>";
		};
		F3C766132B072275002DDAFC /* Resources */ = {
			isa = PBXGroup;
			children = (
				F3C765EB2B071AB4002DDAFC /* Assets.xcassets */,
				F3C765F02B071AB4002DDAFC /* Info.plist */,
				F3C765ED2B071AB4002DDAFC /* LaunchScreen.storyboard */,
				F3C765E82B071AB3002DDAFC /* TestsExample.xcdatamodeld */,
			);
			path = Resources;
			sourceTree = "<group>";
		};
		F3C766142B07236C002DDAFC /* Core */ = {
			isa = PBXGroup;
			children = (
				F37C73302B07EF5500FC13B1 /* Data */,
				F3C7665A2B0795AF002DDAFC /* DI */,
				F37C731F2B07D64900FC13B1 /* Domain */,
				F3C766152B072377002DDAFC /* Extensions */,
				F3C766332B07342A002DDAFC /* Presentation */,
				F3C7664C2B073D4D002DDAFC /* Utils */,
			);
			path = Core;
			sourceTree = "<group>";
		};
		F3C766152B072377002DDAFC /* Extensions */ = {
			isa = PBXGroup;
			children = (
				F3C766672B07CA28002DDAFC /* Resolver+Extension.swift */,
				F3C766162B072456002DDAFC /* String+Extension.swift */,
				F3C766312B073156002DDAFC /* UIImageView+Extension.swift */,
			);
			path = Extensions;
			sourceTree = "<group>";
		};
		F3C766182B0724FB002DDAFC /* Splash */ = {
			isa = PBXGroup;
			children = (
				F3C7665F2B079D06002DDAFC /* DI */,
				F3C766192B072503002DDAFC /* Presentation */,
			);
			path = Splash;
			sourceTree = "<group>";
		};
		F3C766192B072503002DDAFC /* Presentation */ = {
			isa = PBXGroup;
			children = (
				F3C7661A2B07250A002DDAFC /* View */,
				F3C766622B07C91C002DDAFC /* ViewModel */,
			);
			path = Presentation;
			sourceTree = "<group>";
		};
		F3C7661A2B07250A002DDAFC /* View */ = {
			isa = PBXGroup;
			children = (
				F3C7661B2B07251B002DDAFC /* SplashViewController.swift */,
			);
			path = View;
			sourceTree = "<group>";
		};
		F3C766332B07342A002DDAFC /* Presentation */ = {
			isa = PBXGroup;
			children = (
				F37C731C2B07D47F00FC13B1 /* DI */,
				F3C766532B07401C002DDAFC /* Entity */,
				F3C766342B073439002DDAFC /* View */,
				F3C766372B073463002DDAFC /* ViewModel */,
				F3C766452B0738FC002DDAFC /* Wrapper */,
			);
			path = Presentation;
			sourceTree = "<group>";
		};
		F3C766342B073439002DDAFC /* View */ = {
			isa = PBXGroup;
			children = (
				F3C766352B073458002DDAFC /* BaseViewController.swift */,
			);
			path = View;
			sourceTree = "<group>";
		};
		F3C766372B073463002DDAFC /* ViewModel */ = {
			isa = PBXGroup;
			children = (
				F3C766382B073472002DDAFC /* BaseViewModel.swift */,
			);
			path = ViewModel;
			sourceTree = "<group>";
		};
		F3C766452B0738FC002DDAFC /* Wrapper */ = {
			isa = PBXGroup;
			children = (
				F3C7664A2B073A78002DDAFC /* BehaviorObservable.swift */,
				F3C766482B073984002DDAFC /* PublishObservable.swift */,
			);
			path = Wrapper;
			sourceTree = "<group>";
		};
		F3C7664C2B073D4D002DDAFC /* Utils */ = {
			isa = PBXGroup;
			children = (
				F37C73252B07D77E00FC13B1 /* CaseResult.swift */,
				F3C7664D2B073D7B002DDAFC /* NotificationCenterWrapper.swift */,
				F3C7664F2B073DB9002DDAFC /* NotificationCenterWrapperImpl.swift */,
				F37C73232B07D74B00FC13B1 /* Reusable.swift */,
			);
			path = Utils;
			sourceTree = "<group>";
		};
		F3C766532B07401C002DDAFC /* Entity */ = {
			isa = PBXGroup;
			children = (
				F3C766512B073F99002DDAFC /* Coordinator.swift */,
				F3C766562B0740BE002DDAFC /* CoordinatorArgs.swift */,
				F3C766582B07413B002DDAFC /* CoordinatorType.swift */,
				F3C766542B074061002DDAFC /* PresentArgs.swift */,
			);
			path = Entity;
			sourceTree = "<group>";
		};
		F3C7665A2B0795AF002DDAFC /* DI */ = {
			isa = PBXGroup;
			children = (
				F37C731A2B07D35900FC13B1 /* BaseModule.swift */,
				F37C73182B07D32200FC13B1 /* CoreModule.swift */,
				F3C7665D2B079731002DDAFC /* Injection.swift */,
				F3C7665B2B0795BF002DDAFC /* MainControllerProvider.swift */,
			);
			path = DI;
			sourceTree = "<group>";
		};
		F3C7665F2B079D06002DDAFC /* DI */ = {
			isa = PBXGroup;
			children = (
				F3C766602B079D13002DDAFC /* SplashModule.swift */,
			);
			path = DI;
			sourceTree = "<group>";
		};
		F3C766622B07C91C002DDAFC /* ViewModel */ = {
			isa = PBXGroup;
			children = (
				F3C766632B07C92C002DDAFC /* SplashViewModel.swift */,
			);
			path = ViewModel;
			sourceTree = "<group>";
		};
/* End PBXGroup section */

/* Begin PBXNativeTarget section */
		F3C765DB2B071AB3002DDAFC /* TestsExample */ = {
			isa = PBXNativeTarget;
			buildConfigurationList = F3C766092B071AB5002DDAFC /* Build configuration list for PBXNativeTarget "TestsExample" */;
			buildPhases = (
				F3C765D82B071AB3002DDAFC /* Sources */,
				F3C765D92B071AB3002DDAFC /* Frameworks */,
				F3C765DA2B071AB3002DDAFC /* Resources */,
			);
			buildRules = (
			);
			dependencies = (
			);
			name = TestsExample;
			packageProductDependencies = (
				F3C7662C2B073106002DDAFC /* SDWebImage */,
				F3C7662F2B073118002DDAFC /* Swinject */,
				F3C7663B2B07350E002DDAFC /* RxBlocking */,
				F3C7663D2B07350E002DDAFC /* RxCocoa */,
				F3C7663F2B07350E002DDAFC /* RxRelay */,
				F3C766412B07350E002DDAFC /* RxSwift */,
			);
			productName = TestsExample;
			productReference = F3C765DC2B071AB3002DDAFC /* TestsExample.app */;
			productType = "com.apple.product-type.application";
		};
		F3C765F42B071AB5002DDAFC /* TestsExampleTests */ = {
			isa = PBXNativeTarget;
			buildConfigurationList = F3C7660C2B071AB5002DDAFC /* Build configuration list for PBXNativeTarget "TestsExampleTests" */;
			buildPhases = (
				F3C765F12B071AB5002DDAFC /* Sources */,
				F3C765F22B071AB5002DDAFC /* Frameworks */,
				F3C765F32B071AB5002DDAFC /* Resources */,
			);
			buildRules = (
			);
			dependencies = (
				F3C765F72B071AB5002DDAFC /* PBXTargetDependency */,
			);
			name = TestsExampleTests;
			productName = TestsExampleTests;
			productReference = F3C765F52B071AB5002DDAFC /* TestsExampleTests.xctest */;
			productType = "com.apple.product-type.bundle.unit-test";
		};
		F3C765FE2B071AB5002DDAFC /* TestsExampleUITests */ = {
			isa = PBXNativeTarget;
			buildConfigurationList = F3C7660F2B071AB5002DDAFC /* Build configuration list for PBXNativeTarget "TestsExampleUITests" */;
			buildPhases = (
				F3C765FB2B071AB5002DDAFC /* Sources */,
				F3C765FC2B071AB5002DDAFC /* Frameworks */,
				F3C765FD2B071AB5002DDAFC /* Resources */,
			);
			buildRules = (
			);
			dependencies = (
				F3C766012B071AB5002DDAFC /* PBXTargetDependency */,
			);
			name = TestsExampleUITests;
			productName = TestsExampleUITests;
			productReference = F3C765FF2B071AB5002DDAFC /* TestsExampleUITests.xctest */;
			productType = "com.apple.product-type.bundle.ui-testing";
		};
/* End PBXNativeTarget section */

/* Begin PBXProject section */
		F3C765D42B071AB3002DDAFC /* Project object */ = {
			isa = PBXProject;
			attributes = {
				BuildIndependentTargetsInParallel = 1;
				LastSwiftUpdateCheck = 1430;
				LastUpgradeCheck = 1430;
				TargetAttributes = {
					F3C765DB2B071AB3002DDAFC = {
						CreatedOnToolsVersion = 14.3.1;
					};
					F3C765F42B071AB5002DDAFC = {
						CreatedOnToolsVersion = 14.3.1;
						TestTargetID = F3C765DB2B071AB3002DDAFC;
					};
					F3C765FE2B071AB5002DDAFC = {
						CreatedOnToolsVersion = 14.3.1;
						TestTargetID = F3C765DB2B071AB3002DDAFC;
					};
				};
			};
			buildConfigurationList = F3C765D72B071AB3002DDAFC /* Build configuration list for PBXProject "TestsExample" */;
			compatibilityVersion = "Xcode 14.0";
			developmentRegion = en;
			hasScannedForEncodings = 0;
			knownRegions = (
				en,
				Base,
			);
			mainGroup = F3C765D32B071AB3002DDAFC;
			packageReferences = (
				F3C7662B2B073106002DDAFC /* XCRemoteSwiftPackageReference "SDWebImage" */,
				F3C7662E2B073118002DDAFC /* XCRemoteSwiftPackageReference "Swinject" */,
				F3C7663A2B07350E002DDAFC /* XCRemoteSwiftPackageReference "RxSwift" */,
			);
			productRefGroup = F3C765DD2B071AB3002DDAFC /* Products */;
			projectDirPath = "";
			projectRoot = "";
			targets = (
				F3C765DB2B071AB3002DDAFC /* TestsExample */,
				F3C765F42B071AB5002DDAFC /* TestsExampleTests */,
				F3C765FE2B071AB5002DDAFC /* TestsExampleUITests */,
			);
		};
/* End PBXProject section */

/* Begin PBXResourcesBuildPhase section */
		F3C765DA2B071AB3002DDAFC /* Resources */ = {
			isa = PBXResourcesBuildPhase;
			buildActionMask = 2147483647;
			files = (
				F3C765EF2B071AB4002DDAFC /* LaunchScreen.storyboard in Resources */,
				F3C765EC2B071AB4002DDAFC /* Assets.xcassets in Resources */,
			);
			runOnlyForDeploymentPostprocessing = 0;
		};
		F3C765F32B071AB5002DDAFC /* Resources */ = {
			isa = PBXResourcesBuildPhase;
			buildActionMask = 2147483647;
			files = (
			);
			runOnlyForDeploymentPostprocessing = 0;
		};
		F3C765FD2B071AB5002DDAFC /* Resources */ = {
			isa = PBXResourcesBuildPhase;
			buildActionMask = 2147483647;
			files = (
			);
			runOnlyForDeploymentPostprocessing = 0;
		};
/* End PBXResourcesBuildPhase section */

/* Begin PBXSourcesBuildPhase section */
		F3C765D82B071AB3002DDAFC /* Sources */ = {
			isa = PBXSourcesBuildPhase;
			buildActionMask = 2147483647;
			files = (
				F37C73362B092CC500FC13B1 /* LocalStorage.swift in Sources */,
				F37C73192B07D32200FC13B1 /* CoreModule.swift in Sources */,
				F3C766322B073156002DDAFC /* UIImageView+Extension.swift in Sources */,
				F3C766682B07CA28002DDAFC /* Resolver+Extension.swift in Sources */,
				F3C766492B073984002DDAFC /* PublishObservable.swift in Sources */,
				F37C73332B09237F00FC13B1 /* CoreModule+Data.swift in Sources */,
				F3C766572B0740BE002DDAFC /* CoordinatorArgs.swift in Sources */,
				F3C766522B073F99002DDAFC /* Coordinator.swift in Sources */,
				F37C73242B07D74B00FC13B1 /* Reusable.swift in Sources */,
				F37C732F2B07D96C00FC13B1 /* CoreModule+Domain.swift in Sources */,
				F3C7665C2B0795BF002DDAFC /* MainControllerProvider.swift in Sources */,
				F3C765EA2B071AB3002DDAFC /* TestsExample.xcdatamodeld in Sources */,
				F37C732A2B07D8B600FC13B1 /* UseCase.swift in Sources */,
				F37C731B2B07D35900FC13B1 /* BaseModule.swift in Sources */,
				F3C766552B074061002DDAFC /* PresentArgs.swift in Sources */,
				F3C766592B07413B002DDAFC /* CoordinatorType.swift in Sources */,
				F37C73222B07D6E000FC13B1 /* ClosureUseCase.swift in Sources */,
				F3C765E02B071AB3002DDAFC /* AppDelegate.swift in Sources */,
				F3C7661C2B07251B002DDAFC /* SplashViewController.swift in Sources */,
				F3C766172B072456002DDAFC /* String+Extension.swift in Sources */,
				F37C73262B07D77E00FC13B1 /* CaseResult.swift in Sources */,
				F37C731E2B07D4A700FC13B1 /* CoreModule+Presentation.swift in Sources */,
				F37C733A2B0932F500FC13B1 /* UserDefaultsLocalStorage.swift in Sources */,
				F3C7664B2B073A78002DDAFC /* BehaviorObservable.swift in Sources */,
				F3C766392B073472002DDAFC /* BaseViewModel.swift in Sources */,
				F37C73282B07D80700FC13B1 /* AnyClosureUseCase.swift in Sources */,
				F37C73382B092D3E00FC13B1 /* KeychainLocalStorage.swift in Sources */,
				F3C766612B079D13002DDAFC /* SplashModule.swift in Sources */,
				F3C766362B073458002DDAFC /* BaseViewController.swift in Sources */,
				F37C733D2B09379700FC13B1 /* CodableHelper.swift in Sources */,
				F3C766642B07C92C002DDAFC /* SplashViewModel.swift in Sources */,
				F3C766502B073DB9002DDAFC /* NotificationCenterWrapperImpl.swift in Sources */,
				F3C7665E2B079731002DDAFC /* Injection.swift in Sources */,
				F3C7664E2B073D7B002DDAFC /* NotificationCenterWrapper.swift in Sources */,
				F37C733F2B09694500FC13B1 /* MemoryLocalStorage.swift in Sources */,
				F37C732C2B07D8D400FC13B1 /* AnyUseCase.swift in Sources */,
				F3C765E22B071AB3002DDAFC /* SceneDelegate.swift in Sources */,
			);
			runOnlyForDeploymentPostprocessing = 0;
		};
		F3C765F12B071AB5002DDAFC /* Sources */ = {
			isa = PBXSourcesBuildPhase;
			buildActionMask = 2147483647;
			files = (
				F3C765FA2B071AB5002DDAFC /* TestsExampleTests.swift in Sources */,
			);
			runOnlyForDeploymentPostprocessing = 0;
		};
		F3C765FB2B071AB5002DDAFC /* Sources */ = {
			isa = PBXSourcesBuildPhase;
			buildActionMask = 2147483647;
			files = (
				F3C766042B071AB5002DDAFC /* TestsExampleUITests.swift in Sources */,
				F3C766062B071AB5002DDAFC /* TestsExampleUITestsLaunchTests.swift in Sources */,
			);
			runOnlyForDeploymentPostprocessing = 0;
		};
/* End PBXSourcesBuildPhase section */

/* Begin PBXTargetDependency section */
		F3C765F72B071AB5002DDAFC /* PBXTargetDependency */ = {
			isa = PBXTargetDependency;
			target = F3C765DB2B071AB3002DDAFC /* TestsExample */;
			targetProxy = F3C765F62B071AB5002DDAFC /* PBXContainerItemProxy */;
		};
		F3C766012B071AB5002DDAFC /* PBXTargetDependency */ = {
			isa = PBXTargetDependency;
			target = F3C765DB2B071AB3002DDAFC /* TestsExample */;
			targetProxy = F3C766002B071AB5002DDAFC /* PBXContainerItemProxy */;
		};
/* End PBXTargetDependency section */

/* Begin PBXVariantGroup section */
		F3C765ED2B071AB4002DDAFC /* LaunchScreen.storyboard */ = {
			isa = PBXVariantGroup;
			children = (
				F3C765EE2B071AB4002DDAFC /* Base */,
			);
			name = LaunchScreen.storyboard;
			sourceTree = "<group>";
		};
/* End PBXVariantGroup section */

/* Begin XCBuildConfiguration section */
		F3C766072B071AB5002DDAFC /* Debug */ = {
			isa = XCBuildConfiguration;
			buildSettings = {
				ALWAYS_SEARCH_USER_PATHS = NO;
				CLANG_ANALYZER_NONNULL = YES;
				CLANG_ANALYZER_NUMBER_OBJECT_CONVERSION = YES_AGGRESSIVE;
				CLANG_CXX_LANGUAGE_STANDARD = "gnu++20";
				CLANG_ENABLE_MODULES = YES;
				CLANG_ENABLE_OBJC_ARC = YES;
				CLANG_ENABLE_OBJC_WEAK = YES;
				CLANG_WARN_BLOCK_CAPTURE_AUTORELEASING = YES;
				CLANG_WARN_BOOL_CONVERSION = YES;
				CLANG_WARN_COMMA = YES;
				CLANG_WARN_CONSTANT_CONVERSION = YES;
				CLANG_WARN_DEPRECATED_OBJC_IMPLEMENTATIONS = YES;
				CLANG_WARN_DIRECT_OBJC_ISA_USAGE = YES_ERROR;
				CLANG_WARN_DOCUMENTATION_COMMENTS = YES;
				CLANG_WARN_EMPTY_BODY = YES;
				CLANG_WARN_ENUM_CONVERSION = YES;
				CLANG_WARN_INFINITE_RECURSION = YES;
				CLANG_WARN_INT_CONVERSION = YES;
				CLANG_WARN_NON_LITERAL_NULL_CONVERSION = YES;
				CLANG_WARN_OBJC_IMPLICIT_RETAIN_SELF = YES;
				CLANG_WARN_OBJC_LITERAL_CONVERSION = YES;
				CLANG_WARN_OBJC_ROOT_CLASS = YES_ERROR;
				CLANG_WARN_QUOTED_INCLUDE_IN_FRAMEWORK_HEADER = YES;
				CLANG_WARN_RANGE_LOOP_ANALYSIS = YES;
				CLANG_WARN_STRICT_PROTOTYPES = YES;
				CLANG_WARN_SUSPICIOUS_MOVE = YES;
				CLANG_WARN_UNGUARDED_AVAILABILITY = YES_AGGRESSIVE;
				CLANG_WARN_UNREACHABLE_CODE = YES;
				CLANG_WARN__DUPLICATE_METHOD_MATCH = YES;
				COPY_PHASE_STRIP = NO;
				DEBUG_INFORMATION_FORMAT = dwarf;
				ENABLE_STRICT_OBJC_MSGSEND = YES;
				ENABLE_TESTABILITY = YES;
				GCC_C_LANGUAGE_STANDARD = gnu11;
				GCC_DYNAMIC_NO_PIC = NO;
				GCC_NO_COMMON_BLOCKS = YES;
				GCC_OPTIMIZATION_LEVEL = 0;
				GCC_PREPROCESSOR_DEFINITIONS = (
					"DEBUG=1",
					"$(inherited)",
				);
				GCC_WARN_64_TO_32_BIT_CONVERSION = YES;
				GCC_WARN_ABOUT_RETURN_TYPE = YES_ERROR;
				GCC_WARN_UNDECLARED_SELECTOR = YES;
				GCC_WARN_UNINITIALIZED_AUTOS = YES_AGGRESSIVE;
				GCC_WARN_UNUSED_FUNCTION = YES;
				GCC_WARN_UNUSED_VARIABLE = YES;
				IPHONEOS_DEPLOYMENT_TARGET = 16.4;
				MTL_ENABLE_DEBUG_INFO = INCLUDE_SOURCE;
				MTL_FAST_MATH = YES;
				ONLY_ACTIVE_ARCH = YES;
				SDKROOT = iphoneos;
				SWIFT_ACTIVE_COMPILATION_CONDITIONS = DEBUG;
				SWIFT_OPTIMIZATION_LEVEL = "-Onone";
			};
			name = Debug;
		};
		F3C766082B071AB5002DDAFC /* Release */ = {
			isa = XCBuildConfiguration;
			buildSettings = {
				ALWAYS_SEARCH_USER_PATHS = NO;
				CLANG_ANALYZER_NONNULL = YES;
				CLANG_ANALYZER_NUMBER_OBJECT_CONVERSION = YES_AGGRESSIVE;
				CLANG_CXX_LANGUAGE_STANDARD = "gnu++20";
				CLANG_ENABLE_MODULES = YES;
				CLANG_ENABLE_OBJC_ARC = YES;
				CLANG_ENABLE_OBJC_WEAK = YES;
				CLANG_WARN_BLOCK_CAPTURE_AUTORELEASING = YES;
				CLANG_WARN_BOOL_CONVERSION = YES;
				CLANG_WARN_COMMA = YES;
				CLANG_WARN_CONSTANT_CONVERSION = YES;
				CLANG_WARN_DEPRECATED_OBJC_IMPLEMENTATIONS = YES;
				CLANG_WARN_DIRECT_OBJC_ISA_USAGE = YES_ERROR;
				CLANG_WARN_DOCUMENTATION_COMMENTS = YES;
				CLANG_WARN_EMPTY_BODY = YES;
				CLANG_WARN_ENUM_CONVERSION = YES;
				CLANG_WARN_INFINITE_RECURSION = YES;
				CLANG_WARN_INT_CONVERSION = YES;
				CLANG_WARN_NON_LITERAL_NULL_CONVERSION = YES;
				CLANG_WARN_OBJC_IMPLICIT_RETAIN_SELF = YES;
				CLANG_WARN_OBJC_LITERAL_CONVERSION = YES;
				CLANG_WARN_OBJC_ROOT_CLASS = YES_ERROR;
				CLANG_WARN_QUOTED_INCLUDE_IN_FRAMEWORK_HEADER = YES;
				CLANG_WARN_RANGE_LOOP_ANALYSIS = YES;
				CLANG_WARN_STRICT_PROTOTYPES = YES;
				CLANG_WARN_SUSPICIOUS_MOVE = YES;
				CLANG_WARN_UNGUARDED_AVAILABILITY = YES_AGGRESSIVE;
				CLANG_WARN_UNREACHABLE_CODE = YES;
				CLANG_WARN__DUPLICATE_METHOD_MATCH = YES;
				COPY_PHASE_STRIP = NO;
				DEBUG_INFORMATION_FORMAT = "dwarf-with-dsym";
				ENABLE_NS_ASSERTIONS = NO;
				ENABLE_STRICT_OBJC_MSGSEND = YES;
				GCC_C_LANGUAGE_STANDARD = gnu11;
				GCC_NO_COMMON_BLOCKS = YES;
				GCC_WARN_64_TO_32_BIT_CONVERSION = YES;
				GCC_WARN_ABOUT_RETURN_TYPE = YES_ERROR;
				GCC_WARN_UNDECLARED_SELECTOR = YES;
				GCC_WARN_UNINITIALIZED_AUTOS = YES_AGGRESSIVE;
				GCC_WARN_UNUSED_FUNCTION = YES;
				GCC_WARN_UNUSED_VARIABLE = YES;
				IPHONEOS_DEPLOYMENT_TARGET = 16.4;
				MTL_ENABLE_DEBUG_INFO = NO;
				MTL_FAST_MATH = YES;
				SDKROOT = iphoneos;
				SWIFT_COMPILATION_MODE = wholemodule;
				SWIFT_OPTIMIZATION_LEVEL = "-O";
				VALIDATE_PRODUCT = YES;
			};
			name = Release;
		};
		F3C7660A2B071AB5002DDAFC /* Debug */ = {
			isa = XCBuildConfiguration;
			buildSettings = {
				ASSETCATALOG_COMPILER_APPICON_NAME = AppIcon;
				CODE_SIGN_STYLE = Automatic;
				CURRENT_PROJECT_VERSION = 1;
				DEVELOPMENT_TEAM = TQ4Y5Q73BC;
				GENERATE_INFOPLIST_FILE = YES;
				INFOPLIST_FILE = TestsExample/Resources/Info.plist;
				INFOPLIST_KEY_UIApplicationSupportsIndirectInputEvents = YES;
				INFOPLIST_KEY_UILaunchStoryboardName = LaunchScreen;
				INFOPLIST_KEY_UISupportedInterfaceOrientations_iPad = "UIInterfaceOrientationPortrait UIInterfaceOrientationPortraitUpsideDown UIInterfaceOrientationLandscapeLeft UIInterfaceOrientationLandscapeRight";
				INFOPLIST_KEY_UISupportedInterfaceOrientations_iPhone = "UIInterfaceOrientationPortrait UIInterfaceOrientationLandscapeLeft UIInterfaceOrientationLandscapeRight";
				LD_RUNPATH_SEARCH_PATHS = (
					"$(inherited)",
					"@executable_path/Frameworks",
				);
				MARKETING_VERSION = 1.0.0;
				PRODUCT_BUNDLE_IDENTIFIER = hrool20.pe.TestsExample;
				PRODUCT_NAME = "$(TARGET_NAME)";
				SWIFT_EMIT_LOC_STRINGS = YES;
				SWIFT_VERSION = 5.0;
				TARGETED_DEVICE_FAMILY = "1,2";
			};
			name = Debug;
		};
		F3C7660B2B071AB5002DDAFC /* Release */ = {
			isa = XCBuildConfiguration;
			buildSettings = {
				ASSETCATALOG_COMPILER_APPICON_NAME = AppIcon;
				CODE_SIGN_STYLE = Automatic;
				CURRENT_PROJECT_VERSION = 1;
				DEVELOPMENT_TEAM = TQ4Y5Q73BC;
				GENERATE_INFOPLIST_FILE = YES;
				INFOPLIST_FILE = TestsExample/Resources/Info.plist;
				INFOPLIST_KEY_UIApplicationSupportsIndirectInputEvents = YES;
				INFOPLIST_KEY_UILaunchStoryboardName = LaunchScreen;
				INFOPLIST_KEY_UISupportedInterfaceOrientations_iPad = "UIInterfaceOrientationPortrait UIInterfaceOrientationPortraitUpsideDown UIInterfaceOrientationLandscapeLeft UIInterfaceOrientationLandscapeRight";
				INFOPLIST_KEY_UISupportedInterfaceOrientations_iPhone = "UIInterfaceOrientationPortrait UIInterfaceOrientationLandscapeLeft UIInterfaceOrientationLandscapeRight";
				LD_RUNPATH_SEARCH_PATHS = (
					"$(inherited)",
					"@executable_path/Frameworks",
				);
				MARKETING_VERSION = 1.0.0;
				PRODUCT_BUNDLE_IDENTIFIER = hrool20.pe.TestsExample;
				PRODUCT_NAME = "$(TARGET_NAME)";
				SWIFT_EMIT_LOC_STRINGS = YES;
				SWIFT_VERSION = 5.0;
				TARGETED_DEVICE_FAMILY = "1,2";
			};
			name = Release;
		};
		F3C7660D2B071AB5002DDAFC /* Debug */ = {
			isa = XCBuildConfiguration;
			buildSettings = {
				ALWAYS_EMBED_SWIFT_STANDARD_LIBRARIES = YES;
				BUNDLE_LOADER = "$(TEST_HOST)";
				CODE_SIGN_STYLE = Automatic;
				CURRENT_PROJECT_VERSION = 1;
				DEVELOPMENT_TEAM = TQ4Y5Q73BC;
				GENERATE_INFOPLIST_FILE = YES;
				IPHONEOS_DEPLOYMENT_TARGET = 16.4;
				MARKETING_VERSION = 1.0;
				PRODUCT_BUNDLE_IDENTIFIER = hrool20.pe.TestsExampleTests;
				PRODUCT_NAME = "$(TARGET_NAME)";
				SWIFT_EMIT_LOC_STRINGS = NO;
				SWIFT_VERSION = 5.0;
				TARGETED_DEVICE_FAMILY = "1,2";
				TEST_HOST = "$(BUILT_PRODUCTS_DIR)/TestsExample.app/$(BUNDLE_EXECUTABLE_FOLDER_PATH)/TestsExample";
			};
			name = Debug;
		};
		F3C7660E2B071AB5002DDAFC /* Release */ = {
			isa = XCBuildConfiguration;
			buildSettings = {
				ALWAYS_EMBED_SWIFT_STANDARD_LIBRARIES = YES;
				BUNDLE_LOADER = "$(TEST_HOST)";
				CODE_SIGN_STYLE = Automatic;
				CURRENT_PROJECT_VERSION = 1;
				DEVELOPMENT_TEAM = TQ4Y5Q73BC;
				GENERATE_INFOPLIST_FILE = YES;
				IPHONEOS_DEPLOYMENT_TARGET = 16.4;
				MARKETING_VERSION = 1.0;
				PRODUCT_BUNDLE_IDENTIFIER = hrool20.pe.TestsExampleTests;
				PRODUCT_NAME = "$(TARGET_NAME)";
				SWIFT_EMIT_LOC_STRINGS = NO;
				SWIFT_VERSION = 5.0;
				TARGETED_DEVICE_FAMILY = "1,2";
				TEST_HOST = "$(BUILT_PRODUCTS_DIR)/TestsExample.app/$(BUNDLE_EXECUTABLE_FOLDER_PATH)/TestsExample";
			};
			name = Release;
		};
		F3C766102B071AB5002DDAFC /* Debug */ = {
			isa = XCBuildConfiguration;
			buildSettings = {
				ALWAYS_EMBED_SWIFT_STANDARD_LIBRARIES = YES;
				CODE_SIGN_STYLE = Automatic;
				CURRENT_PROJECT_VERSION = 1;
				DEVELOPMENT_TEAM = TQ4Y5Q73BC;
				GENERATE_INFOPLIST_FILE = YES;
				MARKETING_VERSION = 1.0;
				PRODUCT_BUNDLE_IDENTIFIER = hrool20.pe.TestsExampleUITests;
				PRODUCT_NAME = "$(TARGET_NAME)";
				SWIFT_EMIT_LOC_STRINGS = NO;
				SWIFT_VERSION = 5.0;
				TARGETED_DEVICE_FAMILY = "1,2";
				TEST_TARGET_NAME = TestsExample;
			};
			name = Debug;
		};
		F3C766112B071AB5002DDAFC /* Release */ = {
			isa = XCBuildConfiguration;
			buildSettings = {
				ALWAYS_EMBED_SWIFT_STANDARD_LIBRARIES = YES;
				CODE_SIGN_STYLE = Automatic;
				CURRENT_PROJECT_VERSION = 1;
				DEVELOPMENT_TEAM = TQ4Y5Q73BC;
				GENERATE_INFOPLIST_FILE = YES;
				MARKETING_VERSION = 1.0;
				PRODUCT_BUNDLE_IDENTIFIER = hrool20.pe.TestsExampleUITests;
				PRODUCT_NAME = "$(TARGET_NAME)";
				SWIFT_EMIT_LOC_STRINGS = NO;
				SWIFT_VERSION = 5.0;
				TARGETED_DEVICE_FAMILY = "1,2";
				TEST_TARGET_NAME = TestsExample;
			};
			name = Release;
		};
/* End XCBuildConfiguration section */

/* Begin XCConfigurationList section */
		F3C765D72B071AB3002DDAFC /* Build configuration list for PBXProject "TestsExample" */ = {
			isa = XCConfigurationList;
			buildConfigurations = (
				F3C766072B071AB5002DDAFC /* Debug */,
				F3C766082B071AB5002DDAFC /* Release */,
			);
			defaultConfigurationIsVisible = 0;
			defaultConfigurationName = Release;
		};
		F3C766092B071AB5002DDAFC /* Build configuration list for PBXNativeTarget "TestsExample" */ = {
			isa = XCConfigurationList;
			buildConfigurations = (
				F3C7660A2B071AB5002DDAFC /* Debug */,
				F3C7660B2B071AB5002DDAFC /* Release */,
			);
			defaultConfigurationIsVisible = 0;
			defaultConfigurationName = Release;
		};
		F3C7660C2B071AB5002DDAFC /* Build configuration list for PBXNativeTarget "TestsExampleTests" */ = {
			isa = XCConfigurationList;
			buildConfigurations = (
				F3C7660D2B071AB5002DDAFC /* Debug */,
				F3C7660E2B071AB5002DDAFC /* Release */,
			);
			defaultConfigurationIsVisible = 0;
			defaultConfigurationName = Release;
		};
		F3C7660F2B071AB5002DDAFC /* Build configuration list for PBXNativeTarget "TestsExampleUITests" */ = {
			isa = XCConfigurationList;
			buildConfigurations = (
				F3C766102B071AB5002DDAFC /* Debug */,
				F3C766112B071AB5002DDAFC /* Release */,
			);
			defaultConfigurationIsVisible = 0;
			defaultConfigurationName = Release;
		};
/* End XCConfigurationList section */

/* Begin XCRemoteSwiftPackageReference section */
		F3C7662B2B073106002DDAFC /* XCRemoteSwiftPackageReference "SDWebImage" */ = {
			isa = XCRemoteSwiftPackageReference;
			repositoryURL = "https://github.com/SDWebImage/SDWebImage";
			requirement = {
				kind = exactVersion;
				version = 5.18.5;
			};
		};
		F3C7662E2B073118002DDAFC /* XCRemoteSwiftPackageReference "Swinject" */ = {
			isa = XCRemoteSwiftPackageReference;
			repositoryURL = "https://github.com/Swinject/Swinject";
			requirement = {
				kind = exactVersion;
				version = 2.8.4;
			};
		};
		F3C7663A2B07350E002DDAFC /* XCRemoteSwiftPackageReference "RxSwift" */ = {
			isa = XCRemoteSwiftPackageReference;
			repositoryURL = "https://github.com/ReactiveX/RxSwift";
			requirement = {
				kind = exactVersion;
				version = 6.5.0;
			};
		};
/* End XCRemoteSwiftPackageReference section */

/* Begin XCSwiftPackageProductDependency section */
		F3C7662C2B073106002DDAFC /* SDWebImage */ = {
			isa = XCSwiftPackageProductDependency;
			package = F3C7662B2B073106002DDAFC /* XCRemoteSwiftPackageReference "SDWebImage" */;
			productName = SDWebImage;
		};
		F3C7662F2B073118002DDAFC /* Swinject */ = {
			isa = XCSwiftPackageProductDependency;
			package = F3C7662E2B073118002DDAFC /* XCRemoteSwiftPackageReference "Swinject" */;
			productName = Swinject;
		};
		F3C7663B2B07350E002DDAFC /* RxBlocking */ = {
			isa = XCSwiftPackageProductDependency;
			package = F3C7663A2B07350E002DDAFC /* XCRemoteSwiftPackageReference "RxSwift" */;
			productName = RxBlocking;
		};
		F3C7663D2B07350E002DDAFC /* RxCocoa */ = {
			isa = XCSwiftPackageProductDependency;
			package = F3C7663A2B07350E002DDAFC /* XCRemoteSwiftPackageReference "RxSwift" */;
			productName = RxCocoa;
		};
		F3C7663F2B07350E002DDAFC /* RxRelay */ = {
			isa = XCSwiftPackageProductDependency;
			package = F3C7663A2B07350E002DDAFC /* XCRemoteSwiftPackageReference "RxSwift" */;
			productName = RxRelay;
		};
		F3C766412B07350E002DDAFC /* RxSwift */ = {
			isa = XCSwiftPackageProductDependency;
			package = F3C7663A2B07350E002DDAFC /* XCRemoteSwiftPackageReference "RxSwift" */;
			productName = RxSwift;
		};
/* End XCSwiftPackageProductDependency section */

/* Begin XCVersionGroup section */
		F3C765E82B071AB3002DDAFC /* TestsExample.xcdatamodeld */ = {
			isa = XCVersionGroup;
			children = (
				F3C765E92B071AB3002DDAFC /* TestsExample.xcdatamodel */,
			);
			currentVersion = F3C765E92B071AB3002DDAFC /* TestsExample.xcdatamodel */;
			path = TestsExample.xcdatamodeld;
			sourceTree = "<group>";
			versionGroupType = wrapper.xcdatamodel;
		};
/* End XCVersionGroup section */
	};
	rootObject = F3C765D42B071AB3002DDAFC /* Project object */;
}
