// !$*UTF8*$!
{
	archiveVersion = 1;
	classes = {
	};
	objectVersion = 56;
	objects = {

/* Begin PBXBuildFile section */
		F37C73192B07D32200FC13B1 /* CoreModule.swift in Sources */ = {isa = PBXBuildFile; fileRef = F37C73182B07D32200FC13B1 /* CoreModule.swift */; };
		F37C731B2B07D35900FC13B1 /* BaseModule.swift in Sources */ = {isa = PBXBuildFile; fileRef = F37C731A2B07D35900FC13B1 /* BaseModule.swift */; };
		F37C731E2B07D4A700FC13B1 /* CoreModule+Presentation.swift in Sources */ = {isa = PBXBuildFile; fileRef = F37C731D2B07D4A700FC13B1 /* CoreModule+Presentation.swift */; };
		F37C73222B07D6E000FC13B1 /* ClosureUseCase.swift in Sources */ = {isa = PBXBuildFile; fileRef = F37C73212B07D6E000FC13B1 /* ClosureUseCase.swift */; };
		F37C73242B07D74B00FC13B1 /* Reusable.swift in Sources */ = {isa = PBXBuildFile; fileRef = F37C73232B07D74B00FC13B1 /* Reusable.swift */; };
		F37C73262B07D77E00FC13B1 /* CaseResult.swift in Sources */ = {isa = PBXBuildFile; fileRef = F37C73252B07D77E00FC13B1 /* CaseResult.swift */; };
		F37C73282B07D80700FC13B1 /* AnyClosureUseCase.swift in Sources */ = {isa = PBXBuildFile; fileRef = F37C73272B07D80700FC13B1 /* AnyClosureUseCase.swift */; };
		F37C732A2B07D8B600FC13B1 /* UseCase.swift in Sources */ = {isa = PBXBuildFile; fileRef = F37C73292B07D8B600FC13B1 /* UseCase.swift */; };
		F37C732C2B07D8D400FC13B1 /* AnyUseCase.swift in Sources */ = {isa = PBXBuildFile; fileRef = F37C732B2B07D8D400FC13B1 /* AnyUseCase.swift */; };
		F37C732F2B07D96C00FC13B1 /* CoreModule+Domain.swift in Sources */ = {isa = PBXBuildFile; fileRef = F37C732E2B07D96C00FC13B1 /* CoreModule+Domain.swift */; };
		F37C73332B09237F00FC13B1 /* CoreModule+Data.swift in Sources */ = {isa = PBXBuildFile; fileRef = F37C73322B09237F00FC13B1 /* CoreModule+Data.swift */; };
		F37C73362B092CC500FC13B1 /* LocalStorage.swift in Sources */ = {isa = PBXBuildFile; fileRef = F37C73352B092CC500FC13B1 /* LocalStorage.swift */; };
		F37C73382B092D3E00FC13B1 /* KeychainLocalStorage.swift in Sources */ = {isa = PBXBuildFile; fileRef = F37C73372B092D3E00FC13B1 /* KeychainLocalStorage.swift */; };
		F37C733A2B0932F500FC13B1 /* UserDefaultsLocalStorage.swift in Sources */ = {isa = PBXBuildFile; fileRef = F37C73392B0932F500FC13B1 /* UserDefaultsLocalStorage.swift */; };
		F37C733D2B09379700FC13B1 /* CodableHelper.swift in Sources */ = {isa = PBXBuildFile; fileRef = F37C733C2B09379700FC13B1 /* CodableHelper.swift */; };
		F37C733F2B09694500FC13B1 /* MemoryLocalStorage.swift in Sources */ = {isa = PBXBuildFile; fileRef = F37C733E2B09694500FC13B1 /* MemoryLocalStorage.swift */; };
		F37C73412B09730B00FC13B1 /* UITableView+Extension.swift in Sources */ = {isa = PBXBuildFile; fileRef = F37C73402B09730B00FC13B1 /* UITableView+Extension.swift */; };
		F37C73432B09A62700FC13B1 /* UICollectionView+Extension.swift in Sources */ = {isa = PBXBuildFile; fileRef = F37C73422B09A62700FC13B1 /* UICollectionView+Extension.swift */; };
		F37C73452B09A8E800FC13B1 /* DateConstants.swift in Sources */ = {isa = PBXBuildFile; fileRef = F37C73442B09A8E800FC13B1 /* DateConstants.swift */; };
		F37C73472B09ACF400FC13B1 /* Date+Extension.swift in Sources */ = {isa = PBXBuildFile; fileRef = F37C73462B09ACF400FC13B1 /* Date+Extension.swift */; };
		F382D6902B0B27E100596989 /* NetworkManager.swift in Sources */ = {isa = PBXBuildFile; fileRef = F382D68F2B0B27E100596989 /* NetworkManager.swift */; };
		F382D6922B0B294C00596989 /* NetworkManagerImpl.swift in Sources */ = {isa = PBXBuildFile; fileRef = F382D6912B0B294C00596989 /* NetworkManagerImpl.swift */; };
		F3B59A352B09BFA900E421BD /* MainTabBarController.swift in Sources */ = {isa = PBXBuildFile; fileRef = F3B59A342B09BFA900E421BD /* MainTabBarController.swift */; };
		F3B59A392B09BFE500E421BD /* BaseTabBarController.swift in Sources */ = {isa = PBXBuildFile; fileRef = F3B59A382B09BFE500E421BD /* BaseTabBarController.swift */; };
		F3B59A3B2B09C0EC00E421BD /* SubscribeHelper.swift in Sources */ = {isa = PBXBuildFile; fileRef = F3B59A3A2B09C0EC00E421BD /* SubscribeHelper.swift */; };
		F3B59A3D2B09C18000E421BD /* BaseController.swift in Sources */ = {isa = PBXBuildFile; fileRef = F3B59A3C2B09C18000E421BD /* BaseController.swift */; };
		F3B59A402B09C70300E421BD /* MainTabBarViewModel.swift in Sources */ = {isa = PBXBuildFile; fileRef = F3B59A3F2B09C70300E421BD /* MainTabBarViewModel.swift */; };
		F3B59A432B09C93400E421BD /* MainTabBarModule.swift in Sources */ = {isa = PBXBuildFile; fileRef = F3B59A422B09C93400E421BD /* MainTabBarModule.swift */; };
		F3B59A452B09CADA00E421BD /* UIApplication+Extension.swift in Sources */ = {isa = PBXBuildFile; fileRef = F3B59A442B09CADA00E421BD /* UIApplication+Extension.swift */; };
		F3B59A4B2B09CEFB00E421BD /* ProductsViewModel.swift in Sources */ = {isa = PBXBuildFile; fileRef = F3B59A4A2B09CEFB00E421BD /* ProductsViewModel.swift */; };
		F3B59A4D2B09CFF200E421BD /* ProductsViewController.swift in Sources */ = {isa = PBXBuildFile; fileRef = F3B59A4C2B09CFF200E421BD /* ProductsViewController.swift */; };
		F3B59A502B09D2CA00E421BD /* ProductModule.swift in Sources */ = {isa = PBXBuildFile; fileRef = F3B59A4F2B09D2CA00E421BD /* ProductModule.swift */; };
		F3B59A532B09D56200E421BD /* UiProduct.swift in Sources */ = {isa = PBXBuildFile; fileRef = F3B59A522B09D56200E421BD /* UiProduct.swift */; };
		F3B59A562B09D5FD00E421BD /* ProductPresentationMapper.swift in Sources */ = {isa = PBXBuildFile; fileRef = F3B59A552B09D5FD00E421BD /* ProductPresentationMapper.swift */; };
		F3B59A582B09D61B00E421BD /* UiProductItem.swift in Sources */ = {isa = PBXBuildFile; fileRef = F3B59A572B09D61B00E421BD /* UiProductItem.swift */; };
		F3B59A5A2B09D65800E421BD /* ProductPresentationMapperImpl.swift in Sources */ = {isa = PBXBuildFile; fileRef = F3B59A592B09D65800E421BD /* ProductPresentationMapperImpl.swift */; };
		F3B59A5F2B09D95600E421BD /* FetchProductsUseCase.swift in Sources */ = {isa = PBXBuildFile; fileRef = F3B59A5E2B09D95600E421BD /* FetchProductsUseCase.swift */; };
		F3B59A622B09DDE600E421BD /* ProductDomainMapper.swift in Sources */ = {isa = PBXBuildFile; fileRef = F3B59A612B09DDE600E421BD /* ProductDomainMapper.swift */; };
		F3B59A642B09DDFC00E421BD /* ProductDomainMapperImpl.swift in Sources */ = {isa = PBXBuildFile; fileRef = F3B59A632B09DDFC00E421BD /* ProductDomainMapperImpl.swift */; };
		F3B59A692B09DF2300E421BD /* ProductRepository.swift in Sources */ = {isa = PBXBuildFile; fileRef = F3B59A682B09DF2300E421BD /* ProductRepository.swift */; };
		F3B59A6B2B09DF4E00E421BD /* ProductRepositoryImpl.swift in Sources */ = {isa = PBXBuildFile; fileRef = F3B59A6A2B09DF4E00E421BD /* ProductRepositoryImpl.swift */; };
		F3B59A6E2B09DF6C00E421BD /* DomainProduct.swift in Sources */ = {isa = PBXBuildFile; fileRef = F3B59A6D2B09DF6C00E421BD /* DomainProduct.swift */; };
		F3B59A712B09DF9A00E421BD /* ProductRemoteDataSource.swift in Sources */ = {isa = PBXBuildFile; fileRef = F3B59A702B09DF9A00E421BD /* ProductRemoteDataSource.swift */; };
		F3B59A742B09DFD600E421BD /* ApiProduct.swift in Sources */ = {isa = PBXBuildFile; fileRef = F3B59A732B09DFD600E421BD /* ApiProduct.swift */; };
		F3B59A762B09DFFC00E421BD /* ProductRemoteDataSourceImpl.swift in Sources */ = {isa = PBXBuildFile; fileRef = F3B59A752B09DFFC00E421BD /* ProductRemoteDataSourceImpl.swift */; };
		F3B59A792B09E04B00E421BD /* ProductDataMapper.swift in Sources */ = {isa = PBXBuildFile; fileRef = F3B59A782B09E04B00E421BD /* ProductDataMapper.swift */; };
		F3B59A7B2B09E07200E421BD /* ProductDataMapperImpl.swift in Sources */ = {isa = PBXBuildFile; fileRef = F3B59A7A2B09E07200E421BD /* ProductDataMapperImpl.swift */; };
		F3B59A802B09F14F00E421BD /* ProductTableViewCell.swift in Sources */ = {isa = PBXBuildFile; fileRef = F3B59A7F2B09F14F00E421BD /* ProductTableViewCell.swift */; };
		F3B59A852B0A8E8B00E421BD /* CouponModule.swift in Sources */ = {isa = PBXBuildFile; fileRef = F3B59A842B0A8E8B00E421BD /* CouponModule.swift */; };
		F3B59A882B0A8EDA00E421BD /* CouponRepository.swift in Sources */ = {isa = PBXBuildFile; fileRef = F3B59A872B0A8EDA00E421BD /* CouponRepository.swift */; };
		F3B59A8A2B0A8F2F00E421BD /* CouponRepositoryImpl.swift in Sources */ = {isa = PBXBuildFile; fileRef = F3B59A892B0A8F2F00E421BD /* CouponRepositoryImpl.swift */; };
		F3B59A8D2B0A8F4900E421BD /* CouponDataMapper.swift in Sources */ = {isa = PBXBuildFile; fileRef = F3B59A8C2B0A8F4900E421BD /* CouponDataMapper.swift */; };
		F3B59A8F2B0A8F5B00E421BD /* CouponDataMapperImpl.swift in Sources */ = {isa = PBXBuildFile; fileRef = F3B59A8E2B0A8F5B00E421BD /* CouponDataMapperImpl.swift */; };
		F3B59A922B0A8F7E00E421BD /* ApiCoupon.swift in Sources */ = {isa = PBXBuildFile; fileRef = F3B59A912B0A8F7E00E421BD /* ApiCoupon.swift */; };
		F3B59A952B0A90BA00E421BD /* CouponRemoteDataSource.swift in Sources */ = {isa = PBXBuildFile; fileRef = F3B59A942B0A90BA00E421BD /* CouponRemoteDataSource.swift */; };
		F3B59A972B0A90E700E421BD /* CouponRemoteDataSourceImpl.swift in Sources */ = {isa = PBXBuildFile; fileRef = F3B59A962B0A90E700E421BD /* CouponRemoteDataSourceImpl.swift */; };
		F3B59A9B2B0A942B00E421BD /* FetchCouponsUseCase.swift in Sources */ = {isa = PBXBuildFile; fileRef = F3B59A9A2B0A942B00E421BD /* FetchCouponsUseCase.swift */; };
		F3B59A9E2B0A94CF00E421BD /* CouponDomainMapper.swift in Sources */ = {isa = PBXBuildFile; fileRef = F3B59A9D2B0A94CF00E421BD /* CouponDomainMapper.swift */; };
		F3B59AA02B0A94E800E421BD /* CouponDomainMapperImpl.swift in Sources */ = {isa = PBXBuildFile; fileRef = F3B59A9F2B0A94E800E421BD /* CouponDomainMapperImpl.swift */; };
		F3B59AA32B0A953000E421BD /* DomainCoupon.swift in Sources */ = {isa = PBXBuildFile; fileRef = F3B59AA22B0A953000E421BD /* DomainCoupon.swift */; };
		F3B59AA82B0A982E00E421BD /* UiCoupon.swift in Sources */ = {isa = PBXBuildFile; fileRef = F3B59AA72B0A982E00E421BD /* UiCoupon.swift */; };
		F3B59AAB2B0A997700E421BD /* CouponsViewModel.swift in Sources */ = {isa = PBXBuildFile; fileRef = F3B59AAA2B0A997700E421BD /* CouponsViewModel.swift */; };
		F3B59AAE2B0A999800E421BD /* CouponsViewController.swift in Sources */ = {isa = PBXBuildFile; fileRef = F3B59AAD2B0A999800E421BD /* CouponsViewController.swift */; };
		F3B59AB12B0AB02000E421BD /* CouponCollectionViewCell.swift in Sources */ = {isa = PBXBuildFile; fileRef = F3B59AB02B0AB02000E421BD /* CouponCollectionViewCell.swift */; };
		F3B59AB32B0ABB8200E421BD /* NSLayoutConstraint+Extension.swift in Sources */ = {isa = PBXBuildFile; fileRef = F3B59AB22B0ABB8200E421BD /* NSLayoutConstraint+Extension.swift */; };
		F3B59AB52B0ABC7C00E421BD /* UIView+Extension.swift in Sources */ = {isa = PBXBuildFile; fileRef = F3B59AB42B0ABC7C00E421BD /* UIView+Extension.swift */; };
		F3B59ABB2B0AC62E00E421BD /* RxBlocking in Frameworks */ = {isa = PBXBuildFile; productRef = F3B59ABA2B0AC62E00E421BD /* RxBlocking */; };
		F3B59ABD2B0AC62E00E421BD /* RxCocoa in Frameworks */ = {isa = PBXBuildFile; productRef = F3B59ABC2B0AC62E00E421BD /* RxCocoa */; };
		F3B59ABF2B0AC62E00E421BD /* RxRelay in Frameworks */ = {isa = PBXBuildFile; productRef = F3B59ABE2B0AC62E00E421BD /* RxRelay */; };
		F3B59AC12B0AC62E00E421BD /* RxSwift in Frameworks */ = {isa = PBXBuildFile; productRef = F3B59AC02B0AC62E00E421BD /* RxSwift */; };
		F3B59AC32B0AC62E00E421BD /* RxTest in Frameworks */ = {isa = PBXBuildFile; productRef = F3B59AC22B0AC62E00E421BD /* RxTest */; };
		F3C765E02B071AB3002DDAFC /* AppDelegate.swift in Sources */ = {isa = PBXBuildFile; fileRef = F3C765DF2B071AB3002DDAFC /* AppDelegate.swift */; };
		F3C765E22B071AB3002DDAFC /* SceneDelegate.swift in Sources */ = {isa = PBXBuildFile; fileRef = F3C765E12B071AB3002DDAFC /* SceneDelegate.swift */; };
		F3C765EA2B071AB3002DDAFC /* TestsExample.xcdatamodeld in Sources */ = {isa = PBXBuildFile; fileRef = F3C765E82B071AB3002DDAFC /* TestsExample.xcdatamodeld */; };
		F3C765EC2B071AB4002DDAFC /* Assets.xcassets in Resources */ = {isa = PBXBuildFile; fileRef = F3C765EB2B071AB4002DDAFC /* Assets.xcassets */; };
		F3C765EF2B071AB4002DDAFC /* LaunchScreen.storyboard in Resources */ = {isa = PBXBuildFile; fileRef = F3C765ED2B071AB4002DDAFC /* LaunchScreen.storyboard */; };
		F3C766042B071AB5002DDAFC /* TestsExampleUITests.swift in Sources */ = {isa = PBXBuildFile; fileRef = F3C766032B071AB5002DDAFC /* TestsExampleUITests.swift */; };
		F3C766062B071AB5002DDAFC /* TestsExampleUITestsLaunchTests.swift in Sources */ = {isa = PBXBuildFile; fileRef = F3C766052B071AB5002DDAFC /* TestsExampleUITestsLaunchTests.swift */; };
		F3C766172B072456002DDAFC /* String+Extension.swift in Sources */ = {isa = PBXBuildFile; fileRef = F3C766162B072456002DDAFC /* String+Extension.swift */; };
		F3C7661C2B07251B002DDAFC /* SplashViewController.swift in Sources */ = {isa = PBXBuildFile; fileRef = F3C7661B2B07251B002DDAFC /* SplashViewController.swift */; };
		F3C7662D2B073106002DDAFC /* SDWebImage in Frameworks */ = {isa = PBXBuildFile; productRef = F3C7662C2B073106002DDAFC /* SDWebImage */; };
		F3C766302B073118002DDAFC /* Swinject in Frameworks */ = {isa = PBXBuildFile; productRef = F3C7662F2B073118002DDAFC /* Swinject */; };
		F3C766322B073156002DDAFC /* UIImageView+Extension.swift in Sources */ = {isa = PBXBuildFile; fileRef = F3C766312B073156002DDAFC /* UIImageView+Extension.swift */; };
		F3C766362B073458002DDAFC /* BaseViewController.swift in Sources */ = {isa = PBXBuildFile; fileRef = F3C766352B073458002DDAFC /* BaseViewController.swift */; };
		F3C766392B073472002DDAFC /* BaseViewModel.swift in Sources */ = {isa = PBXBuildFile; fileRef = F3C766382B073472002DDAFC /* BaseViewModel.swift */; };
		F3C766492B073984002DDAFC /* PublishObservable.swift in Sources */ = {isa = PBXBuildFile; fileRef = F3C766482B073984002DDAFC /* PublishObservable.swift */; };
		F3C7664B2B073A78002DDAFC /* BehaviorObservable.swift in Sources */ = {isa = PBXBuildFile; fileRef = F3C7664A2B073A78002DDAFC /* BehaviorObservable.swift */; };
		F3C7664E2B073D7B002DDAFC /* NotificationCenterWrapper.swift in Sources */ = {isa = PBXBuildFile; fileRef = F3C7664D2B073D7B002DDAFC /* NotificationCenterWrapper.swift */; };
		F3C766502B073DB9002DDAFC /* NotificationCenterWrapperImpl.swift in Sources */ = {isa = PBXBuildFile; fileRef = F3C7664F2B073DB9002DDAFC /* NotificationCenterWrapperImpl.swift */; };
		F3C766522B073F99002DDAFC /* Coordinator.swift in Sources */ = {isa = PBXBuildFile; fileRef = F3C766512B073F99002DDAFC /* Coordinator.swift */; };
		F3C766552B074061002DDAFC /* PresentArgs.swift in Sources */ = {isa = PBXBuildFile; fileRef = F3C766542B074061002DDAFC /* PresentArgs.swift */; };
		F3C766572B0740BE002DDAFC /* CoordinatorArgs.swift in Sources */ = {isa = PBXBuildFile; fileRef = F3C766562B0740BE002DDAFC /* CoordinatorArgs.swift */; };
		F3C766592B07413B002DDAFC /* CoordinatorType.swift in Sources */ = {isa = PBXBuildFile; fileRef = F3C766582B07413B002DDAFC /* CoordinatorType.swift */; };
		F3C7665C2B0795BF002DDAFC /* MainControllerProvider.swift in Sources */ = {isa = PBXBuildFile; fileRef = F3C7665B2B0795BF002DDAFC /* MainControllerProvider.swift */; };
		F3C7665E2B079731002DDAFC /* Injection.swift in Sources */ = {isa = PBXBuildFile; fileRef = F3C7665D2B079731002DDAFC /* Injection.swift */; };
		F3C766612B079D13002DDAFC /* SplashModule.swift in Sources */ = {isa = PBXBuildFile; fileRef = F3C766602B079D13002DDAFC /* SplashModule.swift */; };
		F3C766642B07C92C002DDAFC /* SplashViewModel.swift in Sources */ = {isa = PBXBuildFile; fileRef = F3C766632B07C92C002DDAFC /* SplashViewModel.swift */; };
		F3C766682B07CA28002DDAFC /* Resolver+Extension.swift in Sources */ = {isa = PBXBuildFile; fileRef = F3C766672B07CA28002DDAFC /* Resolver+Extension.swift */; };
		F3F0F2762B0ADB39004FCD05 /* SDWebImage in Frameworks */ = {isa = PBXBuildFile; productRef = F3F0F2752B0ADB39004FCD05 /* SDWebImage */; };
		F3F0F27A2B0ADDAA004FCD05 /* GeneratedMocks.swift in Sources */ = {isa = PBXBuildFile; fileRef = F3F0F2792B0ADDAA004FCD05 /* GeneratedMocks.swift */; };
		F3F0F27F2B0ADE34004FCD05 /* RxTestCase.swift in Sources */ = {isa = PBXBuildFile; fileRef = F3F0F27E2B0ADE34004FCD05 /* RxTestCase.swift */; };
		F3F0F2832B0AE021004FCD05 /* TestUseCase.swift in Sources */ = {isa = PBXBuildFile; fileRef = F3F0F2822B0AE021004FCD05 /* TestUseCase.swift */; };
		F3F0F2852B0AE057004FCD05 /* TestClosureUseCase.swift in Sources */ = {isa = PBXBuildFile; fileRef = F3F0F2842B0AE057004FCD05 /* TestClosureUseCase.swift */; };
		F3F0F2882B0AE0FA004FCD05 /* Cuckoo in Frameworks */ = {isa = PBXBuildFile; productRef = F3F0F2872B0AE0FA004FCD05 /* Cuckoo */; };
		F3F0F28E2B0AE7D0004FCD05 /* CouponRepositoryTests.swift in Sources */ = {isa = PBXBuildFile; fileRef = F3F0F28D2B0AE7D0004FCD05 /* CouponRepositoryTests.swift */; };
		F3F0F2922B0AEEC3004FCD05 /* CouponFactory.swift in Sources */ = {isa = PBXBuildFile; fileRef = F3F0F2912B0AEEC3004FCD05 /* CouponFactory.swift */; };
		F3F0F2952B0AF678004FCD05 /* CouponRemoteDataSourceTests.swift in Sources */ = {isa = PBXBuildFile; fileRef = F3F0F2942B0AF678004FCD05 /* CouponRemoteDataSourceTests.swift */; };
		F3F0F2992B0AF870004FCD05 /* FetchCouponsUseCaseTests.swift in Sources */ = {isa = PBXBuildFile; fileRef = F3F0F2982B0AF870004FCD05 /* FetchCouponsUseCaseTests.swift */; };
		F3F0F29D2B0B0B8B004FCD05 /* CouponsViewModelTests.swift in Sources */ = {isa = PBXBuildFile; fileRef = F3F0F29C2B0B0B8B004FCD05 /* CouponsViewModelTests.swift */; };
		F3F0F2A02B0B0EC2004FCD05 /* TestableObserver+Extension.swift in Sources */ = {isa = PBXBuildFile; fileRef = F3F0F29F2B0B0EC2004FCD05 /* TestableObserver+Extension.swift */; };
		F3F0F2A52B0B157E004FCD05 /* ProductRepositoryTests.swift in Sources */ = {isa = PBXBuildFile; fileRef = F3F0F2A42B0B157E004FCD05 /* ProductRepositoryTests.swift */; };
		F3F0F2A72B0B1636004FCD05 /* ProductFactory.swift in Sources */ = {isa = PBXBuildFile; fileRef = F3F0F2A62B0B1636004FCD05 /* ProductFactory.swift */; };
		F3F0F2AA2B0B18C2004FCD05 /* ProductRemoteDataSourceTests.swift in Sources */ = {isa = PBXBuildFile; fileRef = F3F0F2A92B0B18C2004FCD05 /* ProductRemoteDataSourceTests.swift */; };
		F3F0F2AE2B0B199E004FCD05 /* FetchProductsUseCaseTests.swift in Sources */ = {isa = PBXBuildFile; fileRef = F3F0F2AD2B0B199E004FCD05 /* FetchProductsUseCaseTests.swift */; };
		F3F0F2B22B0B1B56004FCD05 /* ProductsViewModelTests.swift in Sources */ = {isa = PBXBuildFile; fileRef = F3F0F2B12B0B1B56004FCD05 /* ProductsViewModelTests.swift */; };
		F3F0F2B72B0B1FD5004FCD05 /* SplashViewModelTests.swift in Sources */ = {isa = PBXBuildFile; fileRef = F3F0F2B62B0B1FD5004FCD05 /* SplashViewModelTests.swift */; };
		F3F0F2BA2B0B22A8004FCD05 /* ProductPresentationMapperTests.swift in Sources */ = {isa = PBXBuildFile; fileRef = F3F0F2B92B0B22A8004FCD05 /* ProductPresentationMapperTests.swift */; };
		F3F0F2BD2B0B247C004FCD05 /* ProductDomainMapperTests.swift in Sources */ = {isa = PBXBuildFile; fileRef = F3F0F2BC2B0B247C004FCD05 /* ProductDomainMapperTests.swift */; };
		F3F0F2C02B0B252A004FCD05 /* ProductDataMapperTests.swift in Sources */ = {isa = PBXBuildFile; fileRef = F3F0F2BF2B0B252A004FCD05 /* ProductDataMapperTests.swift */; };
		F3F0F2C32B0B25A2004FCD05 /* CouponDomainMapperTests.swift in Sources */ = {isa = PBXBuildFile; fileRef = F3F0F2C22B0B25A2004FCD05 /* CouponDomainMapperTests.swift */; };
		F3F0F2C62B0B25F6004FCD05 /* CouponDataMapperTests.swift in Sources */ = {isa = PBXBuildFile; fileRef = F3F0F2C52B0B25F6004FCD05 /* CouponDataMapperTests.swift */; };
/* End PBXBuildFile section */

/* Begin PBXContainerItemProxy section */
		F3C765F62B071AB5002DDAFC /* PBXContainerItemProxy */ = {
			isa = PBXContainerItemProxy;
			containerPortal = F3C765D42B071AB3002DDAFC /* Project object */;
			proxyType = 1;
			remoteGlobalIDString = F3C765DB2B071AB3002DDAFC;
			remoteInfo = TestsExample;
		};
		F3C766002B071AB5002DDAFC /* PBXContainerItemProxy */ = {
			isa = PBXContainerItemProxy;
			containerPortal = F3C765D42B071AB3002DDAFC /* Project object */;
			proxyType = 1;
			remoteGlobalIDString = F3C765DB2B071AB3002DDAFC;
			remoteInfo = TestsExample;
		};
/* End PBXContainerItemProxy section */

/* Begin PBXFileReference section */
		F37C73182B07D32200FC13B1 /* CoreModule.swift */ = {isa = PBXFileReference; lastKnownFileType = sourcecode.swift; path = CoreModule.swift; sourceTree = "<group>"; };
		F37C731A2B07D35900FC13B1 /* BaseModule.swift */ = {isa = PBXFileReference; lastKnownFileType = sourcecode.swift; path = BaseModule.swift; sourceTree = "<group>"; };
		F37C731D2B07D4A700FC13B1 /* CoreModule+Presentation.swift */ = {isa = PBXFileReference; lastKnownFileType = sourcecode.swift; path = "CoreModule+Presentation.swift"; sourceTree = "<group>"; };
		F37C73212B07D6E000FC13B1 /* ClosureUseCase.swift */ = {isa = PBXFileReference; lastKnownFileType = sourcecode.swift; path = ClosureUseCase.swift; sourceTree = "<group>"; };
		F37C73232B07D74B00FC13B1 /* Reusable.swift */ = {isa = PBXFileReference; lastKnownFileType = sourcecode.swift; path = Reusable.swift; sourceTree = "<group>"; };
		F37C73252B07D77E00FC13B1 /* CaseResult.swift */ = {isa = PBXFileReference; lastKnownFileType = sourcecode.swift; path = CaseResult.swift; sourceTree = "<group>"; };
		F37C73272B07D80700FC13B1 /* AnyClosureUseCase.swift */ = {isa = PBXFileReference; lastKnownFileType = sourcecode.swift; path = AnyClosureUseCase.swift; sourceTree = "<group>"; };
		F37C73292B07D8B600FC13B1 /* UseCase.swift */ = {isa = PBXFileReference; lastKnownFileType = sourcecode.swift; path = UseCase.swift; sourceTree = "<group>"; };
		F37C732B2B07D8D400FC13B1 /* AnyUseCase.swift */ = {isa = PBXFileReference; lastKnownFileType = sourcecode.swift; path = AnyUseCase.swift; sourceTree = "<group>"; };
		F37C732E2B07D96C00FC13B1 /* CoreModule+Domain.swift */ = {isa = PBXFileReference; lastKnownFileType = sourcecode.swift; path = "CoreModule+Domain.swift"; sourceTree = "<group>"; };
		F37C73322B09237F00FC13B1 /* CoreModule+Data.swift */ = {isa = PBXFileReference; lastKnownFileType = sourcecode.swift; path = "CoreModule+Data.swift"; sourceTree = "<group>"; };
		F37C73352B092CC500FC13B1 /* LocalStorage.swift */ = {isa = PBXFileReference; lastKnownFileType = sourcecode.swift; path = LocalStorage.swift; sourceTree = "<group>"; };
		F37C73372B092D3E00FC13B1 /* KeychainLocalStorage.swift */ = {isa = PBXFileReference; lastKnownFileType = sourcecode.swift; path = KeychainLocalStorage.swift; sourceTree = "<group>"; };
		F37C73392B0932F500FC13B1 /* UserDefaultsLocalStorage.swift */ = {isa = PBXFileReference; lastKnownFileType = sourcecode.swift; path = UserDefaultsLocalStorage.swift; sourceTree = "<group>"; };
		F37C733C2B09379700FC13B1 /* CodableHelper.swift */ = {isa = PBXFileReference; lastKnownFileType = sourcecode.swift; path = CodableHelper.swift; sourceTree = "<group>"; };
		F37C733E2B09694500FC13B1 /* MemoryLocalStorage.swift */ = {isa = PBXFileReference; lastKnownFileType = sourcecode.swift; path = MemoryLocalStorage.swift; sourceTree = "<group>"; };
		F37C73402B09730B00FC13B1 /* UITableView+Extension.swift */ = {isa = PBXFileReference; lastKnownFileType = sourcecode.swift; path = "UITableView+Extension.swift"; sourceTree = "<group>"; };
		F37C73422B09A62700FC13B1 /* UICollectionView+Extension.swift */ = {isa = PBXFileReference; lastKnownFileType = sourcecode.swift; path = "UICollectionView+Extension.swift"; sourceTree = "<group>"; };
		F37C73442B09A8E800FC13B1 /* DateConstants.swift */ = {isa = PBXFileReference; lastKnownFileType = sourcecode.swift; path = DateConstants.swift; sourceTree = "<group>"; };
		F37C73462B09ACF400FC13B1 /* Date+Extension.swift */ = {isa = PBXFileReference; lastKnownFileType = sourcecode.swift; path = "Date+Extension.swift"; sourceTree = "<group>"; };
		F382D68F2B0B27E100596989 /* NetworkManager.swift */ = {isa = PBXFileReference; lastKnownFileType = sourcecode.swift; path = NetworkManager.swift; sourceTree = "<group>"; };
		F382D6912B0B294C00596989 /* NetworkManagerImpl.swift */ = {isa = PBXFileReference; lastKnownFileType = sourcecode.swift; path = NetworkManagerImpl.swift; sourceTree = "<group>"; };
		F3B59A342B09BFA900E421BD /* MainTabBarController.swift */ = {isa = PBXFileReference; lastKnownFileType = sourcecode.swift; path = MainTabBarController.swift; sourceTree = "<group>"; };
		F3B59A382B09BFE500E421BD /* BaseTabBarController.swift */ = {isa = PBXFileReference; lastKnownFileType = sourcecode.swift; path = BaseTabBarController.swift; sourceTree = "<group>"; };
		F3B59A3A2B09C0EC00E421BD /* SubscribeHelper.swift */ = {isa = PBXFileReference; lastKnownFileType = sourcecode.swift; path = SubscribeHelper.swift; sourceTree = "<group>"; };
		F3B59A3C2B09C18000E421BD /* BaseController.swift */ = {isa = PBXFileReference; lastKnownFileType = sourcecode.swift; path = BaseController.swift; sourceTree = "<group>"; };
		F3B59A3F2B09C70300E421BD /* MainTabBarViewModel.swift */ = {isa = PBXFileReference; lastKnownFileType = sourcecode.swift; path = MainTabBarViewModel.swift; sourceTree = "<group>"; };
		F3B59A422B09C93400E421BD /* MainTabBarModule.swift */ = {isa = PBXFileReference; lastKnownFileType = sourcecode.swift; path = MainTabBarModule.swift; sourceTree = "<group>"; };
		F3B59A442B09CADA00E421BD /* UIApplication+Extension.swift */ = {isa = PBXFileReference; lastKnownFileType = sourcecode.swift; path = "UIApplication+Extension.swift"; sourceTree = "<group>"; };
		F3B59A4A2B09CEFB00E421BD /* ProductsViewModel.swift */ = {isa = PBXFileReference; lastKnownFileType = sourcecode.swift; path = ProductsViewModel.swift; sourceTree = "<group>"; };
		F3B59A4C2B09CFF200E421BD /* ProductsViewController.swift */ = {isa = PBXFileReference; lastKnownFileType = sourcecode.swift; path = ProductsViewController.swift; sourceTree = "<group>"; };
		F3B59A4F2B09D2CA00E421BD /* ProductModule.swift */ = {isa = PBXFileReference; lastKnownFileType = sourcecode.swift; path = ProductModule.swift; sourceTree = "<group>"; };
		F3B59A522B09D56200E421BD /* UiProduct.swift */ = {isa = PBXFileReference; lastKnownFileType = sourcecode.swift; path = UiProduct.swift; sourceTree = "<group>"; };
		F3B59A552B09D5FD00E421BD /* ProductPresentationMapper.swift */ = {isa = PBXFileReference; lastKnownFileType = sourcecode.swift; path = ProductPresentationMapper.swift; sourceTree = "<group>"; };
		F3B59A572B09D61B00E421BD /* UiProductItem.swift */ = {isa = PBXFileReference; lastKnownFileType = sourcecode.swift; path = UiProductItem.swift; sourceTree = "<group>"; };
		F3B59A592B09D65800E421BD /* ProductPresentationMapperImpl.swift */ = {isa = PBXFileReference; lastKnownFileType = sourcecode.swift; path = ProductPresentationMapperImpl.swift; sourceTree = "<group>"; };
		F3B59A5E2B09D95600E421BD /* FetchProductsUseCase.swift */ = {isa = PBXFileReference; lastKnownFileType = sourcecode.swift; path = FetchProductsUseCase.swift; sourceTree = "<group>"; };
		F3B59A612B09DDE600E421BD /* ProductDomainMapper.swift */ = {isa = PBXFileReference; lastKnownFileType = sourcecode.swift; path = ProductDomainMapper.swift; sourceTree = "<group>"; };
		F3B59A632B09DDFC00E421BD /* ProductDomainMapperImpl.swift */ = {isa = PBXFileReference; lastKnownFileType = sourcecode.swift; path = ProductDomainMapperImpl.swift; sourceTree = "<group>"; };
		F3B59A682B09DF2300E421BD /* ProductRepository.swift */ = {isa = PBXFileReference; lastKnownFileType = sourcecode.swift; path = ProductRepository.swift; sourceTree = "<group>"; };
		F3B59A6A2B09DF4E00E421BD /* ProductRepositoryImpl.swift */ = {isa = PBXFileReference; lastKnownFileType = sourcecode.swift; path = ProductRepositoryImpl.swift; sourceTree = "<group>"; };
		F3B59A6D2B09DF6C00E421BD /* DomainProduct.swift */ = {isa = PBXFileReference; lastKnownFileType = sourcecode.swift; path = DomainProduct.swift; sourceTree = "<group>"; };
		F3B59A702B09DF9A00E421BD /* ProductRemoteDataSource.swift */ = {isa = PBXFileReference; lastKnownFileType = sourcecode.swift; path = ProductRemoteDataSource.swift; sourceTree = "<group>"; };
		F3B59A732B09DFD600E421BD /* ApiProduct.swift */ = {isa = PBXFileReference; lastKnownFileType = sourcecode.swift; path = ApiProduct.swift; sourceTree = "<group>"; };
		F3B59A752B09DFFC00E421BD /* ProductRemoteDataSourceImpl.swift */ = {isa = PBXFileReference; lastKnownFileType = sourcecode.swift; path = ProductRemoteDataSourceImpl.swift; sourceTree = "<group>"; };
		F3B59A782B09E04B00E421BD /* ProductDataMapper.swift */ = {isa = PBXFileReference; lastKnownFileType = sourcecode.swift; path = ProductDataMapper.swift; sourceTree = "<group>"; };
		F3B59A7A2B09E07200E421BD /* ProductDataMapperImpl.swift */ = {isa = PBXFileReference; lastKnownFileType = sourcecode.swift; path = ProductDataMapperImpl.swift; sourceTree = "<group>"; };
		F3B59A7F2B09F14F00E421BD /* ProductTableViewCell.swift */ = {isa = PBXFileReference; lastKnownFileType = sourcecode.swift; path = ProductTableViewCell.swift; sourceTree = "<group>"; };
		F3B59A842B0A8E8B00E421BD /* CouponModule.swift */ = {isa = PBXFileReference; lastKnownFileType = sourcecode.swift; path = CouponModule.swift; sourceTree = "<group>"; };
		F3B59A872B0A8EDA00E421BD /* CouponRepository.swift */ = {isa = PBXFileReference; lastKnownFileType = sourcecode.swift; path = CouponRepository.swift; sourceTree = "<group>"; };
		F3B59A892B0A8F2F00E421BD /* CouponRepositoryImpl.swift */ = {isa = PBXFileReference; lastKnownFileType = sourcecode.swift; path = CouponRepositoryImpl.swift; sourceTree = "<group>"; };
		F3B59A8C2B0A8F4900E421BD /* CouponDataMapper.swift */ = {isa = PBXFileReference; lastKnownFileType = sourcecode.swift; path = CouponDataMapper.swift; sourceTree = "<group>"; };
		F3B59A8E2B0A8F5B00E421BD /* CouponDataMapperImpl.swift */ = {isa = PBXFileReference; lastKnownFileType = sourcecode.swift; path = CouponDataMapperImpl.swift; sourceTree = "<group>"; };
		F3B59A912B0A8F7E00E421BD /* ApiCoupon.swift */ = {isa = PBXFileReference; lastKnownFileType = sourcecode.swift; path = ApiCoupon.swift; sourceTree = "<group>"; };
		F3B59A942B0A90BA00E421BD /* CouponRemoteDataSource.swift */ = {isa = PBXFileReference; lastKnownFileType = sourcecode.swift; path = CouponRemoteDataSource.swift; sourceTree = "<group>"; };
		F3B59A962B0A90E700E421BD /* CouponRemoteDataSourceImpl.swift */ = {isa = PBXFileReference; lastKnownFileType = sourcecode.swift; path = CouponRemoteDataSourceImpl.swift; sourceTree = "<group>"; };
		F3B59A9A2B0A942B00E421BD /* FetchCouponsUseCase.swift */ = {isa = PBXFileReference; lastKnownFileType = sourcecode.swift; path = FetchCouponsUseCase.swift; sourceTree = "<group>"; };
		F3B59A9D2B0A94CF00E421BD /* CouponDomainMapper.swift */ = {isa = PBXFileReference; lastKnownFileType = sourcecode.swift; path = CouponDomainMapper.swift; sourceTree = "<group>"; };
		F3B59A9F2B0A94E800E421BD /* CouponDomainMapperImpl.swift */ = {isa = PBXFileReference; lastKnownFileType = sourcecode.swift; path = CouponDomainMapperImpl.swift; sourceTree = "<group>"; };
		F3B59AA22B0A953000E421BD /* DomainCoupon.swift */ = {isa = PBXFileReference; lastKnownFileType = sourcecode.swift; path = DomainCoupon.swift; sourceTree = "<group>"; };
		F3B59AA72B0A982E00E421BD /* UiCoupon.swift */ = {isa = PBXFileReference; lastKnownFileType = sourcecode.swift; path = UiCoupon.swift; sourceTree = "<group>"; };
		F3B59AAA2B0A997700E421BD /* CouponsViewModel.swift */ = {isa = PBXFileReference; lastKnownFileType = sourcecode.swift; path = CouponsViewModel.swift; sourceTree = "<group>"; };
		F3B59AAD2B0A999800E421BD /* CouponsViewController.swift */ = {isa = PBXFileReference; lastKnownFileType = sourcecode.swift; path = CouponsViewController.swift; sourceTree = "<group>"; };
		F3B59AB02B0AB02000E421BD /* CouponCollectionViewCell.swift */ = {isa = PBXFileReference; lastKnownFileType = sourcecode.swift; path = CouponCollectionViewCell.swift; sourceTree = "<group>"; };
		F3B59AB22B0ABB8200E421BD /* NSLayoutConstraint+Extension.swift */ = {isa = PBXFileReference; lastKnownFileType = sourcecode.swift; path = "NSLayoutConstraint+Extension.swift"; sourceTree = "<group>"; };
		F3B59AB42B0ABC7C00E421BD /* UIView+Extension.swift */ = {isa = PBXFileReference; lastKnownFileType = sourcecode.swift; path = "UIView+Extension.swift"; sourceTree = "<group>"; };
		F3C765DC2B071AB3002DDAFC /* TestsExample.app */ = {isa = PBXFileReference; explicitFileType = wrapper.application; includeInIndex = 0; path = TestsExample.app; sourceTree = BUILT_PRODUCTS_DIR; };
		F3C765DF2B071AB3002DDAFC /* AppDelegate.swift */ = {isa = PBXFileReference; lastKnownFileType = sourcecode.swift; path = AppDelegate.swift; sourceTree = "<group>"; };
		F3C765E12B071AB3002DDAFC /* SceneDelegate.swift */ = {isa = PBXFileReference; lastKnownFileType = sourcecode.swift; path = SceneDelegate.swift; sourceTree = "<group>"; };
		F3C765E92B071AB3002DDAFC /* TestsExample.xcdatamodel */ = {isa = PBXFileReference; lastKnownFileType = wrapper.xcdatamodel; path = TestsExample.xcdatamodel; sourceTree = "<group>"; };
		F3C765EB2B071AB4002DDAFC /* Assets.xcassets */ = {isa = PBXFileReference; lastKnownFileType = folder.assetcatalog; path = Assets.xcassets; sourceTree = "<group>"; };
		F3C765EE2B071AB4002DDAFC /* Base */ = {isa = PBXFileReference; lastKnownFileType = file.storyboard; name = Base; path = Base.lproj/LaunchScreen.storyboard; sourceTree = "<group>"; };
		F3C765F02B071AB4002DDAFC /* Info.plist */ = {isa = PBXFileReference; lastKnownFileType = text.plist.xml; path = Info.plist; sourceTree = "<group>"; };
		F3C765F52B071AB5002DDAFC /* TestsExampleTests.xctest */ = {isa = PBXFileReference; explicitFileType = wrapper.cfbundle; includeInIndex = 0; path = TestsExampleTests.xctest; sourceTree = BUILT_PRODUCTS_DIR; };
		F3C765FF2B071AB5002DDAFC /* TestsExampleUITests.xctest */ = {isa = PBXFileReference; explicitFileType = wrapper.cfbundle; includeInIndex = 0; path = TestsExampleUITests.xctest; sourceTree = BUILT_PRODUCTS_DIR; };
		F3C766032B071AB5002DDAFC /* TestsExampleUITests.swift */ = {isa = PBXFileReference; lastKnownFileType = sourcecode.swift; path = TestsExampleUITests.swift; sourceTree = "<group>"; };
		F3C766052B071AB5002DDAFC /* TestsExampleUITestsLaunchTests.swift */ = {isa = PBXFileReference; lastKnownFileType = sourcecode.swift; path = TestsExampleUITestsLaunchTests.swift; sourceTree = "<group>"; };
		F3C766162B072456002DDAFC /* String+Extension.swift */ = {isa = PBXFileReference; lastKnownFileType = sourcecode.swift; path = "String+Extension.swift"; sourceTree = "<group>"; };
		F3C7661B2B07251B002DDAFC /* SplashViewController.swift */ = {isa = PBXFileReference; lastKnownFileType = sourcecode.swift; path = SplashViewController.swift; sourceTree = "<group>"; };
		F3C766312B073156002DDAFC /* UIImageView+Extension.swift */ = {isa = PBXFileReference; lastKnownFileType = sourcecode.swift; path = "UIImageView+Extension.swift"; sourceTree = "<group>"; };
		F3C766352B073458002DDAFC /* BaseViewController.swift */ = {isa = PBXFileReference; lastKnownFileType = sourcecode.swift; path = BaseViewController.swift; sourceTree = "<group>"; };
		F3C766382B073472002DDAFC /* BaseViewModel.swift */ = {isa = PBXFileReference; lastKnownFileType = sourcecode.swift; path = BaseViewModel.swift; sourceTree = "<group>"; };
		F3C766482B073984002DDAFC /* PublishObservable.swift */ = {isa = PBXFileReference; lastKnownFileType = sourcecode.swift; path = PublishObservable.swift; sourceTree = "<group>"; };
		F3C7664A2B073A78002DDAFC /* BehaviorObservable.swift */ = {isa = PBXFileReference; lastKnownFileType = sourcecode.swift; path = BehaviorObservable.swift; sourceTree = "<group>"; };
		F3C7664D2B073D7B002DDAFC /* NotificationCenterWrapper.swift */ = {isa = PBXFileReference; lastKnownFileType = sourcecode.swift; path = NotificationCenterWrapper.swift; sourceTree = "<group>"; };
		F3C7664F2B073DB9002DDAFC /* NotificationCenterWrapperImpl.swift */ = {isa = PBXFileReference; lastKnownFileType = sourcecode.swift; path = NotificationCenterWrapperImpl.swift; sourceTree = "<group>"; };
		F3C766512B073F99002DDAFC /* Coordinator.swift */ = {isa = PBXFileReference; lastKnownFileType = sourcecode.swift; path = Coordinator.swift; sourceTree = "<group>"; };
		F3C766542B074061002DDAFC /* PresentArgs.swift */ = {isa = PBXFileReference; lastKnownFileType = sourcecode.swift; path = PresentArgs.swift; sourceTree = "<group>"; };
		F3C766562B0740BE002DDAFC /* CoordinatorArgs.swift */ = {isa = PBXFileReference; lastKnownFileType = sourcecode.swift; path = CoordinatorArgs.swift; sourceTree = "<group>"; };
		F3C766582B07413B002DDAFC /* CoordinatorType.swift */ = {isa = PBXFileReference; lastKnownFileType = sourcecode.swift; path = CoordinatorType.swift; sourceTree = "<group>"; };
		F3C7665B2B0795BF002DDAFC /* MainControllerProvider.swift */ = {isa = PBXFileReference; lastKnownFileType = sourcecode.swift; path = MainControllerProvider.swift; sourceTree = "<group>"; };
		F3C7665D2B079731002DDAFC /* Injection.swift */ = {isa = PBXFileReference; lastKnownFileType = sourcecode.swift; path = Injection.swift; sourceTree = "<group>"; };
		F3C766602B079D13002DDAFC /* SplashModule.swift */ = {isa = PBXFileReference; lastKnownFileType = sourcecode.swift; path = SplashModule.swift; sourceTree = "<group>"; };
		F3C766632B07C92C002DDAFC /* SplashViewModel.swift */ = {isa = PBXFileReference; lastKnownFileType = sourcecode.swift; path = SplashViewModel.swift; sourceTree = "<group>"; };
		F3C766672B07CA28002DDAFC /* Resolver+Extension.swift */ = {isa = PBXFileReference; lastKnownFileType = sourcecode.swift; path = "Resolver+Extension.swift"; sourceTree = "<group>"; };
		F3F0F2732B0ADA79004FCD05 /* TestsExample.xctestplan */ = {isa = PBXFileReference; lastKnownFileType = text; path = TestsExample.xctestplan; sourceTree = "<group>"; };
		F3F0F2772B0ADCB7004FCD05 /* GenerateMockFiles.sh */ = {isa = PBXFileReference; lastKnownFileType = text.script.sh; path = GenerateMockFiles.sh; sourceTree = "<group>"; };
		F3F0F2792B0ADDAA004FCD05 /* GeneratedMocks.swift */ = {isa = PBXFileReference; fileEncoding = 4; lastKnownFileType = sourcecode.swift; path = GeneratedMocks.swift; sourceTree = "<group>"; };
		F3F0F27E2B0ADE34004FCD05 /* RxTestCase.swift */ = {isa = PBXFileReference; lastKnownFileType = sourcecode.swift; path = RxTestCase.swift; sourceTree = "<group>"; };
		F3F0F2822B0AE021004FCD05 /* TestUseCase.swift */ = {isa = PBXFileReference; lastKnownFileType = sourcecode.swift; path = TestUseCase.swift; sourceTree = "<group>"; };
		F3F0F2842B0AE057004FCD05 /* TestClosureUseCase.swift */ = {isa = PBXFileReference; lastKnownFileType = sourcecode.swift; path = TestClosureUseCase.swift; sourceTree = "<group>"; };
		F3F0F28D2B0AE7D0004FCD05 /* CouponRepositoryTests.swift */ = {isa = PBXFileReference; lastKnownFileType = sourcecode.swift; path = CouponRepositoryTests.swift; sourceTree = "<group>"; };
		F3F0F2912B0AEEC3004FCD05 /* CouponFactory.swift */ = {isa = PBXFileReference; lastKnownFileType = sourcecode.swift; path = CouponFactory.swift; sourceTree = "<group>"; };
		F3F0F2942B0AF678004FCD05 /* CouponRemoteDataSourceTests.swift */ = {isa = PBXFileReference; lastKnownFileType = sourcecode.swift; path = CouponRemoteDataSourceTests.swift; sourceTree = "<group>"; };
		F3F0F2982B0AF870004FCD05 /* FetchCouponsUseCaseTests.swift */ = {isa = PBXFileReference; lastKnownFileType = sourcecode.swift; path = FetchCouponsUseCaseTests.swift; sourceTree = "<group>"; };
		F3F0F29C2B0B0B8B004FCD05 /* CouponsViewModelTests.swift */ = {isa = PBXFileReference; lastKnownFileType = sourcecode.swift; path = CouponsViewModelTests.swift; sourceTree = "<group>"; };
		F3F0F29F2B0B0EC2004FCD05 /* TestableObserver+Extension.swift */ = {isa = PBXFileReference; lastKnownFileType = sourcecode.swift; path = "TestableObserver+Extension.swift"; sourceTree = "<group>"; };
		F3F0F2A42B0B157E004FCD05 /* ProductRepositoryTests.swift */ = {isa = PBXFileReference; lastKnownFileType = sourcecode.swift; path = ProductRepositoryTests.swift; sourceTree = "<group>"; };
		F3F0F2A62B0B1636004FCD05 /* ProductFactory.swift */ = {isa = PBXFileReference; lastKnownFileType = sourcecode.swift; path = ProductFactory.swift; sourceTree = "<group>"; };
		F3F0F2A92B0B18C2004FCD05 /* ProductRemoteDataSourceTests.swift */ = {isa = PBXFileReference; lastKnownFileType = sourcecode.swift; path = ProductRemoteDataSourceTests.swift; sourceTree = "<group>"; };
		F3F0F2AD2B0B199E004FCD05 /* FetchProductsUseCaseTests.swift */ = {isa = PBXFileReference; lastKnownFileType = sourcecode.swift; path = FetchProductsUseCaseTests.swift; sourceTree = "<group>"; };
		F3F0F2B12B0B1B56004FCD05 /* ProductsViewModelTests.swift */ = {isa = PBXFileReference; lastKnownFileType = sourcecode.swift; path = ProductsViewModelTests.swift; sourceTree = "<group>"; };
		F3F0F2B62B0B1FD5004FCD05 /* SplashViewModelTests.swift */ = {isa = PBXFileReference; lastKnownFileType = sourcecode.swift; path = SplashViewModelTests.swift; sourceTree = "<group>"; };
		F3F0F2B92B0B22A8004FCD05 /* ProductPresentationMapperTests.swift */ = {isa = PBXFileReference; lastKnownFileType = sourcecode.swift; path = ProductPresentationMapperTests.swift; sourceTree = "<group>"; };
		F3F0F2BC2B0B247C004FCD05 /* ProductDomainMapperTests.swift */ = {isa = PBXFileReference; lastKnownFileType = sourcecode.swift; path = ProductDomainMapperTests.swift; sourceTree = "<group>"; };
		F3F0F2BF2B0B252A004FCD05 /* ProductDataMapperTests.swift */ = {isa = PBXFileReference; lastKnownFileType = sourcecode.swift; path = ProductDataMapperTests.swift; sourceTree = "<group>"; };
		F3F0F2C22B0B25A2004FCD05 /* CouponDomainMapperTests.swift */ = {isa = PBXFileReference; lastKnownFileType = sourcecode.swift; path = CouponDomainMapperTests.swift; sourceTree = "<group>"; };
		F3F0F2C52B0B25F6004FCD05 /* CouponDataMapperTests.swift */ = {isa = PBXFileReference; lastKnownFileType = sourcecode.swift; path = CouponDataMapperTests.swift; sourceTree = "<group>"; };
/* End PBXFileReference section */

/* Begin PBXFrameworksBuildPhase section */
		F3C765D92B071AB3002DDAFC /* Frameworks */ = {
			isa = PBXFrameworksBuildPhase;
			buildActionMask = 2147483647;
			files = (
				F3B59ABD2B0AC62E00E421BD /* RxCocoa in Frameworks */,
				F3C7662D2B073106002DDAFC /* SDWebImage in Frameworks */,
				F3B59AC12B0AC62E00E421BD /* RxSwift in Frameworks */,
				F3B59ABF2B0AC62E00E421BD /* RxRelay in Frameworks */,
				F3C766302B073118002DDAFC /* Swinject in Frameworks */,
			);
			runOnlyForDeploymentPostprocessing = 0;
		};
		F3C765F22B071AB5002DDAFC /* Frameworks */ = {
			isa = PBXFrameworksBuildPhase;
			buildActionMask = 2147483647;
			files = (
				F3F0F2762B0ADB39004FCD05 /* SDWebImage in Frameworks */,
				F3B59AC32B0AC62E00E421BD /* RxTest in Frameworks */,
				F3F0F2882B0AE0FA004FCD05 /* Cuckoo in Frameworks */,
				F3B59ABB2B0AC62E00E421BD /* RxBlocking in Frameworks */,
			);
			runOnlyForDeploymentPostprocessing = 0;
		};
		F3C765FC2B071AB5002DDAFC /* Frameworks */ = {
			isa = PBXFrameworksBuildPhase;
			buildActionMask = 2147483647;
			files = (
			);
			runOnlyForDeploymentPostprocessing = 0;
		};
/* End PBXFrameworksBuildPhase section */

/* Begin PBXGroup section */
		F37C731C2B07D47F00FC13B1 /* DI */ = {
			isa = PBXGroup;
			children = (
				F37C731D2B07D4A700FC13B1 /* CoreModule+Presentation.swift */,
			);
			path = DI;
			sourceTree = "<group>";
		};
		F37C731F2B07D64900FC13B1 /* Domain */ = {
			isa = PBXGroup;
			children = (
				F37C732D2B07D96300FC13B1 /* DI */,
				F37C73202B07D6D900FC13B1 /* UseCase */,
			);
			path = Domain;
			sourceTree = "<group>";
		};
		F37C73202B07D6D900FC13B1 /* UseCase */ = {
			isa = PBXGroup;
			children = (
				F37C73272B07D80700FC13B1 /* AnyClosureUseCase.swift */,
				F37C732B2B07D8D400FC13B1 /* AnyUseCase.swift */,
				F37C73212B07D6E000FC13B1 /* ClosureUseCase.swift */,
				F37C73292B07D8B600FC13B1 /* UseCase.swift */,
			);
			path = UseCase;
			sourceTree = "<group>";
		};
		F37C732D2B07D96300FC13B1 /* DI */ = {
			isa = PBXGroup;
			children = (
				F37C732E2B07D96C00FC13B1 /* CoreModule+Domain.swift */,
			);
			path = DI;
			sourceTree = "<group>";
		};
		F37C73302B07EF5500FC13B1 /* Data */ = {
			isa = PBXGroup;
			children = (
				F37C73312B09236900FC13B1 /* DI */,
				F37C733B2B09376A00FC13B1 /* Entity */,
				F37C73342B09248D00FC13B1 /* LocalStorage */,
				F382D68E2B0B27CF00596989 /* Network */,
			);
			path = Data;
			sourceTree = "<group>";
		};
		F37C73312B09236900FC13B1 /* DI */ = {
			isa = PBXGroup;
			children = (
				F37C73322B09237F00FC13B1 /* CoreModule+Data.swift */,
			);
			path = DI;
			sourceTree = "<group>";
		};
		F37C73342B09248D00FC13B1 /* LocalStorage */ = {
			isa = PBXGroup;
			children = (
				F37C73372B092D3E00FC13B1 /* KeychainLocalStorage.swift */,
				F37C73352B092CC500FC13B1 /* LocalStorage.swift */,
				F37C733E2B09694500FC13B1 /* MemoryLocalStorage.swift */,
				F37C73392B0932F500FC13B1 /* UserDefaultsLocalStorage.swift */,
			);
			path = LocalStorage;
			sourceTree = "<group>";
		};
		F37C733B2B09376A00FC13B1 /* Entity */ = {
			isa = PBXGroup;
			children = (
				F37C733C2B09379700FC13B1 /* CodableHelper.swift */,
			);
			path = Entity;
			sourceTree = "<group>";
		};
		F382D68E2B0B27CF00596989 /* Network */ = {
			isa = PBXGroup;
			children = (
				F382D68F2B0B27E100596989 /* NetworkManager.swift */,
				F382D6912B0B294C00596989 /* NetworkManagerImpl.swift */,
			);
			path = Network;
			sourceTree = "<group>";
		};
		F3B59A332B09BF7F00E421BD /* MainTabBar */ = {
			isa = PBXGroup;
			children = (
				F3B59A412B09C92800E421BD /* DI */,
				F3B59A362B09BFAF00E421BD /* Presentation */,
			);
			path = MainTabBar;
			sourceTree = "<group>";
		};
		F3B59A362B09BFAF00E421BD /* Presentation */ = {
			isa = PBXGroup;
			children = (
				F3B59A372B09BFB600E421BD /* View */,
				F3B59A3E2B09C6F700E421BD /* ViewModel */,
			);
			path = Presentation;
			sourceTree = "<group>";
		};
		F3B59A372B09BFB600E421BD /* View */ = {
			isa = PBXGroup;
			children = (
				F3B59A342B09BFA900E421BD /* MainTabBarController.swift */,
			);
			path = View;
			sourceTree = "<group>";
		};
		F3B59A3E2B09C6F700E421BD /* ViewModel */ = {
			isa = PBXGroup;
			children = (
				F3B59A3F2B09C70300E421BD /* MainTabBarViewModel.swift */,
			);
			path = ViewModel;
			sourceTree = "<group>";
		};
		F3B59A412B09C92800E421BD /* DI */ = {
			isa = PBXGroup;
			children = (
				F3B59A422B09C93400E421BD /* MainTabBarModule.swift */,
			);
			path = DI;
			sourceTree = "<group>";
		};
		F3B59A462B09CED000E421BD /* Product */ = {
			isa = PBXGroup;
			children = (
				F3B59A652B09DEFB00E421BD /* Data */,
				F3B59A4E2B09D29F00E421BD /* DI */,
				F3B59A5C2B09D93B00E421BD /* Domain */,
				F3B59A472B09CEDF00E421BD /* Presentation */,
			);
			path = Product;
			sourceTree = "<group>";
		};
		F3B59A472B09CEDF00E421BD /* Presentation */ = {
			isa = PBXGroup;
			children = (
				F3B59A512B09D3FF00E421BD /* Entity */,
				F3B59A542B09D5F000E421BD /* Mapper */,
				F3B59A482B09CEE700E421BD /* View */,
				F3B59A492B09CEEC00E421BD /* ViewModel */,
			);
			path = Presentation;
			sourceTree = "<group>";
		};
		F3B59A482B09CEE700E421BD /* View */ = {
			isa = PBXGroup;
			children = (
				F3B59A7E2B09F13400E421BD /* Cells */,
				F3B59A4C2B09CFF200E421BD /* ProductsViewController.swift */,
			);
			path = View;
			sourceTree = "<group>";
		};
		F3B59A492B09CEEC00E421BD /* ViewModel */ = {
			isa = PBXGroup;
			children = (
				F3B59A4A2B09CEFB00E421BD /* ProductsViewModel.swift */,
			);
			path = ViewModel;
			sourceTree = "<group>";
		};
		F3B59A4E2B09D29F00E421BD /* DI */ = {
			isa = PBXGroup;
			children = (
				F3B59A4F2B09D2CA00E421BD /* ProductModule.swift */,
			);
			path = DI;
			sourceTree = "<group>";
		};
		F3B59A512B09D3FF00E421BD /* Entity */ = {
			isa = PBXGroup;
			children = (
				F3B59A522B09D56200E421BD /* UiProduct.swift */,
				F3B59A572B09D61B00E421BD /* UiProductItem.swift */,
			);
			path = Entity;
			sourceTree = "<group>";
		};
		F3B59A542B09D5F000E421BD /* Mapper */ = {
			isa = PBXGroup;
			children = (
				F3B59A552B09D5FD00E421BD /* ProductPresentationMapper.swift */,
				F3B59A592B09D65800E421BD /* ProductPresentationMapperImpl.swift */,
			);
			path = Mapper;
			sourceTree = "<group>";
		};
		F3B59A5C2B09D93B00E421BD /* Domain */ = {
			isa = PBXGroup;
			children = (
				F3B59A6C2B09DF6100E421BD /* Entity */,
				F3B59A602B09DDDB00E421BD /* Mapper */,
				F3B59A5D2B09D94700E421BD /* UseCase */,
			);
			path = Domain;
			sourceTree = "<group>";
		};
		F3B59A5D2B09D94700E421BD /* UseCase */ = {
			isa = PBXGroup;
			children = (
				F3B59A5E2B09D95600E421BD /* FetchProductsUseCase.swift */,
			);
			path = UseCase;
			sourceTree = "<group>";
		};
		F3B59A602B09DDDB00E421BD /* Mapper */ = {
			isa = PBXGroup;
			children = (
				F3B59A612B09DDE600E421BD /* ProductDomainMapper.swift */,
				F3B59A632B09DDFC00E421BD /* ProductDomainMapperImpl.swift */,
			);
			path = Mapper;
			sourceTree = "<group>";
		};
		F3B59A652B09DEFB00E421BD /* Data */ = {
			isa = PBXGroup;
			children = (
				F3B59A6F2B09DF8D00E421BD /* DataSource */,
				F3B59A722B09DFCC00E421BD /* Entity */,
				F3B59A772B09E03B00E421BD /* Mapper */,
				F3B59A662B09DF0400E421BD /* Repository */,
			);
			path = Data;
			sourceTree = "<group>";
		};
		F3B59A662B09DF0400E421BD /* Repository */ = {
			isa = PBXGroup;
			children = (
				F3B59A682B09DF2300E421BD /* ProductRepository.swift */,
				F3B59A6A2B09DF4E00E421BD /* ProductRepositoryImpl.swift */,
			);
			path = Repository;
			sourceTree = "<group>";
		};
		F3B59A6C2B09DF6100E421BD /* Entity */ = {
			isa = PBXGroup;
			children = (
				F3B59A6D2B09DF6C00E421BD /* DomainProduct.swift */,
			);
			path = Entity;
			sourceTree = "<group>";
		};
		F3B59A6F2B09DF8D00E421BD /* DataSource */ = {
			isa = PBXGroup;
			children = (
				F3B59A702B09DF9A00E421BD /* ProductRemoteDataSource.swift */,
				F3B59A752B09DFFC00E421BD /* ProductRemoteDataSourceImpl.swift */,
			);
			path = DataSource;
			sourceTree = "<group>";
		};
		F3B59A722B09DFCC00E421BD /* Entity */ = {
			isa = PBXGroup;
			children = (
				F3B59A732B09DFD600E421BD /* ApiProduct.swift */,
			);
			path = Entity;
			sourceTree = "<group>";
		};
		F3B59A772B09E03B00E421BD /* Mapper */ = {
			isa = PBXGroup;
			children = (
				F3B59A782B09E04B00E421BD /* ProductDataMapper.swift */,
				F3B59A7A2B09E07200E421BD /* ProductDataMapperImpl.swift */,
			);
			path = Mapper;
			sourceTree = "<group>";
		};
		F3B59A7E2B09F13400E421BD /* Cells */ = {
			isa = PBXGroup;
			children = (
				F3B59A7F2B09F14F00E421BD /* ProductTableViewCell.swift */,
			);
			path = Cells;
			sourceTree = "<group>";
		};
		F3B59A812B0A8E6F00E421BD /* Coupon */ = {
			isa = PBXGroup;
			children = (
				F3B59A822B0A8E7600E421BD /* Data */,
				F3B59A832B0A8E7D00E421BD /* DI */,
				F3B59A982B0A940500E421BD /* Domain */,
				F3B59AA42B0A97FD00E421BD /* Presentation */,
			);
			path = Coupon;
			sourceTree = "<group>";
		};
		F3B59A822B0A8E7600E421BD /* Data */ = {
			isa = PBXGroup;
			children = (
				F3B59A932B0A90A900E421BD /* DataSource */,
				F3B59A902B0A8F7100E421BD /* Entity */,
				F3B59A8B2B0A8F3D00E421BD /* Mapper */,
				F3B59A862B0A8EC600E421BD /* Repository */,
			);
			path = Data;
			sourceTree = "<group>";
		};
		F3B59A832B0A8E7D00E421BD /* DI */ = {
			isa = PBXGroup;
			children = (
				F3B59A842B0A8E8B00E421BD /* CouponModule.swift */,
			);
			path = DI;
			sourceTree = "<group>";
		};
		F3B59A862B0A8EC600E421BD /* Repository */ = {
			isa = PBXGroup;
			children = (
				F3B59A872B0A8EDA00E421BD /* CouponRepository.swift */,
				F3B59A892B0A8F2F00E421BD /* CouponRepositoryImpl.swift */,
			);
			path = Repository;
			sourceTree = "<group>";
		};
		F3B59A8B2B0A8F3D00E421BD /* Mapper */ = {
			isa = PBXGroup;
			children = (
				F3B59A8C2B0A8F4900E421BD /* CouponDataMapper.swift */,
				F3B59A8E2B0A8F5B00E421BD /* CouponDataMapperImpl.swift */,
			);
			path = Mapper;
			sourceTree = "<group>";
		};
		F3B59A902B0A8F7100E421BD /* Entity */ = {
			isa = PBXGroup;
			children = (
				F3B59A912B0A8F7E00E421BD /* ApiCoupon.swift */,
			);
			path = Entity;
			sourceTree = "<group>";
		};
		F3B59A932B0A90A900E421BD /* DataSource */ = {
			isa = PBXGroup;
			children = (
				F3B59A942B0A90BA00E421BD /* CouponRemoteDataSource.swift */,
				F3B59A962B0A90E700E421BD /* CouponRemoteDataSourceImpl.swift */,
			);
			path = DataSource;
			sourceTree = "<group>";
		};
		F3B59A982B0A940500E421BD /* Domain */ = {
			isa = PBXGroup;
			children = (
				F3B59AA12B0A950F00E421BD /* Entity */,
				F3B59A9C2B0A94B800E421BD /* Mapper */,
				F3B59A992B0A941300E421BD /* UseCase */,
			);
			path = Domain;
			sourceTree = "<group>";
		};
		F3B59A992B0A941300E421BD /* UseCase */ = {
			isa = PBXGroup;
			children = (
				F3B59A9A2B0A942B00E421BD /* FetchCouponsUseCase.swift */,
			);
			path = UseCase;
			sourceTree = "<group>";
		};
		F3B59A9C2B0A94B800E421BD /* Mapper */ = {
			isa = PBXGroup;
			children = (
				F3B59A9D2B0A94CF00E421BD /* CouponDomainMapper.swift */,
				F3B59A9F2B0A94E800E421BD /* CouponDomainMapperImpl.swift */,
			);
			path = Mapper;
			sourceTree = "<group>";
		};
		F3B59AA12B0A950F00E421BD /* Entity */ = {
			isa = PBXGroup;
			children = (
				F3B59AA22B0A953000E421BD /* DomainCoupon.swift */,
			);
			path = Entity;
			sourceTree = "<group>";
		};
		F3B59AA42B0A97FD00E421BD /* Presentation */ = {
			isa = PBXGroup;
			children = (
				F3B59AA62B0A982400E421BD /* Entity */,
				F3B59AAC2B0A998800E421BD /* View */,
				F3B59AA92B0A996000E421BD /* ViewModel */,
			);
			path = Presentation;
			sourceTree = "<group>";
		};
		F3B59AA62B0A982400E421BD /* Entity */ = {
			isa = PBXGroup;
			children = (
				F3B59AA72B0A982E00E421BD /* UiCoupon.swift */,
			);
			path = Entity;
			sourceTree = "<group>";
		};
		F3B59AA92B0A996000E421BD /* ViewModel */ = {
			isa = PBXGroup;
			children = (
				F3B59AAA2B0A997700E421BD /* CouponsViewModel.swift */,
			);
			path = ViewModel;
			sourceTree = "<group>";
		};
		F3B59AAC2B0A998800E421BD /* View */ = {
			isa = PBXGroup;
			children = (
				F3B59AAF2B0AAFE800E421BD /* Cells */,
				F3B59AAD2B0A999800E421BD /* CouponsViewController.swift */,
			);
			path = View;
			sourceTree = "<group>";
		};
		F3B59AAF2B0AAFE800E421BD /* Cells */ = {
			isa = PBXGroup;
			children = (
				F3B59AB02B0AB02000E421BD /* CouponCollectionViewCell.swift */,
			);
			path = Cells;
			sourceTree = "<group>";
		};
		F3C765D32B071AB3002DDAFC = {
			isa = PBXGroup;
			children = (
				F3F0F2732B0ADA79004FCD05 /* TestsExample.xctestplan */,
				F3C765DE2B071AB3002DDAFC /* TestsExample */,
				F3C765F82B071AB5002DDAFC /* TestsExampleTests */,
				F3C766022B071AB5002DDAFC /* TestsExampleUITests */,
				F3C765DD2B071AB3002DDAFC /* Products */,
				F3F0F2742B0ADB39004FCD05 /* Frameworks */,
			);
			sourceTree = "<group>";
		};
		F3C765DD2B071AB3002DDAFC /* Products */ = {
			isa = PBXGroup;
			children = (
				F3C765DC2B071AB3002DDAFC /* TestsExample.app */,
				F3C765F52B071AB5002DDAFC /* TestsExampleTests.xctest */,
				F3C765FF2B071AB5002DDAFC /* TestsExampleUITests.xctest */,
			);
			name = Products;
			sourceTree = "<group>";
		};
		F3C765DE2B071AB3002DDAFC /* TestsExample */ = {
			isa = PBXGroup;
			children = (
				F3C766122B072258002DDAFC /* AppModules */,
				F3C766132B072275002DDAFC /* Resources */,
				F3C765DF2B071AB3002DDAFC /* AppDelegate.swift */,
				F3C765E12B071AB3002DDAFC /* SceneDelegate.swift */,
			);
			path = TestsExample;
			sourceTree = "<group>";
		};
		F3C765F82B071AB5002DDAFC /* TestsExampleTests */ = {
			isa = PBXGroup;
			children = (
				F3F0F27B2B0ADDF1004FCD05 /* AppModules */,
				F3F0F2792B0ADDAA004FCD05 /* GeneratedMocks.swift */,
				F3F0F2772B0ADCB7004FCD05 /* GenerateMockFiles.sh */,
			);
			path = TestsExampleTests;
			sourceTree = "<group>";
		};
		F3C766022B071AB5002DDAFC /* TestsExampleUITests */ = {
			isa = PBXGroup;
			children = (
				F3C766032B071AB5002DDAFC /* TestsExampleUITests.swift */,
				F3C766052B071AB5002DDAFC /* TestsExampleUITestsLaunchTests.swift */,
			);
			path = TestsExampleUITests;
			sourceTree = "<group>";
		};
		F3C766122B072258002DDAFC /* AppModules */ = {
			isa = PBXGroup;
			children = (
				F3C766142B07236C002DDAFC /* Core */,
				F3B59A812B0A8E6F00E421BD /* Coupon */,
				F3B59A332B09BF7F00E421BD /* MainTabBar */,
				F3B59A462B09CED000E421BD /* Product */,
				F3C766182B0724FB002DDAFC /* Splash */,
			);
			path = AppModules;
			sourceTree = "<group>";
		};
		F3C766132B072275002DDAFC /* Resources */ = {
			isa = PBXGroup;
			children = (
				F3C765EB2B071AB4002DDAFC /* Assets.xcassets */,
				F3C765F02B071AB4002DDAFC /* Info.plist */,
				F3C765ED2B071AB4002DDAFC /* LaunchScreen.storyboard */,
				F3C765E82B071AB3002DDAFC /* TestsExample.xcdatamodeld */,
			);
			path = Resources;
			sourceTree = "<group>";
		};
		F3C766142B07236C002DDAFC /* Core */ = {
			isa = PBXGroup;
			children = (
				F37C73302B07EF5500FC13B1 /* Data */,
				F3C7665A2B0795AF002DDAFC /* DI */,
				F37C731F2B07D64900FC13B1 /* Domain */,
				F3C766152B072377002DDAFC /* Extensions */,
				F3C766332B07342A002DDAFC /* Presentation */,
				F3C7664C2B073D4D002DDAFC /* Utils */,
			);
			path = Core;
			sourceTree = "<group>";
		};
		F3C766152B072377002DDAFC /* Extensions */ = {
			isa = PBXGroup;
			children = (
				F37C73462B09ACF400FC13B1 /* Date+Extension.swift */,
				F3B59AB22B0ABB8200E421BD /* NSLayoutConstraint+Extension.swift */,
				F3C766672B07CA28002DDAFC /* Resolver+Extension.swift */,
				F3C766162B072456002DDAFC /* String+Extension.swift */,
				F3B59A442B09CADA00E421BD /* UIApplication+Extension.swift */,
				F37C73422B09A62700FC13B1 /* UICollectionView+Extension.swift */,
				F3C766312B073156002DDAFC /* UIImageView+Extension.swift */,
				F37C73402B09730B00FC13B1 /* UITableView+Extension.swift */,
				F3B59AB42B0ABC7C00E421BD /* UIView+Extension.swift */,
			);
			path = Extensions;
			sourceTree = "<group>";
		};
		F3C766182B0724FB002DDAFC /* Splash */ = {
			isa = PBXGroup;
			children = (
				F3C7665F2B079D06002DDAFC /* DI */,
				F3C766192B072503002DDAFC /* Presentation */,
			);
			path = Splash;
			sourceTree = "<group>";
		};
		F3C766192B072503002DDAFC /* Presentation */ = {
			isa = PBXGroup;
			children = (
				F3C7661A2B07250A002DDAFC /* View */,
				F3C766622B07C91C002DDAFC /* ViewModel */,
			);
			path = Presentation;
			sourceTree = "<group>";
		};
		F3C7661A2B07250A002DDAFC /* View */ = {
			isa = PBXGroup;
			children = (
				F3C7661B2B07251B002DDAFC /* SplashViewController.swift */,
			);
			path = View;
			sourceTree = "<group>";
		};
		F3C766332B07342A002DDAFC /* Presentation */ = {
			isa = PBXGroup;
			children = (
				F37C731C2B07D47F00FC13B1 /* DI */,
				F3C766532B07401C002DDAFC /* Entity */,
				F3C766342B073439002DDAFC /* View */,
				F3C766372B073463002DDAFC /* ViewModel */,
				F3C766452B0738FC002DDAFC /* Wrapper */,
			);
			path = Presentation;
			sourceTree = "<group>";
		};
		F3C766342B073439002DDAFC /* View */ = {
			isa = PBXGroup;
			children = (
				F3B59A3C2B09C18000E421BD /* BaseController.swift */,
				F3B59A382B09BFE500E421BD /* BaseTabBarController.swift */,
				F3C766352B073458002DDAFC /* BaseViewController.swift */,
				F3B59A3A2B09C0EC00E421BD /* SubscribeHelper.swift */,
			);
			path = View;
			sourceTree = "<group>";
		};
		F3C766372B073463002DDAFC /* ViewModel */ = {
			isa = PBXGroup;
			children = (
				F3C766382B073472002DDAFC /* BaseViewModel.swift */,
			);
			path = ViewModel;
			sourceTree = "<group>";
		};
		F3C766452B0738FC002DDAFC /* Wrapper */ = {
			isa = PBXGroup;
			children = (
				F3C7664A2B073A78002DDAFC /* BehaviorObservable.swift */,
				F3C766482B073984002DDAFC /* PublishObservable.swift */,
			);
			path = Wrapper;
			sourceTree = "<group>";
		};
		F3C7664C2B073D4D002DDAFC /* Utils */ = {
			isa = PBXGroup;
			children = (
				F37C73252B07D77E00FC13B1 /* CaseResult.swift */,
				F3C7664D2B073D7B002DDAFC /* NotificationCenterWrapper.swift */,
				F3C7664F2B073DB9002DDAFC /* NotificationCenterWrapperImpl.swift */,
				F37C73232B07D74B00FC13B1 /* Reusable.swift */,
			);
			path = Utils;
			sourceTree = "<group>";
		};
		F3C766532B07401C002DDAFC /* Entity */ = {
			isa = PBXGroup;
			children = (
				F3C766512B073F99002DDAFC /* Coordinator.swift */,
				F3C766562B0740BE002DDAFC /* CoordinatorArgs.swift */,
				F3C766582B07413B002DDAFC /* CoordinatorType.swift */,
				F37C73442B09A8E800FC13B1 /* DateConstants.swift */,
				F3C766542B074061002DDAFC /* PresentArgs.swift */,
			);
			path = Entity;
			sourceTree = "<group>";
		};
		F3C7665A2B0795AF002DDAFC /* DI */ = {
			isa = PBXGroup;
			children = (
				F37C731A2B07D35900FC13B1 /* BaseModule.swift */,
				F37C73182B07D32200FC13B1 /* CoreModule.swift */,
				F3C7665D2B079731002DDAFC /* Injection.swift */,
				F3C7665B2B0795BF002DDAFC /* MainControllerProvider.swift */,
			);
			path = DI;
			sourceTree = "<group>";
		};
		F3C7665F2B079D06002DDAFC /* DI */ = {
			isa = PBXGroup;
			children = (
				F3C766602B079D13002DDAFC /* SplashModule.swift */,
			);
			path = DI;
			sourceTree = "<group>";
		};
		F3C766622B07C91C002DDAFC /* ViewModel */ = {
			isa = PBXGroup;
			children = (
				F3C766632B07C92C002DDAFC /* SplashViewModel.swift */,
			);
			path = ViewModel;
			sourceTree = "<group>";
		};
		F3F0F2742B0ADB39004FCD05 /* Frameworks */ = {
			isa = PBXGroup;
			children = (
			);
			name = Frameworks;
			sourceTree = "<group>";
		};
		F3F0F27B2B0ADDF1004FCD05 /* AppModules */ = {
			isa = PBXGroup;
			children = (
				F3F0F27C2B0ADE00004FCD05 /* Core */,
				F3F0F28A2B0AE747004FCD05 /* Coupon */,
				F3F0F2902B0AEEAF004FCD05 /* Factory */,
				F3F0F2A12B0B1556004FCD05 /* Product */,
				F3F0F2B32B0B1FBD004FCD05 /* Splash */,
			);
			path = AppModules;
			sourceTree = "<group>";
		};
		F3F0F27C2B0ADE00004FCD05 /* Core */ = {
			isa = PBXGroup;
			children = (
				F3F0F29E2B0B0E8C004FCD05 /* Extensions */,
				F3F0F2802B0ADFF5004FCD05 /* Domain */,
				F3F0F27D2B0ADE0A004FCD05 /* Presentation */,
			);
			path = Core;
			sourceTree = "<group>";
		};
		F3F0F27D2B0ADE0A004FCD05 /* Presentation */ = {
			isa = PBXGroup;
			children = (
				F3F0F27E2B0ADE34004FCD05 /* RxTestCase.swift */,
			);
			path = Presentation;
			sourceTree = "<group>";
		};
		F3F0F2802B0ADFF5004FCD05 /* Domain */ = {
			isa = PBXGroup;
			children = (
				F3F0F2822B0AE021004FCD05 /* TestUseCase.swift */,
				F3F0F2842B0AE057004FCD05 /* TestClosureUseCase.swift */,
			);
			path = Domain;
			sourceTree = "<group>";
		};
		F3F0F28A2B0AE747004FCD05 /* Coupon */ = {
			isa = PBXGroup;
			children = (
				F3F0F28B2B0AE760004FCD05 /* Data */,
				F3F0F2962B0AF82B004FCD05 /* Domain */,
				F3F0F29A2B0B0B51004FCD05 /* Presentation */,
			);
			path = Coupon;
			sourceTree = "<group>";
		};
		F3F0F28B2B0AE760004FCD05 /* Data */ = {
			isa = PBXGroup;
			children = (
				F3F0F2932B0AF655004FCD05 /* DataSource */,
				F3F0F2C42B0B25E8004FCD05 /* Mapper */,
				F3F0F28C2B0AE79C004FCD05 /* Repository */,
			);
			path = Data;
			sourceTree = "<group>";
		};
		F3F0F28C2B0AE79C004FCD05 /* Repository */ = {
			isa = PBXGroup;
			children = (
				F3F0F28D2B0AE7D0004FCD05 /* CouponRepositoryTests.swift */,
			);
			path = Repository;
			sourceTree = "<group>";
		};
		F3F0F2902B0AEEAF004FCD05 /* Factory */ = {
			isa = PBXGroup;
			children = (
				F3F0F2912B0AEEC3004FCD05 /* CouponFactory.swift */,
				F3F0F2A62B0B1636004FCD05 /* ProductFactory.swift */,
			);
			path = Factory;
			sourceTree = "<group>";
		};
		F3F0F2932B0AF655004FCD05 /* DataSource */ = {
			isa = PBXGroup;
			children = (
				F3F0F2942B0AF678004FCD05 /* CouponRemoteDataSourceTests.swift */,
			);
			path = DataSource;
			sourceTree = "<group>";
		};
		F3F0F2962B0AF82B004FCD05 /* Domain */ = {
			isa = PBXGroup;
			children = (
				F3F0F2C12B0B2595004FCD05 /* Mapper */,
				F3F0F2972B0AF85A004FCD05 /* UseCase */,
			);
			path = Domain;
			sourceTree = "<group>";
		};
		F3F0F2972B0AF85A004FCD05 /* UseCase */ = {
			isa = PBXGroup;
			children = (
				F3F0F2982B0AF870004FCD05 /* FetchCouponsUseCaseTests.swift */,
			);
			path = UseCase;
			sourceTree = "<group>";
		};
		F3F0F29A2B0B0B51004FCD05 /* Presentation */ = {
			isa = PBXGroup;
			children = (
				F3F0F29B2B0B0B61004FCD05 /* ViewModel */,
			);
			path = Presentation;
			sourceTree = "<group>";
		};
		F3F0F29B2B0B0B61004FCD05 /* ViewModel */ = {
			isa = PBXGroup;
			children = (
				F3F0F29C2B0B0B8B004FCD05 /* CouponsViewModelTests.swift */,
			);
			path = ViewModel;
			sourceTree = "<group>";
		};
		F3F0F29E2B0B0E8C004FCD05 /* Extensions */ = {
			isa = PBXGroup;
			children = (
				F3F0F29F2B0B0EC2004FCD05 /* TestableObserver+Extension.swift */,
			);
			path = Extensions;
			sourceTree = "<group>";
		};
		F3F0F2A12B0B1556004FCD05 /* Product */ = {
			isa = PBXGroup;
			children = (
				F3F0F2A22B0B155F004FCD05 /* Data */,
				F3F0F2AB2B0B1986004FCD05 /* Domain */,
				F3F0F2AF2B0B1B3C004FCD05 /* Presentation */,
			);
			path = Product;
			sourceTree = "<group>";
		};
		F3F0F2A22B0B155F004FCD05 /* Data */ = {
			isa = PBXGroup;
			children = (
				F3F0F2A82B0B1886004FCD05 /* DataSource */,
				F3F0F2BE2B0B2519004FCD05 /* Mapper */,
				F3F0F2A32B0B1566004FCD05 /* Repository */,
			);
			path = Data;
			sourceTree = "<group>";
		};
		F3F0F2A32B0B1566004FCD05 /* Repository */ = {
			isa = PBXGroup;
			children = (
				F3F0F2A42B0B157E004FCD05 /* ProductRepositoryTests.swift */,
			);
			path = Repository;
			sourceTree = "<group>";
		};
		F3F0F2A82B0B1886004FCD05 /* DataSource */ = {
			isa = PBXGroup;
			children = (
				F3F0F2A92B0B18C2004FCD05 /* ProductRemoteDataSourceTests.swift */,
			);
			path = DataSource;
			sourceTree = "<group>";
		};
		F3F0F2AB2B0B1986004FCD05 /* Domain */ = {
			isa = PBXGroup;
			children = (
				F3F0F2BB2B0B246E004FCD05 /* Mapper */,
				F3F0F2AC2B0B198D004FCD05 /* UseCase */,
			);
			path = Domain;
			sourceTree = "<group>";
		};
		F3F0F2AC2B0B198D004FCD05 /* UseCase */ = {
			isa = PBXGroup;
			children = (
				F3F0F2AD2B0B199E004FCD05 /* FetchProductsUseCaseTests.swift */,
			);
			path = UseCase;
			sourceTree = "<group>";
		};
		F3F0F2AF2B0B1B3C004FCD05 /* Presentation */ = {
			isa = PBXGroup;
			children = (
				F3F0F2B82B0B2292004FCD05 /* Mapper */,
				F3F0F2B02B0B1B44004FCD05 /* ViewModel */,
			);
			path = Presentation;
			sourceTree = "<group>";
		};
		F3F0F2B02B0B1B44004FCD05 /* ViewModel */ = {
			isa = PBXGroup;
			children = (
				F3F0F2B12B0B1B56004FCD05 /* ProductsViewModelTests.swift */,
			);
			path = ViewModel;
			sourceTree = "<group>";
		};
		F3F0F2B32B0B1FBD004FCD05 /* Splash */ = {
			isa = PBXGroup;
			children = (
				F3F0F2B42B0B1FC3004FCD05 /* Presentation */,
			);
			path = Splash;
			sourceTree = "<group>";
		};
		F3F0F2B42B0B1FC3004FCD05 /* Presentation */ = {
			isa = PBXGroup;
			children = (
				F3F0F2B52B0B1FC8004FCD05 /* ViewModel */,
			);
			path = Presentation;
			sourceTree = "<group>";
		};
		F3F0F2B52B0B1FC8004FCD05 /* ViewModel */ = {
			isa = PBXGroup;
			children = (
				F3F0F2B62B0B1FD5004FCD05 /* SplashViewModelTests.swift */,
			);
			path = ViewModel;
			sourceTree = "<group>";
		};
		F3F0F2B82B0B2292004FCD05 /* Mapper */ = {
			isa = PBXGroup;
			children = (
				F3F0F2B92B0B22A8004FCD05 /* ProductPresentationMapperTests.swift */,
			);
			path = Mapper;
			sourceTree = "<group>";
		};
		F3F0F2BB2B0B246E004FCD05 /* Mapper */ = {
			isa = PBXGroup;
			children = (
				F3F0F2BC2B0B247C004FCD05 /* ProductDomainMapperTests.swift */,
			);
			path = Mapper;
			sourceTree = "<group>";
		};
		F3F0F2BE2B0B2519004FCD05 /* Mapper */ = {
			isa = PBXGroup;
			children = (
				F3F0F2BF2B0B252A004FCD05 /* ProductDataMapperTests.swift */,
			);
			path = Mapper;
			sourceTree = "<group>";
		};
		F3F0F2C12B0B2595004FCD05 /* Mapper */ = {
			isa = PBXGroup;
			children = (
				F3F0F2C22B0B25A2004FCD05 /* CouponDomainMapperTests.swift */,
			);
			path = Mapper;
			sourceTree = "<group>";
		};
		F3F0F2C42B0B25E8004FCD05 /* Mapper */ = {
			isa = PBXGroup;
			children = (
				F3F0F2C52B0B25F6004FCD05 /* CouponDataMapperTests.swift */,
			);
			path = Mapper;
			sourceTree = "<group>";
		};
/* End PBXGroup section */

/* Begin PBXNativeTarget section */
		F3C765DB2B071AB3002DDAFC /* TestsExample */ = {
			isa = PBXNativeTarget;
			buildConfigurationList = F3C766092B071AB5002DDAFC /* Build configuration list for PBXNativeTarget "TestsExample" */;
			buildPhases = (
				F3C765D82B071AB3002DDAFC /* Sources */,
				F3C765D92B071AB3002DDAFC /* Frameworks */,
				F3C765DA2B071AB3002DDAFC /* Resources */,
			);
			buildRules = (
			);
			dependencies = (
			);
			name = TestsExample;
			packageProductDependencies = (
				F3C7662C2B073106002DDAFC /* SDWebImage */,
				F3C7662F2B073118002DDAFC /* Swinject */,
				F3B59ABC2B0AC62E00E421BD /* RxCocoa */,
				F3B59ABE2B0AC62E00E421BD /* RxRelay */,
				F3B59AC02B0AC62E00E421BD /* RxSwift */,
			);
			productName = TestsExample;
			productReference = F3C765DC2B071AB3002DDAFC /* TestsExample.app */;
			productType = "com.apple.product-type.application";
		};
		F3C765F42B071AB5002DDAFC /* TestsExampleTests */ = {
			isa = PBXNativeTarget;
			buildConfigurationList = F3C7660C2B071AB5002DDAFC /* Build configuration list for PBXNativeTarget "TestsExampleTests" */;
			buildPhases = (
				F3F0F2782B0ADD4B004FCD05 /* Cuckoo */,
				F3C765F12B071AB5002DDAFC /* Sources */,
				F3C765F22B071AB5002DDAFC /* Frameworks */,
				F3C765F32B071AB5002DDAFC /* Resources */,
			);
			buildRules = (
			);
			dependencies = (
				F3C765F72B071AB5002DDAFC /* PBXTargetDependency */,
			);
			name = TestsExampleTests;
			packageProductDependencies = (
				F3B59ABA2B0AC62E00E421BD /* RxBlocking */,
				F3B59AC22B0AC62E00E421BD /* RxTest */,
				F3F0F2752B0ADB39004FCD05 /* SDWebImage */,
				F3F0F2872B0AE0FA004FCD05 /* Cuckoo */,
			);
			productName = TestsExampleTests;
			productReference = F3C765F52B071AB5002DDAFC /* TestsExampleTests.xctest */;
			productType = "com.apple.product-type.bundle.unit-test";
		};
		F3C765FE2B071AB5002DDAFC /* TestsExampleUITests */ = {
			isa = PBXNativeTarget;
			buildConfigurationList = F3C7660F2B071AB5002DDAFC /* Build configuration list for PBXNativeTarget "TestsExampleUITests" */;
			buildPhases = (
				F3C765FB2B071AB5002DDAFC /* Sources */,
				F3C765FC2B071AB5002DDAFC /* Frameworks */,
				F3C765FD2B071AB5002DDAFC /* Resources */,
			);
			buildRules = (
			);
			dependencies = (
				F3C766012B071AB5002DDAFC /* PBXTargetDependency */,
			);
			name = TestsExampleUITests;
			productName = TestsExampleUITests;
			productReference = F3C765FF2B071AB5002DDAFC /* TestsExampleUITests.xctest */;
			productType = "com.apple.product-type.bundle.ui-testing";
		};
/* End PBXNativeTarget section */

/* Begin PBXProject section */
		F3C765D42B071AB3002DDAFC /* Project object */ = {
			isa = PBXProject;
			attributes = {
				BuildIndependentTargetsInParallel = 1;
				LastSwiftUpdateCheck = 1430;
				LastUpgradeCheck = 1430;
				TargetAttributes = {
					F3C765DB2B071AB3002DDAFC = {
						CreatedOnToolsVersion = 14.3.1;
					};
					F3C765F42B071AB5002DDAFC = {
						CreatedOnToolsVersion = 14.3.1;
						TestTargetID = F3C765DB2B071AB3002DDAFC;
					};
					F3C765FE2B071AB5002DDAFC = {
						CreatedOnToolsVersion = 14.3.1;
						TestTargetID = F3C765DB2B071AB3002DDAFC;
					};
				};
			};
			buildConfigurationList = F3C765D72B071AB3002DDAFC /* Build configuration list for PBXProject "TestsExample" */;
			compatibilityVersion = "Xcode 14.0";
			developmentRegion = en;
			hasScannedForEncodings = 0;
			knownRegions = (
				en,
				Base,
			);
			mainGroup = F3C765D32B071AB3002DDAFC;
			packageReferences = (
				F3C7662B2B073106002DDAFC /* XCRemoteSwiftPackageReference "SDWebImage" */,
				F3C7662E2B073118002DDAFC /* XCRemoteSwiftPackageReference "Swinject" */,
				F3B59AB92B0AC62E00E421BD /* XCRemoteSwiftPackageReference "RxSwift" */,
				F3F0F2862B0AE0FA004FCD05 /* XCRemoteSwiftPackageReference "Cuckoo" */,
			);
			productRefGroup = F3C765DD2B071AB3002DDAFC /* Products */;
			projectDirPath = "";
			projectRoot = "";
			targets = (
				F3C765DB2B071AB3002DDAFC /* TestsExample */,
				F3C765F42B071AB5002DDAFC /* TestsExampleTests */,
				F3C765FE2B071AB5002DDAFC /* TestsExampleUITests */,
			);
		};
/* End PBXProject section */

/* Begin PBXResourcesBuildPhase section */
		F3C765DA2B071AB3002DDAFC /* Resources */ = {
			isa = PBXResourcesBuildPhase;
			buildActionMask = 2147483647;
			files = (
				F3C765EF2B071AB4002DDAFC /* LaunchScreen.storyboard in Resources */,
				F3C765EC2B071AB4002DDAFC /* Assets.xcassets in Resources */,
			);
			runOnlyForDeploymentPostprocessing = 0;
		};
		F3C765F32B071AB5002DDAFC /* Resources */ = {
			isa = PBXResourcesBuildPhase;
			buildActionMask = 2147483647;
			files = (
			);
			runOnlyForDeploymentPostprocessing = 0;
		};
		F3C765FD2B071AB5002DDAFC /* Resources */ = {
			isa = PBXResourcesBuildPhase;
			buildActionMask = 2147483647;
			files = (
			);
			runOnlyForDeploymentPostprocessing = 0;
		};
/* End PBXResourcesBuildPhase section */

/* Begin PBXShellScriptBuildPhase section */
		F3F0F2782B0ADD4B004FCD05 /* Cuckoo */ = {
			isa = PBXShellScriptBuildPhase;
			buildActionMask = 2147483647;
			files = (
			);
			inputFileListPaths = (
			);
			inputPaths = (
			);
			name = Cuckoo;
			outputFileListPaths = (
			);
			outputPaths = (
			);
			runOnlyForDeploymentPostprocessing = 0;
			shellPath = /bin/sh;
			shellScript = "sh $SRCROOT/TestsExampleTests/GenerateMockFiles.sh\n";
		};
/* End PBXShellScriptBuildPhase section */

/* Begin PBXSourcesBuildPhase section */
		F3C765D82B071AB3002DDAFC /* Sources */ = {
			isa = PBXSourcesBuildPhase;
			buildActionMask = 2147483647;
			files = (
				F3B59AA02B0A94E800E421BD /* CouponDomainMapperImpl.swift in Sources */,
				F3B59A792B09E04B00E421BD /* ProductDataMapper.swift in Sources */,
				F3B59A582B09D61B00E421BD /* UiProductItem.swift in Sources */,
				F3B59A392B09BFE500E421BD /* BaseTabBarController.swift in Sources */,
				F3B59AB12B0AB02000E421BD /* CouponCollectionViewCell.swift in Sources */,
				F37C73362B092CC500FC13B1 /* LocalStorage.swift in Sources */,
				F37C73192B07D32200FC13B1 /* CoreModule.swift in Sources */,
				F3B59AAE2B0A999800E421BD /* CouponsViewController.swift in Sources */,
				F3B59A802B09F14F00E421BD /* ProductTableViewCell.swift in Sources */,
				F3C766322B073156002DDAFC /* UIImageView+Extension.swift in Sources */,
				F3C766682B07CA28002DDAFC /* Resolver+Extension.swift in Sources */,
				F3B59A532B09D56200E421BD /* UiProduct.swift in Sources */,
				F3C766492B073984002DDAFC /* PublishObservable.swift in Sources */,
				F37C73332B09237F00FC13B1 /* CoreModule+Data.swift in Sources */,
				F37C73432B09A62700FC13B1 /* UICollectionView+Extension.swift in Sources */,
				F3C766572B0740BE002DDAFC /* CoordinatorArgs.swift in Sources */,
				F3C766522B073F99002DDAFC /* Coordinator.swift in Sources */,
				F3B59A3B2B09C0EC00E421BD /* SubscribeHelper.swift in Sources */,
				F37C73242B07D74B00FC13B1 /* Reusable.swift in Sources */,
				F37C732F2B07D96C00FC13B1 /* CoreModule+Domain.swift in Sources */,
				F3C7665C2B0795BF002DDAFC /* MainControllerProvider.swift in Sources */,
				F37C73472B09ACF400FC13B1 /* Date+Extension.swift in Sources */,
				F3B59A692B09DF2300E421BD /* ProductRepository.swift in Sources */,
				F3B59A762B09DFFC00E421BD /* ProductRemoteDataSourceImpl.swift in Sources */,
				F3C765EA2B071AB3002DDAFC /* TestsExample.xcdatamodeld in Sources */,
				F37C732A2B07D8B600FC13B1 /* UseCase.swift in Sources */,
				F3B59A432B09C93400E421BD /* MainTabBarModule.swift in Sources */,
				F37C731B2B07D35900FC13B1 /* BaseModule.swift in Sources */,
				F3C766552B074061002DDAFC /* PresentArgs.swift in Sources */,
				F3B59AA82B0A982E00E421BD /* UiCoupon.swift in Sources */,
				F3C766592B07413B002DDAFC /* CoordinatorType.swift in Sources */,
				F37C73452B09A8E800FC13B1 /* DateConstants.swift in Sources */,
				F3B59A6B2B09DF4E00E421BD /* ProductRepositoryImpl.swift in Sources */,
				F3B59A922B0A8F7E00E421BD /* ApiCoupon.swift in Sources */,
				F37C73222B07D6E000FC13B1 /* ClosureUseCase.swift in Sources */,
				F3B59A4D2B09CFF200E421BD /* ProductsViewController.swift in Sources */,
				F3C765E02B071AB3002DDAFC /* AppDelegate.swift in Sources */,
				F3C7661C2B07251B002DDAFC /* SplashViewController.swift in Sources */,
				F3B59A5F2B09D95600E421BD /* FetchProductsUseCase.swift in Sources */,
				F3C766172B072456002DDAFC /* String+Extension.swift in Sources */,
				F3B59A8A2B0A8F2F00E421BD /* CouponRepositoryImpl.swift in Sources */,
				F37C73262B07D77E00FC13B1 /* CaseResult.swift in Sources */,
				F37C73412B09730B00FC13B1 /* UITableView+Extension.swift in Sources */,
				F37C731E2B07D4A700FC13B1 /* CoreModule+Presentation.swift in Sources */,
				F37C733A2B0932F500FC13B1 /* UserDefaultsLocalStorage.swift in Sources */,
				F3C7664B2B073A78002DDAFC /* BehaviorObservable.swift in Sources */,
				F3B59AA32B0A953000E421BD /* DomainCoupon.swift in Sources */,
				F3B59A4B2B09CEFB00E421BD /* ProductsViewModel.swift in Sources */,
				F3C766392B073472002DDAFC /* BaseViewModel.swift in Sources */,
				F3B59A622B09DDE600E421BD /* ProductDomainMapper.swift in Sources */,
				F3B59A852B0A8E8B00E421BD /* CouponModule.swift in Sources */,
				F3B59A9B2B0A942B00E421BD /* FetchCouponsUseCase.swift in Sources */,
				F382D6922B0B294C00596989 /* NetworkManagerImpl.swift in Sources */,
				F37C73282B07D80700FC13B1 /* AnyClosureUseCase.swift in Sources */,
				F37C73382B092D3E00FC13B1 /* KeychainLocalStorage.swift in Sources */,
				F3B59A642B09DDFC00E421BD /* ProductDomainMapperImpl.swift in Sources */,
				F3B59A742B09DFD600E421BD /* ApiProduct.swift in Sources */,
				F3B59A562B09D5FD00E421BD /* ProductPresentationMapper.swift in Sources */,
				F3B59AB32B0ABB8200E421BD /* NSLayoutConstraint+Extension.swift in Sources */,
				F3B59AB52B0ABC7C00E421BD /* UIView+Extension.swift in Sources */,
				F3B59A8F2B0A8F5B00E421BD /* CouponDataMapperImpl.swift in Sources */,
				F3B59AAB2B0A997700E421BD /* CouponsViewModel.swift in Sources */,
				F3B59A502B09D2CA00E421BD /* ProductModule.swift in Sources */,
				F3B59A452B09CADA00E421BD /* UIApplication+Extension.swift in Sources */,
				F3B59A952B0A90BA00E421BD /* CouponRemoteDataSource.swift in Sources */,
				F3B59A9E2B0A94CF00E421BD /* CouponDomainMapper.swift in Sources */,
				F3C766612B079D13002DDAFC /* SplashModule.swift in Sources */,
				F3C766362B073458002DDAFC /* BaseViewController.swift in Sources */,
				F37C733D2B09379700FC13B1 /* CodableHelper.swift in Sources */,
				F3C766642B07C92C002DDAFC /* SplashViewModel.swift in Sources */,
				F3B59A3D2B09C18000E421BD /* BaseController.swift in Sources */,
				F3B59A6E2B09DF6C00E421BD /* DomainProduct.swift in Sources */,
				F3C766502B073DB9002DDAFC /* NotificationCenterWrapperImpl.swift in Sources */,
				F3B59A402B09C70300E421BD /* MainTabBarViewModel.swift in Sources */,
				F3C7665E2B079731002DDAFC /* Injection.swift in Sources */,
				F3B59A8D2B0A8F4900E421BD /* CouponDataMapper.swift in Sources */,
				F3C7664E2B073D7B002DDAFC /* NotificationCenterWrapper.swift in Sources */,
				F3B59A352B09BFA900E421BD /* MainTabBarController.swift in Sources */,
				F37C733F2B09694500FC13B1 /* MemoryLocalStorage.swift in Sources */,
				F3B59A5A2B09D65800E421BD /* ProductPresentationMapperImpl.swift in Sources */,
				F3B59A972B0A90E700E421BD /* CouponRemoteDataSourceImpl.swift in Sources */,
				F37C732C2B07D8D400FC13B1 /* AnyUseCase.swift in Sources */,
				F3B59A712B09DF9A00E421BD /* ProductRemoteDataSource.swift in Sources */,
				F3B59A882B0A8EDA00E421BD /* CouponRepository.swift in Sources */,
				F3B59A7B2B09E07200E421BD /* ProductDataMapperImpl.swift in Sources */,
				F382D6902B0B27E100596989 /* NetworkManager.swift in Sources */,
				F3C765E22B071AB3002DDAFC /* SceneDelegate.swift in Sources */,
			);
			runOnlyForDeploymentPostprocessing = 0;
		};
		F3C765F12B071AB5002DDAFC /* Sources */ = {
			isa = PBXSourcesBuildPhase;
			buildActionMask = 2147483647;
			files = (
				F3F0F2AA2B0B18C2004FCD05 /* ProductRemoteDataSourceTests.swift in Sources */,
				F3F0F2A02B0B0EC2004FCD05 /* TestableObserver+Extension.swift in Sources */,
				F3F0F2C02B0B252A004FCD05 /* ProductDataMapperTests.swift in Sources */,
				F3F0F2AE2B0B199E004FCD05 /* FetchProductsUseCaseTests.swift in Sources */,
				F3F0F2B22B0B1B56004FCD05 /* ProductsViewModelTests.swift in Sources */,
				F3F0F29D2B0B0B8B004FCD05 /* CouponsViewModelTests.swift in Sources */,
				F3F0F2BA2B0B22A8004FCD05 /* ProductPresentationMapperTests.swift in Sources */,
				F3F0F2BD2B0B247C004FCD05 /* ProductDomainMapperTests.swift in Sources */,
				F3F0F2992B0AF870004FCD05 /* FetchCouponsUseCaseTests.swift in Sources */,
				F3F0F2A52B0B157E004FCD05 /* ProductRepositoryTests.swift in Sources */,
				F3F0F2A72B0B1636004FCD05 /* ProductFactory.swift in Sources */,
				F3F0F2922B0AEEC3004FCD05 /* CouponFactory.swift in Sources */,
				F3F0F2C32B0B25A2004FCD05 /* CouponDomainMapperTests.swift in Sources */,
				F3F0F28E2B0AE7D0004FCD05 /* CouponRepositoryTests.swift in Sources */,
				F3F0F2832B0AE021004FCD05 /* TestUseCase.swift in Sources */,
				F3F0F2C62B0B25F6004FCD05 /* CouponDataMapperTests.swift in Sources */,
				F3F0F27A2B0ADDAA004FCD05 /* GeneratedMocks.swift in Sources */,
				F3F0F27F2B0ADE34004FCD05 /* RxTestCase.swift in Sources */,
				F3F0F2952B0AF678004FCD05 /* CouponRemoteDataSourceTests.swift in Sources */,
				F3F0F2852B0AE057004FCD05 /* TestClosureUseCase.swift in Sources */,
				F3F0F2B72B0B1FD5004FCD05 /* SplashViewModelTests.swift in Sources */,
			);
			runOnlyForDeploymentPostprocessing = 0;
		};
		F3C765FB2B071AB5002DDAFC /* Sources */ = {
			isa = PBXSourcesBuildPhase;
			buildActionMask = 2147483647;
			files = (
				F3C766042B071AB5002DDAFC /* TestsExampleUITests.swift in Sources */,
				F3C766062B071AB5002DDAFC /* TestsExampleUITestsLaunchTests.swift in Sources */,
			);
			runOnlyForDeploymentPostprocessing = 0;
		};
/* End PBXSourcesBuildPhase section */

/* Begin PBXTargetDependency section */
		F3C765F72B071AB5002DDAFC /* PBXTargetDependency */ = {
			isa = PBXTargetDependency;
			target = F3C765DB2B071AB3002DDAFC /* TestsExample */;
			targetProxy = F3C765F62B071AB5002DDAFC /* PBXContainerItemProxy */;
		};
		F3C766012B071AB5002DDAFC /* PBXTargetDependency */ = {
			isa = PBXTargetDependency;
			target = F3C765DB2B071AB3002DDAFC /* TestsExample */;
			targetProxy = F3C766002B071AB5002DDAFC /* PBXContainerItemProxy */;
		};
/* End PBXTargetDependency section */

/* Begin PBXVariantGroup section */
		F3C765ED2B071AB4002DDAFC /* LaunchScreen.storyboard */ = {
			isa = PBXVariantGroup;
			children = (
				F3C765EE2B071AB4002DDAFC /* Base */,
			);
			name = LaunchScreen.storyboard;
			sourceTree = "<group>";
		};
/* End PBXVariantGroup section */

/* Begin XCBuildConfiguration section */
		F3C766072B071AB5002DDAFC /* Debug */ = {
			isa = XCBuildConfiguration;
			buildSettings = {
				ALWAYS_SEARCH_USER_PATHS = NO;
				CLANG_ANALYZER_NONNULL = YES;
				CLANG_ANALYZER_NUMBER_OBJECT_CONVERSION = YES_AGGRESSIVE;
				CLANG_CXX_LANGUAGE_STANDARD = "gnu++20";
				CLANG_ENABLE_MODULES = YES;
				CLANG_ENABLE_OBJC_ARC = YES;
				CLANG_ENABLE_OBJC_WEAK = YES;
				CLANG_WARN_BLOCK_CAPTURE_AUTORELEASING = YES;
				CLANG_WARN_BOOL_CONVERSION = YES;
				CLANG_WARN_COMMA = YES;
				CLANG_WARN_CONSTANT_CONVERSION = YES;
				CLANG_WARN_DEPRECATED_OBJC_IMPLEMENTATIONS = YES;
				CLANG_WARN_DIRECT_OBJC_ISA_USAGE = YES_ERROR;
				CLANG_WARN_DOCUMENTATION_COMMENTS = YES;
				CLANG_WARN_EMPTY_BODY = YES;
				CLANG_WARN_ENUM_CONVERSION = YES;
				CLANG_WARN_INFINITE_RECURSION = YES;
				CLANG_WARN_INT_CONVERSION = YES;
				CLANG_WARN_NON_LITERAL_NULL_CONVERSION = YES;
				CLANG_WARN_OBJC_IMPLICIT_RETAIN_SELF = YES;
				CLANG_WARN_OBJC_LITERAL_CONVERSION = YES;
				CLANG_WARN_OBJC_ROOT_CLASS = YES_ERROR;
				CLANG_WARN_QUOTED_INCLUDE_IN_FRAMEWORK_HEADER = YES;
				CLANG_WARN_RANGE_LOOP_ANALYSIS = YES;
				CLANG_WARN_STRICT_PROTOTYPES = YES;
				CLANG_WARN_SUSPICIOUS_MOVE = YES;
				CLANG_WARN_UNGUARDED_AVAILABILITY = YES_AGGRESSIVE;
				CLANG_WARN_UNREACHABLE_CODE = YES;
				CLANG_WARN__DUPLICATE_METHOD_MATCH = YES;
				COPY_PHASE_STRIP = NO;
				DEBUG_INFORMATION_FORMAT = dwarf;
				ENABLE_STRICT_OBJC_MSGSEND = YES;
				ENABLE_TESTABILITY = YES;
				GCC_C_LANGUAGE_STANDARD = gnu11;
				GCC_DYNAMIC_NO_PIC = NO;
				GCC_NO_COMMON_BLOCKS = YES;
				GCC_OPTIMIZATION_LEVEL = 0;
				GCC_PREPROCESSOR_DEFINITIONS = (
					"DEBUG=1",
					"$(inherited)",
				);
				GCC_WARN_64_TO_32_BIT_CONVERSION = YES;
				GCC_WARN_ABOUT_RETURN_TYPE = YES_ERROR;
				GCC_WARN_UNDECLARED_SELECTOR = YES;
				GCC_WARN_UNINITIALIZED_AUTOS = YES_AGGRESSIVE;
				GCC_WARN_UNUSED_FUNCTION = YES;
				GCC_WARN_UNUSED_VARIABLE = YES;
				IPHONEOS_DEPLOYMENT_TARGET = 16.4;
				MTL_ENABLE_DEBUG_INFO = INCLUDE_SOURCE;
				MTL_FAST_MATH = YES;
				ONLY_ACTIVE_ARCH = YES;
				SDKROOT = iphoneos;
				SWIFT_ACTIVE_COMPILATION_CONDITIONS = DEBUG;
				SWIFT_OPTIMIZATION_LEVEL = "-Onone";
			};
			name = Debug;
		};
		F3C766082B071AB5002DDAFC /* Release */ = {
			isa = XCBuildConfiguration;
			buildSettings = {
				ALWAYS_SEARCH_USER_PATHS = NO;
				CLANG_ANALYZER_NONNULL = YES;
				CLANG_ANALYZER_NUMBER_OBJECT_CONVERSION = YES_AGGRESSIVE;
				CLANG_CXX_LANGUAGE_STANDARD = "gnu++20";
				CLANG_ENABLE_MODULES = YES;
				CLANG_ENABLE_OBJC_ARC = YES;
				CLANG_ENABLE_OBJC_WEAK = YES;
				CLANG_WARN_BLOCK_CAPTURE_AUTORELEASING = YES;
				CLANG_WARN_BOOL_CONVERSION = YES;
				CLANG_WARN_COMMA = YES;
				CLANG_WARN_CONSTANT_CONVERSION = YES;
				CLANG_WARN_DEPRECATED_OBJC_IMPLEMENTATIONS = YES;
				CLANG_WARN_DIRECT_OBJC_ISA_USAGE = YES_ERROR;
				CLANG_WARN_DOCUMENTATION_COMMENTS = YES;
				CLANG_WARN_EMPTY_BODY = YES;
				CLANG_WARN_ENUM_CONVERSION = YES;
				CLANG_WARN_INFINITE_RECURSION = YES;
				CLANG_WARN_INT_CONVERSION = YES;
				CLANG_WARN_NON_LITERAL_NULL_CONVERSION = YES;
				CLANG_WARN_OBJC_IMPLICIT_RETAIN_SELF = YES;
				CLANG_WARN_OBJC_LITERAL_CONVERSION = YES;
				CLANG_WARN_OBJC_ROOT_CLASS = YES_ERROR;
				CLANG_WARN_QUOTED_INCLUDE_IN_FRAMEWORK_HEADER = YES;
				CLANG_WARN_RANGE_LOOP_ANALYSIS = YES;
				CLANG_WARN_STRICT_PROTOTYPES = YES;
				CLANG_WARN_SUSPICIOUS_MOVE = YES;
				CLANG_WARN_UNGUARDED_AVAILABILITY = YES_AGGRESSIVE;
				CLANG_WARN_UNREACHABLE_CODE = YES;
				CLANG_WARN__DUPLICATE_METHOD_MATCH = YES;
				COPY_PHASE_STRIP = NO;
				DEBUG_INFORMATION_FORMAT = "dwarf-with-dsym";
				ENABLE_NS_ASSERTIONS = NO;
				ENABLE_STRICT_OBJC_MSGSEND = YES;
				GCC_C_LANGUAGE_STANDARD = gnu11;
				GCC_NO_COMMON_BLOCKS = YES;
				GCC_WARN_64_TO_32_BIT_CONVERSION = YES;
				GCC_WARN_ABOUT_RETURN_TYPE = YES_ERROR;
				GCC_WARN_UNDECLARED_SELECTOR = YES;
				GCC_WARN_UNINITIALIZED_AUTOS = YES_AGGRESSIVE;
				GCC_WARN_UNUSED_FUNCTION = YES;
				GCC_WARN_UNUSED_VARIABLE = YES;
				IPHONEOS_DEPLOYMENT_TARGET = 16.4;
				MTL_ENABLE_DEBUG_INFO = NO;
				MTL_FAST_MATH = YES;
				SDKROOT = iphoneos;
				SWIFT_COMPILATION_MODE = wholemodule;
				SWIFT_OPTIMIZATION_LEVEL = "-O";
				VALIDATE_PRODUCT = YES;
			};
			name = Release;
		};
		F3C7660A2B071AB5002DDAFC /* Debug */ = {
			isa = XCBuildConfiguration;
			buildSettings = {
				ASSETCATALOG_COMPILER_APPICON_NAME = AppIcon;
				CODE_SIGN_STYLE = Automatic;
				CURRENT_PROJECT_VERSION = 1;
				DEVELOPMENT_TEAM = TQ4Y5Q73BC;
				GENERATE_INFOPLIST_FILE = YES;
				INFOPLIST_FILE = TestsExample/Resources/Info.plist;
				INFOPLIST_KEY_UIApplicationSupportsIndirectInputEvents = YES;
				INFOPLIST_KEY_UILaunchStoryboardName = LaunchScreen;
				INFOPLIST_KEY_UISupportedInterfaceOrientations_iPad = "UIInterfaceOrientationPortrait UIInterfaceOrientationPortraitUpsideDown UIInterfaceOrientationLandscapeLeft UIInterfaceOrientationLandscapeRight";
				INFOPLIST_KEY_UISupportedInterfaceOrientations_iPhone = "UIInterfaceOrientationPortrait UIInterfaceOrientationLandscapeLeft UIInterfaceOrientationLandscapeRight";
				LD_RUNPATH_SEARCH_PATHS = (
					"$(inherited)",
					"@executable_path/Frameworks",
				);
				MARKETING_VERSION = 1.0.0;
				PRODUCT_BUNDLE_IDENTIFIER = hrool20.pe.TestsExample;
				PRODUCT_NAME = "$(TARGET_NAME)";
				SWIFT_EMIT_LOC_STRINGS = YES;
				SWIFT_VERSION = 5.0;
				TARGETED_DEVICE_FAMILY = "1,2";
			};
			name = Debug;
		};
		F3C7660B2B071AB5002DDAFC /* Release */ = {
			isa = XCBuildConfiguration;
			buildSettings = {
				ASSETCATALOG_COMPILER_APPICON_NAME = AppIcon;
				CODE_SIGN_STYLE = Automatic;
				CURRENT_PROJECT_VERSION = 1;
				DEVELOPMENT_TEAM = TQ4Y5Q73BC;
				GENERATE_INFOPLIST_FILE = YES;
				INFOPLIST_FILE = TestsExample/Resources/Info.plist;
				INFOPLIST_KEY_UIApplicationSupportsIndirectInputEvents = YES;
				INFOPLIST_KEY_UILaunchStoryboardName = LaunchScreen;
				INFOPLIST_KEY_UISupportedInterfaceOrientations_iPad = "UIInterfaceOrientationPortrait UIInterfaceOrientationPortraitUpsideDown UIInterfaceOrientationLandscapeLeft UIInterfaceOrientationLandscapeRight";
				INFOPLIST_KEY_UISupportedInterfaceOrientations_iPhone = "UIInterfaceOrientationPortrait UIInterfaceOrientationLandscapeLeft UIInterfaceOrientationLandscapeRight";
				LD_RUNPATH_SEARCH_PATHS = (
					"$(inherited)",
					"@executable_path/Frameworks",
				);
				MARKETING_VERSION = 1.0.0;
				PRODUCT_BUNDLE_IDENTIFIER = hrool20.pe.TestsExample;
				PRODUCT_NAME = "$(TARGET_NAME)";
				SWIFT_EMIT_LOC_STRINGS = YES;
				SWIFT_VERSION = 5.0;
				TARGETED_DEVICE_FAMILY = "1,2";
			};
			name = Release;
		};
		F3C7660D2B071AB5002DDAFC /* Debug */ = {
			isa = XCBuildConfiguration;
			buildSettings = {
				ALWAYS_EMBED_SWIFT_STANDARD_LIBRARIES = YES;
				BUNDLE_LOADER = "$(TEST_HOST)";
				CODE_SIGN_STYLE = Automatic;
				CURRENT_PROJECT_VERSION = 1;
				DEVELOPMENT_TEAM = TQ4Y5Q73BC;
				GENERATE_INFOPLIST_FILE = YES;
				IPHONEOS_DEPLOYMENT_TARGET = 16.4;
				MARKETING_VERSION = 1.0;
				PRODUCT_BUNDLE_IDENTIFIER = hrool20.pe.TestsExampleTests;
				PRODUCT_NAME = "$(TARGET_NAME)";
				SWIFT_EMIT_LOC_STRINGS = NO;
				SWIFT_VERSION = 5.0;
				TARGETED_DEVICE_FAMILY = "1,2";
				TEST_HOST = "$(BUILT_PRODUCTS_DIR)/TestsExample.app/$(BUNDLE_EXECUTABLE_FOLDER_PATH)/TestsExample";
			};
			name = Debug;
		};
		F3C7660E2B071AB5002DDAFC /* Release */ = {
			isa = XCBuildConfiguration;
			buildSettings = {
				ALWAYS_EMBED_SWIFT_STANDARD_LIBRARIES = YES;
				BUNDLE_LOADER = "$(TEST_HOST)";
				CODE_SIGN_STYLE = Automatic;
				CURRENT_PROJECT_VERSION = 1;
				DEVELOPMENT_TEAM = TQ4Y5Q73BC;
				GENERATE_INFOPLIST_FILE = YES;
				IPHONEOS_DEPLOYMENT_TARGET = 16.4;
				MARKETING_VERSION = 1.0;
				PRODUCT_BUNDLE_IDENTIFIER = hrool20.pe.TestsExampleTests;
				PRODUCT_NAME = "$(TARGET_NAME)";
				SWIFT_EMIT_LOC_STRINGS = NO;
				SWIFT_VERSION = 5.0;
				TARGETED_DEVICE_FAMILY = "1,2";
				TEST_HOST = "$(BUILT_PRODUCTS_DIR)/TestsExample.app/$(BUNDLE_EXECUTABLE_FOLDER_PATH)/TestsExample";
			};
			name = Release;
		};
		F3C766102B071AB5002DDAFC /* Debug */ = {
			isa = XCBuildConfiguration;
			buildSettings = {
				ALWAYS_EMBED_SWIFT_STANDARD_LIBRARIES = YES;
				CODE_SIGN_STYLE = Automatic;
				CURRENT_PROJECT_VERSION = 1;
				DEVELOPMENT_TEAM = TQ4Y5Q73BC;
				GENERATE_INFOPLIST_FILE = YES;
				MARKETING_VERSION = 1.0;
				PRODUCT_BUNDLE_IDENTIFIER = hrool20.pe.TestsExampleUITests;
				PRODUCT_NAME = "$(TARGET_NAME)";
				SWIFT_EMIT_LOC_STRINGS = NO;
				SWIFT_VERSION = 5.0;
				TARGETED_DEVICE_FAMILY = "1,2";
				TEST_TARGET_NAME = TestsExample;
			};
			name = Debug;
		};
		F3C766112B071AB5002DDAFC /* Release */ = {
			isa = XCBuildConfiguration;
			buildSettings = {
				ALWAYS_EMBED_SWIFT_STANDARD_LIBRARIES = YES;
				CODE_SIGN_STYLE = Automatic;
				CURRENT_PROJECT_VERSION = 1;
				DEVELOPMENT_TEAM = TQ4Y5Q73BC;
				GENERATE_INFOPLIST_FILE = YES;
				MARKETING_VERSION = 1.0;
				PRODUCT_BUNDLE_IDENTIFIER = hrool20.pe.TestsExampleUITests;
				PRODUCT_NAME = "$(TARGET_NAME)";
				SWIFT_EMIT_LOC_STRINGS = NO;
				SWIFT_VERSION = 5.0;
				TARGETED_DEVICE_FAMILY = "1,2";
				TEST_TARGET_NAME = TestsExample;
			};
			name = Release;
		};
/* End XCBuildConfiguration section */

/* Begin XCConfigurationList section */
		F3C765D72B071AB3002DDAFC /* Build configuration list for PBXProject "TestsExample" */ = {
			isa = XCConfigurationList;
			buildConfigurations = (
				F3C766072B071AB5002DDAFC /* Debug */,
				F3C766082B071AB5002DDAFC /* Release */,
			);
			defaultConfigurationIsVisible = 0;
			defaultConfigurationName = Release;
		};
		F3C766092B071AB5002DDAFC /* Build configuration list for PBXNativeTarget "TestsExample" */ = {
			isa = XCConfigurationList;
			buildConfigurations = (
				F3C7660A2B071AB5002DDAFC /* Debug */,
				F3C7660B2B071AB5002DDAFC /* Release */,
			);
			defaultConfigurationIsVisible = 0;
			defaultConfigurationName = Release;
		};
		F3C7660C2B071AB5002DDAFC /* Build configuration list for PBXNativeTarget "TestsExampleTests" */ = {
			isa = XCConfigurationList;
			buildConfigurations = (
				F3C7660D2B071AB5002DDAFC /* Debug */,
				F3C7660E2B071AB5002DDAFC /* Release */,
			);
			defaultConfigurationIsVisible = 0;
			defaultConfigurationName = Release;
		};
		F3C7660F2B071AB5002DDAFC /* Build configuration list for PBXNativeTarget "TestsExampleUITests" */ = {
			isa = XCConfigurationList;
			buildConfigurations = (
				F3C766102B071AB5002DDAFC /* Debug */,
				F3C766112B071AB5002DDAFC /* Release */,
			);
			defaultConfigurationIsVisible = 0;
			defaultConfigurationName = Release;
		};
/* End XCConfigurationList section */

/* Begin XCRemoteSwiftPackageReference section */
		F3B59AB92B0AC62E00E421BD /* XCRemoteSwiftPackageReference "RxSwift" */ = {
			isa = XCRemoteSwiftPackageReference;
			repositoryURL = "https://github.com/ReactiveX/RxSwift";
			requirement = {
				kind = exactVersion;
				version = 6.6.0;
			};
		};
		F3C7662B2B073106002DDAFC /* XCRemoteSwiftPackageReference "SDWebImage" */ = {
			isa = XCRemoteSwiftPackageReference;
			repositoryURL = "https://github.com/SDWebImage/SDWebImage";
			requirement = {
				kind = exactVersion;
				version = 5.18.5;
			};
		};
		F3C7662E2B073118002DDAFC /* XCRemoteSwiftPackageReference "Swinject" */ = {
			isa = XCRemoteSwiftPackageReference;
			repositoryURL = "https://github.com/Swinject/Swinject";
			requirement = {
				kind = exactVersion;
				version = 2.8.4;
			};
		};
		F3F0F2862B0AE0FA004FCD05 /* XCRemoteSwiftPackageReference "Cuckoo" */ = {
			isa = XCRemoteSwiftPackageReference;
			repositoryURL = "https://github.com/Brightify/Cuckoo";
			requirement = {
				kind = exactVersion;
				version = 1.10.3;
			};
		};
/* End XCRemoteSwiftPackageReference section */

/* Begin XCSwiftPackageProductDependency section */
		F3B59ABA2B0AC62E00E421BD /* RxBlocking */ = {
			isa = XCSwiftPackageProductDependency;
			package = F3B59AB92B0AC62E00E421BD /* XCRemoteSwiftPackageReference "RxSwift" */;
			productName = RxBlocking;
		};
		F3B59ABC2B0AC62E00E421BD /* RxCocoa */ = {
			isa = XCSwiftPackageProductDependency;
			package = F3B59AB92B0AC62E00E421BD /* XCRemoteSwiftPackageReference "RxSwift" */;
			productName = RxCocoa;
		};
		F3B59ABE2B0AC62E00E421BD /* RxRelay */ = {
			isa = XCSwiftPackageProductDependency;
			package = F3B59AB92B0AC62E00E421BD /* XCRemoteSwiftPackageReference "RxSwift" */;
			productName = RxRelay;
		};
		F3B59AC02B0AC62E00E421BD /* RxSwift */ = {
			isa = XCSwiftPackageProductDependency;
			package = F3B59AB92B0AC62E00E421BD /* XCRemoteSwiftPackageReference "RxSwift" */;
			productName = RxSwift;
		};
		F3B59AC22B0AC62E00E421BD /* RxTest */ = {
			isa = XCSwiftPackageProductDependency;
			package = F3B59AB92B0AC62E00E421BD /* XCRemoteSwiftPackageReference "RxSwift" */;
			productName = RxTest;
		};
		F3C7662C2B073106002DDAFC /* SDWebImage */ = {
			isa = XCSwiftPackageProductDependency;
			package = F3C7662B2B073106002DDAFC /* XCRemoteSwiftPackageReference "SDWebImage" */;
			productName = SDWebImage;
		};
		F3C7662F2B073118002DDAFC /* Swinject */ = {
			isa = XCSwiftPackageProductDependency;
			package = F3C7662E2B073118002DDAFC /* XCRemoteSwiftPackageReference "Swinject" */;
			productName = Swinject;
		};
		F3F0F2752B0ADB39004FCD05 /* SDWebImage */ = {
			isa = XCSwiftPackageProductDependency;
			package = F3C7662B2B073106002DDAFC /* XCRemoteSwiftPackageReference "SDWebImage" */;
			productName = SDWebImage;
		};
		F3F0F2872B0AE0FA004FCD05 /* Cuckoo */ = {
			isa = XCSwiftPackageProductDependency;
			package = F3F0F2862B0AE0FA004FCD05 /* XCRemoteSwiftPackageReference "Cuckoo" */;
			productName = Cuckoo;
		};
/* End XCSwiftPackageProductDependency section */

/* Begin XCVersionGroup section */
		F3C765E82B071AB3002DDAFC /* TestsExample.xcdatamodeld */ = {
			isa = XCVersionGroup;
			children = (
				F3C765E92B071AB3002DDAFC /* TestsExample.xcdatamodel */,
			);
			currentVersion = F3C765E92B071AB3002DDAFC /* TestsExample.xcdatamodel */;
			path = TestsExample.xcdatamodeld;
			sourceTree = "<group>";
			versionGroupType = wrapper.xcdatamodel;
		};
/* End XCVersionGroup section */
	};
	rootObject = F3C765D42B071AB3002DDAFC /* Project object */;
}
